
Microsoft Visual Studio Solution File, Format Version 12.00
# Visual Studio 14
VisualStudioVersion = 14.0.25420.1
MinimumVisualStudioVersion = 10.0.40219.1
Project("{2150E333-8FDC-42A3-9474-1A3956D46DE8}") = "Solution Items", "Solution Items", "{C3722C9B-9DC3-4912-9E4A-333A3E16FAAF}"
	ProjectSection(SolutionItems) = preProject
		Documentation.txt = Documentation.txt
	EndProjectSection
EndProject
Project("{FAE04EC0-301F-11D3-BF4B-00C04F79EFBC}") = "ApartmentApps.Tests", "ApartmentApps.Tests\ApartmentApps.Tests.csproj", "{AD9187BB-8707-49EF-B0AB-E39D55F84AA0}"
EndProject
Project("{FAE04EC0-301F-11D3-BF4B-00C04F79EFBC}") = "Entrata.Client", "Entrata.Client\Entrata.Client.csproj", "{A8CD4A6F-7D69-49A6-A4A8-D199DDC6E490}"
EndProject
Project("{FAE04EC0-301F-11D3-BF4B-00C04F79EFBC}") = "ApartmentApps.Data", "ApartmentApps.Data\ApartmentApps.Data.csproj", "{69A819D5-3037-4E56-90E4-A9EDFF41B88A}"
EndProject
Project("{FAE04EC0-301F-11D3-BF4B-00C04F79EFBC}") = "ApartmentApps.Api", "ApartmentApps.Api\ApartmentApps.Api.csproj", "{81C38E8C-036A-43FA-92C5-446BBCE6E656}"
EndProject
Project("{FAE04EC0-301F-11D3-BF4B-00C04F79EFBC}") = "ApartmentApps.Portal", "ApartmentApps.Portal\ApartmentApps.Portal.csproj", "{FA9F282F-5BEA-4035-8C41-4FF8DDF24517}"
EndProject
Project("{FAE04EC0-301F-11D3-BF4B-00C04F79EFBC}") = "ApartmentApps.IoC", "ApartmentApps.IoC\ApartmentApps.IoC.csproj", "{A7A41793-D1A8-4FF3-BAFD-207C43E73F32}"
EndProject
Project("{FAE04EC0-301F-11D3-BF4B-00C04F79EFBC}") = "ApartmentApps.Forms", "ApartmentApps.Forms\ApartmentApps.Forms.csproj", "{E3722B2C-0EE1-4359-89D2-CD78BDDD59C7}"
EndProject
Project("{FAE04EC0-301F-11D3-BF4B-00C04F79EFBC}") = "ApartmentApps.Jobs", "ApartmentApps.Jobs\ApartmentApps.Jobs.csproj", "{5598F2AA-3792-47FC-A890-0200E1BA2558}"
EndProject
Project("{FAE04EC0-301F-11D3-BF4B-00C04F79EFBC}") = "ApartmentApps.Payments.Forte", "ApartmentApps.Payments.Forte\ApartmentApps.Payments.Forte.csproj", "{37CB1883-4CF9-4AC2-91E4-036D806657F2}"
EndProject
Project("{FAE04EC0-301F-11D3-BF4B-00C04F79EFBC}") = "ApartmentApps.Modules.Payments", "ApartmentApps.Modules.Payments\ApartmentApps.Modules.Payments.csproj", "{CC299297-365F-4643-A0B8-316C788A4EF7}"
EndProject
Project("{FAE04EC0-301F-11D3-BF4B-00C04F79EFBC}") = "ApartmentApps.Modules.Maintenance", "ApartmentApps.Modules.Maintenance\ApartmentApps.Modules.Maintenance.csproj", "{CFDCC102-7E3C-4E49-B438-ADE9D48F6615}"
EndProject
Project("{FAE04EC0-301F-11D3-BF4B-00C04F79EFBC}") = "ApartmentApps.Modules.CourtesyOfficer", "ApartmentApps.Modules.CourtesyOfficer\ApartmentApps.Modules.CourtesyOfficer.csproj", "{62C439C3-12AF-48C9-B7B2-84BC16893027}"
EndProject
Project("{FAE04EC0-301F-11D3-BF4B-00C04F79EFBC}") = "ApartmentApps.Modules.Messaging", "ApartmentApps.Modules.Messaging\ApartmentApps.Modules.Messaging.csproj", "{D1766F08-A347-4694-97CF-8AAA5749B6B2}"
EndProject
Project("{FAE04EC0-301F-11D3-BF4B-00C04F79EFBC}") = "ApartmentApps.Modules.Entrata", "ApartmentApps.Modules.Entrata\ApartmentApps.Modules.Entrata.csproj", "{903C7CD3-93D3-46D3-993B-FA40EEA0BF93}"
EndProject
Project("{FAE04EC0-301F-11D3-BF4B-00C04F79EFBC}") = "ApartmentApps.Modules.Yardi", "ApartmentApps.Modules.Yardi\ApartmentApps.Modules.Yardi.csproj", "{3227FEA6-40AB-4E1B-A371-B9FB08F6FA57}"
EndProject
Project("{FAE04EC0-301F-11D3-BF4B-00C04F79EFBC}") = "ApartmentApps.Modules.Alerts", "ApartmentApps.Modules.Alerts\ApartmentApps.Modules.Alerts.csproj", "{0E9D236A-18F7-46A1-A591-418D14EEE0A3}"
EndProject
Project("{FAE04EC0-301F-11D3-BF4B-00C04F79EFBC}") = "ApartmentApps.Modules.Inspections", "ApartmentApps.Modules.Inspections\ApartmentApps.Modules.Inspections.csproj", "{11EBF4C6-4475-47DD-9008-0DE0607DD723}"
EndProject
Project("{FAE04EC0-301F-11D3-BF4B-00C04F79EFBC}") = "ApartmentApps.Modules.Prospect", "ApartmentApps.Modules.Prospect\ApartmentApps.Modules.Prospect.csproj", "{4B09DC69-8A16-4029-B5DA-0E494451F9BF}"
EndProject
Project("{2150E333-8FDC-42A3-9474-1A3956D46DE8}") = "NewFolder1", "NewFolder1", "{BC7D3E97-5FFD-4625-AB45-BE76FCF7633D}"
EndProject
Global
	GlobalSection(SolutionConfigurationPlatforms) = preSolution
		Debug|Any CPU = Debug|Any CPU
		Debug|ARM = Debug|ARM
		Debug|iPhone = Debug|iPhone
		Debug|iPhoneSimulator = Debug|iPhoneSimulator
		Debug|x86 = Debug|x86
		Release|Any CPU = Release|Any CPU
		Release|ARM = Release|ARM
		Release|iPhone = Release|iPhone
		Release|iPhoneSimulator = Release|iPhoneSimulator
		Release|x86 = Release|x86
		Test|Any CPU = Test|Any CPU
		Test|ARM = Test|ARM
		Test|iPhone = Test|iPhone
		Test|iPhoneSimulator = Test|iPhoneSimulator
		Test|x86 = Test|x86
	EndGlobalSection
	GlobalSection(ProjectConfigurationPlatforms) = postSolution
		{AD9187BB-8707-49EF-B0AB-E39D55F84AA0}.Debug|Any CPU.ActiveCfg = Debug|Any CPU
		{AD9187BB-8707-49EF-B0AB-E39D55F84AA0}.Debug|Any CPU.Build.0 = Debug|Any CPU
		{AD9187BB-8707-49EF-B0AB-E39D55F84AA0}.Debug|ARM.ActiveCfg = Debug|Any CPU
		{AD9187BB-8707-49EF-B0AB-E39D55F84AA0}.Debug|ARM.Build.0 = Debug|Any CPU
		{AD9187BB-8707-49EF-B0AB-E39D55F84AA0}.Debug|iPhone.ActiveCfg = Debug|Any CPU
		{AD9187BB-8707-49EF-B0AB-E39D55F84AA0}.Debug|iPhone.Build.0 = Debug|Any CPU
		{AD9187BB-8707-49EF-B0AB-E39D55F84AA0}.Debug|iPhoneSimulator.ActiveCfg = Debug|Any CPU
		{AD9187BB-8707-49EF-B0AB-E39D55F84AA0}.Debug|iPhoneSimulator.Build.0 = Debug|Any CPU
		{AD9187BB-8707-49EF-B0AB-E39D55F84AA0}.Debug|x86.ActiveCfg = Debug|Any CPU
		{AD9187BB-8707-49EF-B0AB-E39D55F84AA0}.Debug|x86.Build.0 = Debug|Any CPU
		{AD9187BB-8707-49EF-B0AB-E39D55F84AA0}.Release|Any CPU.ActiveCfg = Release|Any CPU
		{AD9187BB-8707-49EF-B0AB-E39D55F84AA0}.Release|Any CPU.Build.0 = Release|Any CPU
		{AD9187BB-8707-49EF-B0AB-E39D55F84AA0}.Release|ARM.ActiveCfg = Release|Any CPU
		{AD9187BB-8707-49EF-B0AB-E39D55F84AA0}.Release|ARM.Build.0 = Release|Any CPU
		{AD9187BB-8707-49EF-B0AB-E39D55F84AA0}.Release|iPhone.ActiveCfg = Release|Any CPU
		{AD9187BB-8707-49EF-B0AB-E39D55F84AA0}.Release|iPhone.Build.0 = Release|Any CPU
		{AD9187BB-8707-49EF-B0AB-E39D55F84AA0}.Release|iPhoneSimulator.ActiveCfg = Release|Any CPU
		{AD9187BB-8707-49EF-B0AB-E39D55F84AA0}.Release|iPhoneSimulator.Build.0 = Release|Any CPU
		{AD9187BB-8707-49EF-B0AB-E39D55F84AA0}.Release|x86.ActiveCfg = Release|Any CPU
		{AD9187BB-8707-49EF-B0AB-E39D55F84AA0}.Release|x86.Build.0 = Release|Any CPU
		{AD9187BB-8707-49EF-B0AB-E39D55F84AA0}.Test|Any CPU.ActiveCfg = Test|Any CPU
		{AD9187BB-8707-49EF-B0AB-E39D55F84AA0}.Test|Any CPU.Build.0 = Test|Any CPU
		{AD9187BB-8707-49EF-B0AB-E39D55F84AA0}.Test|ARM.ActiveCfg = Test|Any CPU
		{AD9187BB-8707-49EF-B0AB-E39D55F84AA0}.Test|ARM.Build.0 = Test|Any CPU
		{AD9187BB-8707-49EF-B0AB-E39D55F84AA0}.Test|iPhone.ActiveCfg = Test|Any CPU
		{AD9187BB-8707-49EF-B0AB-E39D55F84AA0}.Test|iPhone.Build.0 = Test|Any CPU
		{AD9187BB-8707-49EF-B0AB-E39D55F84AA0}.Test|iPhoneSimulator.ActiveCfg = Test|Any CPU
		{AD9187BB-8707-49EF-B0AB-E39D55F84AA0}.Test|iPhoneSimulator.Build.0 = Test|Any CPU
		{AD9187BB-8707-49EF-B0AB-E39D55F84AA0}.Test|x86.ActiveCfg = Test|Any CPU
		{AD9187BB-8707-49EF-B0AB-E39D55F84AA0}.Test|x86.Build.0 = Test|Any CPU
		{A8CD4A6F-7D69-49A6-A4A8-D199DDC6E490}.Debug|Any CPU.ActiveCfg = Debug|Any CPU
		{A8CD4A6F-7D69-49A6-A4A8-D199DDC6E490}.Debug|Any CPU.Build.0 = Debug|Any CPU
		{A8CD4A6F-7D69-49A6-A4A8-D199DDC6E490}.Debug|ARM.ActiveCfg = Debug|Any CPU
		{A8CD4A6F-7D69-49A6-A4A8-D199DDC6E490}.Debug|ARM.Build.0 = Debug|Any CPU
		{A8CD4A6F-7D69-49A6-A4A8-D199DDC6E490}.Debug|iPhone.ActiveCfg = Debug|Any CPU
		{A8CD4A6F-7D69-49A6-A4A8-D199DDC6E490}.Debug|iPhone.Build.0 = Debug|Any CPU
		{A8CD4A6F-7D69-49A6-A4A8-D199DDC6E490}.Debug|iPhoneSimulator.ActiveCfg = Debug|Any CPU
		{A8CD4A6F-7D69-49A6-A4A8-D199DDC6E490}.Debug|iPhoneSimulator.Build.0 = Debug|Any CPU
		{A8CD4A6F-7D69-49A6-A4A8-D199DDC6E490}.Debug|x86.ActiveCfg = Debug|Any CPU
		{A8CD4A6F-7D69-49A6-A4A8-D199DDC6E490}.Debug|x86.Build.0 = Debug|Any CPU
		{A8CD4A6F-7D69-49A6-A4A8-D199DDC6E490}.Release|Any CPU.ActiveCfg = Release|Any CPU
		{A8CD4A6F-7D69-49A6-A4A8-D199DDC6E490}.Release|Any CPU.Build.0 = Release|Any CPU
		{A8CD4A6F-7D69-49A6-A4A8-D199DDC6E490}.Release|ARM.ActiveCfg = Release|Any CPU
		{A8CD4A6F-7D69-49A6-A4A8-D199DDC6E490}.Release|ARM.Build.0 = Release|Any CPU
		{A8CD4A6F-7D69-49A6-A4A8-D199DDC6E490}.Release|iPhone.ActiveCfg = Release|Any CPU
		{A8CD4A6F-7D69-49A6-A4A8-D199DDC6E490}.Release|iPhone.Build.0 = Release|Any CPU
		{A8CD4A6F-7D69-49A6-A4A8-D199DDC6E490}.Release|iPhoneSimulator.ActiveCfg = Release|Any CPU
		{A8CD4A6F-7D69-49A6-A4A8-D199DDC6E490}.Release|iPhoneSimulator.Build.0 = Release|Any CPU
		{A8CD4A6F-7D69-49A6-A4A8-D199DDC6E490}.Release|x86.ActiveCfg = Release|Any CPU
		{A8CD4A6F-7D69-49A6-A4A8-D199DDC6E490}.Release|x86.Build.0 = Release|Any CPU
		{A8CD4A6F-7D69-49A6-A4A8-D199DDC6E490}.Test|Any CPU.ActiveCfg = Test|Any CPU
		{A8CD4A6F-7D69-49A6-A4A8-D199DDC6E490}.Test|Any CPU.Build.0 = Test|Any CPU
		{A8CD4A6F-7D69-49A6-A4A8-D199DDC6E490}.Test|ARM.ActiveCfg = Test|Any CPU
		{A8CD4A6F-7D69-49A6-A4A8-D199DDC6E490}.Test|ARM.Build.0 = Test|Any CPU
		{A8CD4A6F-7D69-49A6-A4A8-D199DDC6E490}.Test|iPhone.ActiveCfg = Test|Any CPU
		{A8CD4A6F-7D69-49A6-A4A8-D199DDC6E490}.Test|iPhone.Build.0 = Test|Any CPU
		{A8CD4A6F-7D69-49A6-A4A8-D199DDC6E490}.Test|iPhoneSimulator.ActiveCfg = Test|Any CPU
		{A8CD4A6F-7D69-49A6-A4A8-D199DDC6E490}.Test|iPhoneSimulator.Build.0 = Test|Any CPU
		{A8CD4A6F-7D69-49A6-A4A8-D199DDC6E490}.Test|x86.ActiveCfg = Test|Any CPU
		{A8CD4A6F-7D69-49A6-A4A8-D199DDC6E490}.Test|x86.Build.0 = Test|Any CPU
		{69A819D5-3037-4E56-90E4-A9EDFF41B88A}.Debug|Any CPU.ActiveCfg = Debug|Any CPU
		{69A819D5-3037-4E56-90E4-A9EDFF41B88A}.Debug|Any CPU.Build.0 = Debug|Any CPU
		{69A819D5-3037-4E56-90E4-A9EDFF41B88A}.Debug|ARM.ActiveCfg = Debug|Any CPU
		{69A819D5-3037-4E56-90E4-A9EDFF41B88A}.Debug|ARM.Build.0 = Debug|Any CPU
		{69A819D5-3037-4E56-90E4-A9EDFF41B88A}.Debug|iPhone.ActiveCfg = Debug|Any CPU
		{69A819D5-3037-4E56-90E4-A9EDFF41B88A}.Debug|iPhone.Build.0 = Debug|Any CPU
		{69A819D5-3037-4E56-90E4-A9EDFF41B88A}.Debug|iPhoneSimulator.ActiveCfg = Debug|Any CPU
		{69A819D5-3037-4E56-90E4-A9EDFF41B88A}.Debug|iPhoneSimulator.Build.0 = Debug|Any CPU
		{69A819D5-3037-4E56-90E4-A9EDFF41B88A}.Debug|x86.ActiveCfg = Debug|Any CPU
		{69A819D5-3037-4E56-90E4-A9EDFF41B88A}.Debug|x86.Build.0 = Debug|Any CPU
		{69A819D5-3037-4E56-90E4-A9EDFF41B88A}.Release|Any CPU.ActiveCfg = Release|Any CPU
		{69A819D5-3037-4E56-90E4-A9EDFF41B88A}.Release|Any CPU.Build.0 = Release|Any CPU
		{69A819D5-3037-4E56-90E4-A9EDFF41B88A}.Release|ARM.ActiveCfg = Release|Any CPU
		{69A819D5-3037-4E56-90E4-A9EDFF41B88A}.Release|ARM.Build.0 = Release|Any CPU
		{69A819D5-3037-4E56-90E4-A9EDFF41B88A}.Release|iPhone.ActiveCfg = Release|Any CPU
		{69A819D5-3037-4E56-90E4-A9EDFF41B88A}.Release|iPhone.Build.0 = Release|Any CPU
		{69A819D5-3037-4E56-90E4-A9EDFF41B88A}.Release|iPhoneSimulator.ActiveCfg = Release|Any CPU
		{69A819D5-3037-4E56-90E4-A9EDFF41B88A}.Release|iPhoneSimulator.Build.0 = Release|Any CPU
		{69A819D5-3037-4E56-90E4-A9EDFF41B88A}.Release|x86.ActiveCfg = Release|Any CPU
		{69A819D5-3037-4E56-90E4-A9EDFF41B88A}.Release|x86.Build.0 = Release|Any CPU
		{69A819D5-3037-4E56-90E4-A9EDFF41B88A}.Test|Any CPU.ActiveCfg = Test|Any CPU
		{69A819D5-3037-4E56-90E4-A9EDFF41B88A}.Test|Any CPU.Build.0 = Test|Any CPU
		{69A819D5-3037-4E56-90E4-A9EDFF41B88A}.Test|ARM.ActiveCfg = Test|Any CPU
		{69A819D5-3037-4E56-90E4-A9EDFF41B88A}.Test|ARM.Build.0 = Test|Any CPU
		{69A819D5-3037-4E56-90E4-A9EDFF41B88A}.Test|iPhone.ActiveCfg = Test|Any CPU
		{69A819D5-3037-4E56-90E4-A9EDFF41B88A}.Test|iPhone.Build.0 = Test|Any CPU
		{69A819D5-3037-4E56-90E4-A9EDFF41B88A}.Test|iPhoneSimulator.ActiveCfg = Test|Any CPU
		{69A819D5-3037-4E56-90E4-A9EDFF41B88A}.Test|iPhoneSimulator.Build.0 = Test|Any CPU
		{69A819D5-3037-4E56-90E4-A9EDFF41B88A}.Test|x86.ActiveCfg = Test|Any CPU
		{69A819D5-3037-4E56-90E4-A9EDFF41B88A}.Test|x86.Build.0 = Test|Any CPU
		{81C38E8C-036A-43FA-92C5-446BBCE6E656}.Debug|Any CPU.ActiveCfg = Debug|Any CPU
		{81C38E8C-036A-43FA-92C5-446BBCE6E656}.Debug|Any CPU.Build.0 = Debug|Any CPU
		{81C38E8C-036A-43FA-92C5-446BBCE6E656}.Debug|ARM.ActiveCfg = Debug|Any CPU
		{81C38E8C-036A-43FA-92C5-446BBCE6E656}.Debug|ARM.Build.0 = Debug|Any CPU
		{81C38E8C-036A-43FA-92C5-446BBCE6E656}.Debug|iPhone.ActiveCfg = Debug|Any CPU
		{81C38E8C-036A-43FA-92C5-446BBCE6E656}.Debug|iPhone.Build.0 = Debug|Any CPU
		{81C38E8C-036A-43FA-92C5-446BBCE6E656}.Debug|iPhoneSimulator.ActiveCfg = Debug|Any CPU
		{81C38E8C-036A-43FA-92C5-446BBCE6E656}.Debug|iPhoneSimulator.Build.0 = Debug|Any CPU
		{81C38E8C-036A-43FA-92C5-446BBCE6E656}.Debug|x86.ActiveCfg = Debug|Any CPU
		{81C38E8C-036A-43FA-92C5-446BBCE6E656}.Debug|x86.Build.0 = Debug|Any CPU
		{81C38E8C-036A-43FA-92C5-446BBCE6E656}.Release|Any CPU.ActiveCfg = Release|Any CPU
		{81C38E8C-036A-43FA-92C5-446BBCE6E656}.Release|Any CPU.Build.0 = Release|Any CPU
		{81C38E8C-036A-43FA-92C5-446BBCE6E656}.Release|ARM.ActiveCfg = Release|Any CPU
		{81C38E8C-036A-43FA-92C5-446BBCE6E656}.Release|ARM.Build.0 = Release|Any CPU
		{81C38E8C-036A-43FA-92C5-446BBCE6E656}.Release|iPhone.ActiveCfg = Release|Any CPU
		{81C38E8C-036A-43FA-92C5-446BBCE6E656}.Release|iPhone.Build.0 = Release|Any CPU
		{81C38E8C-036A-43FA-92C5-446BBCE6E656}.Release|iPhoneSimulator.ActiveCfg = Release|Any CPU
		{81C38E8C-036A-43FA-92C5-446BBCE6E656}.Release|iPhoneSimulator.Build.0 = Release|Any CPU
		{81C38E8C-036A-43FA-92C5-446BBCE6E656}.Release|x86.ActiveCfg = Release|Any CPU
		{81C38E8C-036A-43FA-92C5-446BBCE6E656}.Release|x86.Build.0 = Release|Any CPU
		{81C38E8C-036A-43FA-92C5-446BBCE6E656}.Test|Any CPU.ActiveCfg = Test|Any CPU
		{81C38E8C-036A-43FA-92C5-446BBCE6E656}.Test|Any CPU.Build.0 = Test|Any CPU
		{81C38E8C-036A-43FA-92C5-446BBCE6E656}.Test|ARM.ActiveCfg = Test|Any CPU
		{81C38E8C-036A-43FA-92C5-446BBCE6E656}.Test|ARM.Build.0 = Test|Any CPU
		{81C38E8C-036A-43FA-92C5-446BBCE6E656}.Test|iPhone.ActiveCfg = Test|Any CPU
		{81C38E8C-036A-43FA-92C5-446BBCE6E656}.Test|iPhone.Build.0 = Test|Any CPU
		{81C38E8C-036A-43FA-92C5-446BBCE6E656}.Test|iPhoneSimulator.ActiveCfg = Test|Any CPU
		{81C38E8C-036A-43FA-92C5-446BBCE6E656}.Test|iPhoneSimulator.Build.0 = Test|Any CPU
		{81C38E8C-036A-43FA-92C5-446BBCE6E656}.Test|x86.ActiveCfg = Test|Any CPU
		{81C38E8C-036A-43FA-92C5-446BBCE6E656}.Test|x86.Build.0 = Test|Any CPU
		{FA9F282F-5BEA-4035-8C41-4FF8DDF24517}.Debug|Any CPU.ActiveCfg = Debug|Any CPU
		{FA9F282F-5BEA-4035-8C41-4FF8DDF24517}.Debug|Any CPU.Build.0 = Debug|Any CPU
		{FA9F282F-5BEA-4035-8C41-4FF8DDF24517}.Debug|ARM.ActiveCfg = Debug|Any CPU
		{FA9F282F-5BEA-4035-8C41-4FF8DDF24517}.Debug|ARM.Build.0 = Debug|Any CPU
		{FA9F282F-5BEA-4035-8C41-4FF8DDF24517}.Debug|iPhone.ActiveCfg = Debug|Any CPU
		{FA9F282F-5BEA-4035-8C41-4FF8DDF24517}.Debug|iPhone.Build.0 = Debug|Any CPU
		{FA9F282F-5BEA-4035-8C41-4FF8DDF24517}.Debug|iPhoneSimulator.ActiveCfg = Debug|Any CPU
		{FA9F282F-5BEA-4035-8C41-4FF8DDF24517}.Debug|iPhoneSimulator.Build.0 = Debug|Any CPU
		{FA9F282F-5BEA-4035-8C41-4FF8DDF24517}.Debug|x86.ActiveCfg = Debug|Any CPU
		{FA9F282F-5BEA-4035-8C41-4FF8DDF24517}.Debug|x86.Build.0 = Debug|Any CPU
		{FA9F282F-5BEA-4035-8C41-4FF8DDF24517}.Release|Any CPU.ActiveCfg = Release|Any CPU
		{FA9F282F-5BEA-4035-8C41-4FF8DDF24517}.Release|Any CPU.Build.0 = Release|Any CPU
		{FA9F282F-5BEA-4035-8C41-4FF8DDF24517}.Release|ARM.ActiveCfg = Release|Any CPU
		{FA9F282F-5BEA-4035-8C41-4FF8DDF24517}.Release|ARM.Build.0 = Release|Any CPU
		{FA9F282F-5BEA-4035-8C41-4FF8DDF24517}.Release|iPhone.ActiveCfg = Release|Any CPU
		{FA9F282F-5BEA-4035-8C41-4FF8DDF24517}.Release|iPhone.Build.0 = Release|Any CPU
		{FA9F282F-5BEA-4035-8C41-4FF8DDF24517}.Release|iPhoneSimulator.ActiveCfg = Release|Any CPU
		{FA9F282F-5BEA-4035-8C41-4FF8DDF24517}.Release|iPhoneSimulator.Build.0 = Release|Any CPU
		{FA9F282F-5BEA-4035-8C41-4FF8DDF24517}.Release|x86.ActiveCfg = Release|Any CPU
		{FA9F282F-5BEA-4035-8C41-4FF8DDF24517}.Release|x86.Build.0 = Release|Any CPU
		{FA9F282F-5BEA-4035-8C41-4FF8DDF24517}.Test|Any CPU.ActiveCfg = Test|Any CPU
		{FA9F282F-5BEA-4035-8C41-4FF8DDF24517}.Test|Any CPU.Build.0 = Test|Any CPU
		{FA9F282F-5BEA-4035-8C41-4FF8DDF24517}.Test|ARM.ActiveCfg = Test|Any CPU
		{FA9F282F-5BEA-4035-8C41-4FF8DDF24517}.Test|ARM.Build.0 = Test|Any CPU
		{FA9F282F-5BEA-4035-8C41-4FF8DDF24517}.Test|iPhone.ActiveCfg = Test|Any CPU
		{FA9F282F-5BEA-4035-8C41-4FF8DDF24517}.Test|iPhone.Build.0 = Test|Any CPU
		{FA9F282F-5BEA-4035-8C41-4FF8DDF24517}.Test|iPhoneSimulator.ActiveCfg = Test|Any CPU
		{FA9F282F-5BEA-4035-8C41-4FF8DDF24517}.Test|iPhoneSimulator.Build.0 = Test|Any CPU
		{FA9F282F-5BEA-4035-8C41-4FF8DDF24517}.Test|x86.ActiveCfg = Test|Any CPU
		{FA9F282F-5BEA-4035-8C41-4FF8DDF24517}.Test|x86.Build.0 = Test|Any CPU
		{A7A41793-D1A8-4FF3-BAFD-207C43E73F32}.Debug|Any CPU.ActiveCfg = Debug|Any CPU
		{A7A41793-D1A8-4FF3-BAFD-207C43E73F32}.Debug|Any CPU.Build.0 = Debug|Any CPU
		{A7A41793-D1A8-4FF3-BAFD-207C43E73F32}.Debug|ARM.ActiveCfg = Debug|Any CPU
		{A7A41793-D1A8-4FF3-BAFD-207C43E73F32}.Debug|ARM.Build.0 = Debug|Any CPU
		{A7A41793-D1A8-4FF3-BAFD-207C43E73F32}.Debug|iPhone.ActiveCfg = Debug|Any CPU
		{A7A41793-D1A8-4FF3-BAFD-207C43E73F32}.Debug|iPhone.Build.0 = Debug|Any CPU
		{A7A41793-D1A8-4FF3-BAFD-207C43E73F32}.Debug|iPhoneSimulator.ActiveCfg = Debug|Any CPU
		{A7A41793-D1A8-4FF3-BAFD-207C43E73F32}.Debug|iPhoneSimulator.Build.0 = Debug|Any CPU
		{A7A41793-D1A8-4FF3-BAFD-207C43E73F32}.Debug|x86.ActiveCfg = Debug|Any CPU
		{A7A41793-D1A8-4FF3-BAFD-207C43E73F32}.Debug|x86.Build.0 = Debug|Any CPU
		{A7A41793-D1A8-4FF3-BAFD-207C43E73F32}.Release|Any CPU.ActiveCfg = Release|Any CPU
		{A7A41793-D1A8-4FF3-BAFD-207C43E73F32}.Release|Any CPU.Build.0 = Release|Any CPU
		{A7A41793-D1A8-4FF3-BAFD-207C43E73F32}.Release|ARM.ActiveCfg = Release|Any CPU
		{A7A41793-D1A8-4FF3-BAFD-207C43E73F32}.Release|ARM.Build.0 = Release|Any CPU
		{A7A41793-D1A8-4FF3-BAFD-207C43E73F32}.Release|iPhone.ActiveCfg = Release|Any CPU
		{A7A41793-D1A8-4FF3-BAFD-207C43E73F32}.Release|iPhone.Build.0 = Release|Any CPU
		{A7A41793-D1A8-4FF3-BAFD-207C43E73F32}.Release|iPhoneSimulator.ActiveCfg = Release|Any CPU
		{A7A41793-D1A8-4FF3-BAFD-207C43E73F32}.Release|iPhoneSimulator.Build.0 = Release|Any CPU
		{A7A41793-D1A8-4FF3-BAFD-207C43E73F32}.Release|x86.ActiveCfg = Release|Any CPU
		{A7A41793-D1A8-4FF3-BAFD-207C43E73F32}.Release|x86.Build.0 = Release|Any CPU
		{A7A41793-D1A8-4FF3-BAFD-207C43E73F32}.Test|Any CPU.ActiveCfg = Test|Any CPU
		{A7A41793-D1A8-4FF3-BAFD-207C43E73F32}.Test|Any CPU.Build.0 = Test|Any CPU
		{A7A41793-D1A8-4FF3-BAFD-207C43E73F32}.Test|ARM.ActiveCfg = Test|Any CPU
		{A7A41793-D1A8-4FF3-BAFD-207C43E73F32}.Test|ARM.Build.0 = Test|Any CPU
		{A7A41793-D1A8-4FF3-BAFD-207C43E73F32}.Test|iPhone.ActiveCfg = Test|Any CPU
		{A7A41793-D1A8-4FF3-BAFD-207C43E73F32}.Test|iPhone.Build.0 = Test|Any CPU
		{A7A41793-D1A8-4FF3-BAFD-207C43E73F32}.Test|iPhoneSimulator.ActiveCfg = Test|Any CPU
		{A7A41793-D1A8-4FF3-BAFD-207C43E73F32}.Test|iPhoneSimulator.Build.0 = Test|Any CPU
		{A7A41793-D1A8-4FF3-BAFD-207C43E73F32}.Test|x86.ActiveCfg = Test|Any CPU
		{A7A41793-D1A8-4FF3-BAFD-207C43E73F32}.Test|x86.Build.0 = Test|Any CPU
		{E3722B2C-0EE1-4359-89D2-CD78BDDD59C7}.Debug|Any CPU.ActiveCfg = Debug|Any CPU
		{E3722B2C-0EE1-4359-89D2-CD78BDDD59C7}.Debug|Any CPU.Build.0 = Debug|Any CPU
		{E3722B2C-0EE1-4359-89D2-CD78BDDD59C7}.Debug|ARM.ActiveCfg = Debug|Any CPU
		{E3722B2C-0EE1-4359-89D2-CD78BDDD59C7}.Debug|ARM.Build.0 = Debug|Any CPU
		{E3722B2C-0EE1-4359-89D2-CD78BDDD59C7}.Debug|iPhone.ActiveCfg = Debug|Any CPU
		{E3722B2C-0EE1-4359-89D2-CD78BDDD59C7}.Debug|iPhone.Build.0 = Debug|Any CPU
		{E3722B2C-0EE1-4359-89D2-CD78BDDD59C7}.Debug|iPhoneSimulator.ActiveCfg = Debug|Any CPU
		{E3722B2C-0EE1-4359-89D2-CD78BDDD59C7}.Debug|iPhoneSimulator.Build.0 = Debug|Any CPU
		{E3722B2C-0EE1-4359-89D2-CD78BDDD59C7}.Debug|x86.ActiveCfg = Debug|Any CPU
		{E3722B2C-0EE1-4359-89D2-CD78BDDD59C7}.Debug|x86.Build.0 = Debug|Any CPU
		{E3722B2C-0EE1-4359-89D2-CD78BDDD59C7}.Release|Any CPU.ActiveCfg = Release|Any CPU
		{E3722B2C-0EE1-4359-89D2-CD78BDDD59C7}.Release|Any CPU.Build.0 = Release|Any CPU
		{E3722B2C-0EE1-4359-89D2-CD78BDDD59C7}.Release|ARM.ActiveCfg = Release|Any CPU
		{E3722B2C-0EE1-4359-89D2-CD78BDDD59C7}.Release|ARM.Build.0 = Release|Any CPU
		{E3722B2C-0EE1-4359-89D2-CD78BDDD59C7}.Release|iPhone.ActiveCfg = Release|Any CPU
		{E3722B2C-0EE1-4359-89D2-CD78BDDD59C7}.Release|iPhone.Build.0 = Release|Any CPU
		{E3722B2C-0EE1-4359-89D2-CD78BDDD59C7}.Release|iPhoneSimulator.ActiveCfg = Release|Any CPU
		{E3722B2C-0EE1-4359-89D2-CD78BDDD59C7}.Release|iPhoneSimulator.Build.0 = Release|Any CPU
		{E3722B2C-0EE1-4359-89D2-CD78BDDD59C7}.Release|x86.ActiveCfg = Release|Any CPU
		{E3722B2C-0EE1-4359-89D2-CD78BDDD59C7}.Release|x86.Build.0 = Release|Any CPU
		{E3722B2C-0EE1-4359-89D2-CD78BDDD59C7}.Test|Any CPU.ActiveCfg = Test|Any CPU
		{E3722B2C-0EE1-4359-89D2-CD78BDDD59C7}.Test|Any CPU.Build.0 = Test|Any CPU
		{E3722B2C-0EE1-4359-89D2-CD78BDDD59C7}.Test|ARM.ActiveCfg = Test|Any CPU
		{E3722B2C-0EE1-4359-89D2-CD78BDDD59C7}.Test|ARM.Build.0 = Test|Any CPU
		{E3722B2C-0EE1-4359-89D2-CD78BDDD59C7}.Test|iPhone.ActiveCfg = Test|Any CPU
		{E3722B2C-0EE1-4359-89D2-CD78BDDD59C7}.Test|iPhone.Build.0 = Test|Any CPU
		{E3722B2C-0EE1-4359-89D2-CD78BDDD59C7}.Test|iPhoneSimulator.ActiveCfg = Test|Any CPU
		{E3722B2C-0EE1-4359-89D2-CD78BDDD59C7}.Test|iPhoneSimulator.Build.0 = Test|Any CPU
		{E3722B2C-0EE1-4359-89D2-CD78BDDD59C7}.Test|x86.ActiveCfg = Test|Any CPU
		{E3722B2C-0EE1-4359-89D2-CD78BDDD59C7}.Test|x86.Build.0 = Test|Any CPU
		{5598F2AA-3792-47FC-A890-0200E1BA2558}.Debug|Any CPU.ActiveCfg = Debug|Any CPU
		{5598F2AA-3792-47FC-A890-0200E1BA2558}.Debug|Any CPU.Build.0 = Debug|Any CPU
		{5598F2AA-3792-47FC-A890-0200E1BA2558}.Debug|ARM.ActiveCfg = Debug|Any CPU
		{5598F2AA-3792-47FC-A890-0200E1BA2558}.Debug|ARM.Build.0 = Debug|Any CPU
		{5598F2AA-3792-47FC-A890-0200E1BA2558}.Debug|iPhone.ActiveCfg = Debug|Any CPU
		{5598F2AA-3792-47FC-A890-0200E1BA2558}.Debug|iPhone.Build.0 = Debug|Any CPU
		{5598F2AA-3792-47FC-A890-0200E1BA2558}.Debug|iPhoneSimulator.ActiveCfg = Debug|Any CPU
		{5598F2AA-3792-47FC-A890-0200E1BA2558}.Debug|iPhoneSimulator.Build.0 = Debug|Any CPU
		{5598F2AA-3792-47FC-A890-0200E1BA2558}.Debug|x86.ActiveCfg = Debug|Any CPU
		{5598F2AA-3792-47FC-A890-0200E1BA2558}.Debug|x86.Build.0 = Debug|Any CPU
		{5598F2AA-3792-47FC-A890-0200E1BA2558}.Release|Any CPU.ActiveCfg = Release|Any CPU
		{5598F2AA-3792-47FC-A890-0200E1BA2558}.Release|Any CPU.Build.0 = Release|Any CPU
		{5598F2AA-3792-47FC-A890-0200E1BA2558}.Release|ARM.ActiveCfg = Release|Any CPU
		{5598F2AA-3792-47FC-A890-0200E1BA2558}.Release|ARM.Build.0 = Release|Any CPU
		{5598F2AA-3792-47FC-A890-0200E1BA2558}.Release|iPhone.ActiveCfg = Release|Any CPU
		{5598F2AA-3792-47FC-A890-0200E1BA2558}.Release|iPhone.Build.0 = Release|Any CPU
		{5598F2AA-3792-47FC-A890-0200E1BA2558}.Release|iPhoneSimulator.ActiveCfg = Release|Any CPU
		{5598F2AA-3792-47FC-A890-0200E1BA2558}.Release|iPhoneSimulator.Build.0 = Release|Any CPU
		{5598F2AA-3792-47FC-A890-0200E1BA2558}.Release|x86.ActiveCfg = Release|Any CPU
		{5598F2AA-3792-47FC-A890-0200E1BA2558}.Release|x86.Build.0 = Release|Any CPU
		{5598F2AA-3792-47FC-A890-0200E1BA2558}.Test|Any CPU.ActiveCfg = Test|Any CPU
		{5598F2AA-3792-47FC-A890-0200E1BA2558}.Test|Any CPU.Build.0 = Test|Any CPU
		{5598F2AA-3792-47FC-A890-0200E1BA2558}.Test|ARM.ActiveCfg = Test|Any CPU
		{5598F2AA-3792-47FC-A890-0200E1BA2558}.Test|ARM.Build.0 = Test|Any CPU
		{5598F2AA-3792-47FC-A890-0200E1BA2558}.Test|iPhone.ActiveCfg = Test|Any CPU
		{5598F2AA-3792-47FC-A890-0200E1BA2558}.Test|iPhone.Build.0 = Test|Any CPU
		{5598F2AA-3792-47FC-A890-0200E1BA2558}.Test|iPhoneSimulator.ActiveCfg = Test|Any CPU
		{5598F2AA-3792-47FC-A890-0200E1BA2558}.Test|iPhoneSimulator.Build.0 = Test|Any CPU
		{5598F2AA-3792-47FC-A890-0200E1BA2558}.Test|x86.ActiveCfg = Test|Any CPU
		{5598F2AA-3792-47FC-A890-0200E1BA2558}.Test|x86.Build.0 = Test|Any CPU
		{37CB1883-4CF9-4AC2-91E4-036D806657F2}.Debug|Any CPU.ActiveCfg = Debug|Any CPU
		{37CB1883-4CF9-4AC2-91E4-036D806657F2}.Debug|Any CPU.Build.0 = Debug|Any CPU
		{37CB1883-4CF9-4AC2-91E4-036D806657F2}.Debug|ARM.ActiveCfg = Debug|Any CPU
		{37CB1883-4CF9-4AC2-91E4-036D806657F2}.Debug|ARM.Build.0 = Debug|Any CPU
		{37CB1883-4CF9-4AC2-91E4-036D806657F2}.Debug|iPhone.ActiveCfg = Debug|Any CPU
		{37CB1883-4CF9-4AC2-91E4-036D806657F2}.Debug|iPhone.Build.0 = Debug|Any CPU
		{37CB1883-4CF9-4AC2-91E4-036D806657F2}.Debug|iPhoneSimulator.ActiveCfg = Debug|Any CPU
		{37CB1883-4CF9-4AC2-91E4-036D806657F2}.Debug|iPhoneSimulator.Build.0 = Debug|Any CPU
		{37CB1883-4CF9-4AC2-91E4-036D806657F2}.Debug|x86.ActiveCfg = Debug|Any CPU
		{37CB1883-4CF9-4AC2-91E4-036D806657F2}.Debug|x86.Build.0 = Debug|Any CPU
		{37CB1883-4CF9-4AC2-91E4-036D806657F2}.Release|Any CPU.ActiveCfg = Release|Any CPU
		{37CB1883-4CF9-4AC2-91E4-036D806657F2}.Release|Any CPU.Build.0 = Release|Any CPU
		{37CB1883-4CF9-4AC2-91E4-036D806657F2}.Release|ARM.ActiveCfg = Release|Any CPU
		{37CB1883-4CF9-4AC2-91E4-036D806657F2}.Release|ARM.Build.0 = Release|Any CPU
		{37CB1883-4CF9-4AC2-91E4-036D806657F2}.Release|iPhone.ActiveCfg = Release|Any CPU
		{37CB1883-4CF9-4AC2-91E4-036D806657F2}.Release|iPhone.Build.0 = Release|Any CPU
		{37CB1883-4CF9-4AC2-91E4-036D806657F2}.Release|iPhoneSimulator.ActiveCfg = Release|Any CPU
		{37CB1883-4CF9-4AC2-91E4-036D806657F2}.Release|iPhoneSimulator.Build.0 = Release|Any CPU
		{37CB1883-4CF9-4AC2-91E4-036D806657F2}.Release|x86.ActiveCfg = Release|Any CPU
		{37CB1883-4CF9-4AC2-91E4-036D806657F2}.Release|x86.Build.0 = Release|Any CPU
		{37CB1883-4CF9-4AC2-91E4-036D806657F2}.Test|Any CPU.ActiveCfg = Test|Any CPU
		{37CB1883-4CF9-4AC2-91E4-036D806657F2}.Test|Any CPU.Build.0 = Test|Any CPU
		{37CB1883-4CF9-4AC2-91E4-036D806657F2}.Test|ARM.ActiveCfg = Test|Any CPU
		{37CB1883-4CF9-4AC2-91E4-036D806657F2}.Test|ARM.Build.0 = Test|Any CPU
		{37CB1883-4CF9-4AC2-91E4-036D806657F2}.Test|iPhone.ActiveCfg = Test|Any CPU
		{37CB1883-4CF9-4AC2-91E4-036D806657F2}.Test|iPhone.Build.0 = Test|Any CPU
		{37CB1883-4CF9-4AC2-91E4-036D806657F2}.Test|iPhoneSimulator.ActiveCfg = Test|Any CPU
		{37CB1883-4CF9-4AC2-91E4-036D806657F2}.Test|iPhoneSimulator.Build.0 = Test|Any CPU
		{37CB1883-4CF9-4AC2-91E4-036D806657F2}.Test|x86.ActiveCfg = Test|Any CPU
		{37CB1883-4CF9-4AC2-91E4-036D806657F2}.Test|x86.Build.0 = Test|Any CPU
		{CC299297-365F-4643-A0B8-316C788A4EF7}.Debug|Any CPU.ActiveCfg = Debug|Any CPU
		{CC299297-365F-4643-A0B8-316C788A4EF7}.Debug|Any CPU.Build.0 = Debug|Any CPU
		{CC299297-365F-4643-A0B8-316C788A4EF7}.Debug|ARM.ActiveCfg = Debug|Any CPU
		{CC299297-365F-4643-A0B8-316C788A4EF7}.Debug|ARM.Build.0 = Debug|Any CPU
		{CC299297-365F-4643-A0B8-316C788A4EF7}.Debug|iPhone.ActiveCfg = Debug|Any CPU
		{CC299297-365F-4643-A0B8-316C788A4EF7}.Debug|iPhone.Build.0 = Debug|Any CPU
		{CC299297-365F-4643-A0B8-316C788A4EF7}.Debug|iPhoneSimulator.ActiveCfg = Debug|Any CPU
		{CC299297-365F-4643-A0B8-316C788A4EF7}.Debug|iPhoneSimulator.Build.0 = Debug|Any CPU
		{CC299297-365F-4643-A0B8-316C788A4EF7}.Debug|x86.ActiveCfg = Debug|Any CPU
		{CC299297-365F-4643-A0B8-316C788A4EF7}.Debug|x86.Build.0 = Debug|Any CPU
		{CC299297-365F-4643-A0B8-316C788A4EF7}.Release|Any CPU.ActiveCfg = Release|Any CPU
		{CC299297-365F-4643-A0B8-316C788A4EF7}.Release|Any CPU.Build.0 = Release|Any CPU
		{CC299297-365F-4643-A0B8-316C788A4EF7}.Release|ARM.ActiveCfg = Release|Any CPU
		{CC299297-365F-4643-A0B8-316C788A4EF7}.Release|ARM.Build.0 = Release|Any CPU
		{CC299297-365F-4643-A0B8-316C788A4EF7}.Release|iPhone.ActiveCfg = Release|Any CPU
		{CC299297-365F-4643-A0B8-316C788A4EF7}.Release|iPhone.Build.0 = Release|Any CPU
		{CC299297-365F-4643-A0B8-316C788A4EF7}.Release|iPhoneSimulator.ActiveCfg = Release|Any CPU
		{CC299297-365F-4643-A0B8-316C788A4EF7}.Release|iPhoneSimulator.Build.0 = Release|Any CPU
		{CC299297-365F-4643-A0B8-316C788A4EF7}.Release|x86.ActiveCfg = Release|Any CPU
		{CC299297-365F-4643-A0B8-316C788A4EF7}.Release|x86.Build.0 = Release|Any CPU
		{CC299297-365F-4643-A0B8-316C788A4EF7}.Test|Any CPU.ActiveCfg = Test|Any CPU
		{CC299297-365F-4643-A0B8-316C788A4EF7}.Test|Any CPU.Build.0 = Test|Any CPU
		{CC299297-365F-4643-A0B8-316C788A4EF7}.Test|ARM.ActiveCfg = Test|Any CPU
		{CC299297-365F-4643-A0B8-316C788A4EF7}.Test|ARM.Build.0 = Test|Any CPU
		{CC299297-365F-4643-A0B8-316C788A4EF7}.Test|iPhone.ActiveCfg = Test|Any CPU
		{CC299297-365F-4643-A0B8-316C788A4EF7}.Test|iPhone.Build.0 = Test|Any CPU
		{CC299297-365F-4643-A0B8-316C788A4EF7}.Test|iPhoneSimulator.ActiveCfg = Test|Any CPU
		{CC299297-365F-4643-A0B8-316C788A4EF7}.Test|iPhoneSimulator.Build.0 = Test|Any CPU
		{CC299297-365F-4643-A0B8-316C788A4EF7}.Test|x86.ActiveCfg = Test|Any CPU
		{CC299297-365F-4643-A0B8-316C788A4EF7}.Test|x86.Build.0 = Test|Any CPU
		{CFDCC102-7E3C-4E49-B438-ADE9D48F6615}.Debug|Any CPU.ActiveCfg = Debug|Any CPU
		{CFDCC102-7E3C-4E49-B438-ADE9D48F6615}.Debug|Any CPU.Build.0 = Debug|Any CPU
		{CFDCC102-7E3C-4E49-B438-ADE9D48F6615}.Debug|ARM.ActiveCfg = Debug|Any CPU
		{CFDCC102-7E3C-4E49-B438-ADE9D48F6615}.Debug|ARM.Build.0 = Debug|Any CPU
		{CFDCC102-7E3C-4E49-B438-ADE9D48F6615}.Debug|iPhone.ActiveCfg = Debug|Any CPU
		{CFDCC102-7E3C-4E49-B438-ADE9D48F6615}.Debug|iPhone.Build.0 = Debug|Any CPU
		{CFDCC102-7E3C-4E49-B438-ADE9D48F6615}.Debug|iPhoneSimulator.ActiveCfg = Debug|Any CPU
		{CFDCC102-7E3C-4E49-B438-ADE9D48F6615}.Debug|iPhoneSimulator.Build.0 = Debug|Any CPU
		{CFDCC102-7E3C-4E49-B438-ADE9D48F6615}.Debug|x86.ActiveCfg = Debug|Any CPU
		{CFDCC102-7E3C-4E49-B438-ADE9D48F6615}.Debug|x86.Build.0 = Debug|Any CPU
		{CFDCC102-7E3C-4E49-B438-ADE9D48F6615}.Release|Any CPU.ActiveCfg = Release|Any CPU
		{CFDCC102-7E3C-4E49-B438-ADE9D48F6615}.Release|Any CPU.Build.0 = Release|Any CPU
		{CFDCC102-7E3C-4E49-B438-ADE9D48F6615}.Release|ARM.ActiveCfg = Release|Any CPU
		{CFDCC102-7E3C-4E49-B438-ADE9D48F6615}.Release|ARM.Build.0 = Release|Any CPU
		{CFDCC102-7E3C-4E49-B438-ADE9D48F6615}.Release|iPhone.ActiveCfg = Release|Any CPU
		{CFDCC102-7E3C-4E49-B438-ADE9D48F6615}.Release|iPhone.Build.0 = Release|Any CPU
		{CFDCC102-7E3C-4E49-B438-ADE9D48F6615}.Release|iPhoneSimulator.ActiveCfg = Release|Any CPU
		{CFDCC102-7E3C-4E49-B438-ADE9D48F6615}.Release|iPhoneSimulator.Build.0 = Release|Any CPU
		{CFDCC102-7E3C-4E49-B438-ADE9D48F6615}.Release|x86.ActiveCfg = Release|Any CPU
		{CFDCC102-7E3C-4E49-B438-ADE9D48F6615}.Release|x86.Build.0 = Release|Any CPU
		{CFDCC102-7E3C-4E49-B438-ADE9D48F6615}.Test|Any CPU.ActiveCfg = Test|Any CPU
		{CFDCC102-7E3C-4E49-B438-ADE9D48F6615}.Test|Any CPU.Build.0 = Test|Any CPU
		{CFDCC102-7E3C-4E49-B438-ADE9D48F6615}.Test|ARM.ActiveCfg = Test|Any CPU
		{CFDCC102-7E3C-4E49-B438-ADE9D48F6615}.Test|ARM.Build.0 = Test|Any CPU
		{CFDCC102-7E3C-4E49-B438-ADE9D48F6615}.Test|iPhone.ActiveCfg = Test|Any CPU
		{CFDCC102-7E3C-4E49-B438-ADE9D48F6615}.Test|iPhone.Build.0 = Test|Any CPU
		{CFDCC102-7E3C-4E49-B438-ADE9D48F6615}.Test|iPhoneSimulator.ActiveCfg = Test|Any CPU
		{CFDCC102-7E3C-4E49-B438-ADE9D48F6615}.Test|iPhoneSimulator.Build.0 = Test|Any CPU
		{CFDCC102-7E3C-4E49-B438-ADE9D48F6615}.Test|x86.ActiveCfg = Test|Any CPU
		{CFDCC102-7E3C-4E49-B438-ADE9D48F6615}.Test|x86.Build.0 = Test|Any CPU
		{62C439C3-12AF-48C9-B7B2-84BC16893027}.Debug|Any CPU.ActiveCfg = Debug|Any CPU
		{62C439C3-12AF-48C9-B7B2-84BC16893027}.Debug|Any CPU.Build.0 = Debug|Any CPU
		{62C439C3-12AF-48C9-B7B2-84BC16893027}.Debug|ARM.ActiveCfg = Debug|Any CPU
		{62C439C3-12AF-48C9-B7B2-84BC16893027}.Debug|ARM.Build.0 = Debug|Any CPU
		{62C439C3-12AF-48C9-B7B2-84BC16893027}.Debug|iPhone.ActiveCfg = Debug|Any CPU
		{62C439C3-12AF-48C9-B7B2-84BC16893027}.Debug|iPhone.Build.0 = Debug|Any CPU
		{62C439C3-12AF-48C9-B7B2-84BC16893027}.Debug|iPhoneSimulator.ActiveCfg = Debug|Any CPU
		{62C439C3-12AF-48C9-B7B2-84BC16893027}.Debug|iPhoneSimulator.Build.0 = Debug|Any CPU
		{62C439C3-12AF-48C9-B7B2-84BC16893027}.Debug|x86.ActiveCfg = Debug|Any CPU
		{62C439C3-12AF-48C9-B7B2-84BC16893027}.Debug|x86.Build.0 = Debug|Any CPU
		{62C439C3-12AF-48C9-B7B2-84BC16893027}.Release|Any CPU.ActiveCfg = Release|Any CPU
		{62C439C3-12AF-48C9-B7B2-84BC16893027}.Release|Any CPU.Build.0 = Release|Any CPU
		{62C439C3-12AF-48C9-B7B2-84BC16893027}.Release|ARM.ActiveCfg = Release|Any CPU
		{62C439C3-12AF-48C9-B7B2-84BC16893027}.Release|ARM.Build.0 = Release|Any CPU
		{62C439C3-12AF-48C9-B7B2-84BC16893027}.Release|iPhone.ActiveCfg = Release|Any CPU
		{62C439C3-12AF-48C9-B7B2-84BC16893027}.Release|iPhone.Build.0 = Release|Any CPU
		{62C439C3-12AF-48C9-B7B2-84BC16893027}.Release|iPhoneSimulator.ActiveCfg = Release|Any CPU
		{62C439C3-12AF-48C9-B7B2-84BC16893027}.Release|iPhoneSimulator.Build.0 = Release|Any CPU
		{62C439C3-12AF-48C9-B7B2-84BC16893027}.Release|x86.ActiveCfg = Release|Any CPU
		{62C439C3-12AF-48C9-B7B2-84BC16893027}.Release|x86.Build.0 = Release|Any CPU
		{62C439C3-12AF-48C9-B7B2-84BC16893027}.Test|Any CPU.ActiveCfg = Test|Any CPU
		{62C439C3-12AF-48C9-B7B2-84BC16893027}.Test|Any CPU.Build.0 = Test|Any CPU
		{62C439C3-12AF-48C9-B7B2-84BC16893027}.Test|ARM.ActiveCfg = Test|Any CPU
		{62C439C3-12AF-48C9-B7B2-84BC16893027}.Test|ARM.Build.0 = Test|Any CPU
		{62C439C3-12AF-48C9-B7B2-84BC16893027}.Test|iPhone.ActiveCfg = Test|Any CPU
		{62C439C3-12AF-48C9-B7B2-84BC16893027}.Test|iPhone.Build.0 = Test|Any CPU
		{62C439C3-12AF-48C9-B7B2-84BC16893027}.Test|iPhoneSimulator.ActiveCfg = Test|Any CPU
		{62C439C3-12AF-48C9-B7B2-84BC16893027}.Test|iPhoneSimulator.Build.0 = Test|Any CPU
		{62C439C3-12AF-48C9-B7B2-84BC16893027}.Test|x86.ActiveCfg = Test|Any CPU
		{62C439C3-12AF-48C9-B7B2-84BC16893027}.Test|x86.Build.0 = Test|Any CPU
		{D1766F08-A347-4694-97CF-8AAA5749B6B2}.Debug|Any CPU.ActiveCfg = Debug|Any CPU
		{D1766F08-A347-4694-97CF-8AAA5749B6B2}.Debug|Any CPU.Build.0 = Debug|Any CPU
		{D1766F08-A347-4694-97CF-8AAA5749B6B2}.Debug|ARM.ActiveCfg = Debug|Any CPU
		{D1766F08-A347-4694-97CF-8AAA5749B6B2}.Debug|ARM.Build.0 = Debug|Any CPU
		{D1766F08-A347-4694-97CF-8AAA5749B6B2}.Debug|iPhone.ActiveCfg = Debug|Any CPU
		{D1766F08-A347-4694-97CF-8AAA5749B6B2}.Debug|iPhone.Build.0 = Debug|Any CPU
		{D1766F08-A347-4694-97CF-8AAA5749B6B2}.Debug|iPhoneSimulator.ActiveCfg = Debug|Any CPU
		{D1766F08-A347-4694-97CF-8AAA5749B6B2}.Debug|iPhoneSimulator.Build.0 = Debug|Any CPU
		{D1766F08-A347-4694-97CF-8AAA5749B6B2}.Debug|x86.ActiveCfg = Debug|Any CPU
		{D1766F08-A347-4694-97CF-8AAA5749B6B2}.Debug|x86.Build.0 = Debug|Any CPU
		{D1766F08-A347-4694-97CF-8AAA5749B6B2}.Release|Any CPU.ActiveCfg = Release|Any CPU
		{D1766F08-A347-4694-97CF-8AAA5749B6B2}.Release|Any CPU.Build.0 = Release|Any CPU
		{D1766F08-A347-4694-97CF-8AAA5749B6B2}.Release|ARM.ActiveCfg = Release|Any CPU
		{D1766F08-A347-4694-97CF-8AAA5749B6B2}.Release|ARM.Build.0 = Release|Any CPU
		{D1766F08-A347-4694-97CF-8AAA5749B6B2}.Release|iPhone.ActiveCfg = Release|Any CPU
		{D1766F08-A347-4694-97CF-8AAA5749B6B2}.Release|iPhone.Build.0 = Release|Any CPU
		{D1766F08-A347-4694-97CF-8AAA5749B6B2}.Release|iPhoneSimulator.ActiveCfg = Release|Any CPU
		{D1766F08-A347-4694-97CF-8AAA5749B6B2}.Release|iPhoneSimulator.Build.0 = Release|Any CPU
		{D1766F08-A347-4694-97CF-8AAA5749B6B2}.Release|x86.ActiveCfg = Release|Any CPU
		{D1766F08-A347-4694-97CF-8AAA5749B6B2}.Release|x86.Build.0 = Release|Any CPU
		{D1766F08-A347-4694-97CF-8AAA5749B6B2}.Test|Any CPU.ActiveCfg = Test|Any CPU
		{D1766F08-A347-4694-97CF-8AAA5749B6B2}.Test|Any CPU.Build.0 = Test|Any CPU
		{D1766F08-A347-4694-97CF-8AAA5749B6B2}.Test|ARM.ActiveCfg = Test|Any CPU
		{D1766F08-A347-4694-97CF-8AAA5749B6B2}.Test|ARM.Build.0 = Test|Any CPU
		{D1766F08-A347-4694-97CF-8AAA5749B6B2}.Test|iPhone.ActiveCfg = Test|Any CPU
		{D1766F08-A347-4694-97CF-8AAA5749B6B2}.Test|iPhone.Build.0 = Test|Any CPU
		{D1766F08-A347-4694-97CF-8AAA5749B6B2}.Test|iPhoneSimulator.ActiveCfg = Test|Any CPU
		{D1766F08-A347-4694-97CF-8AAA5749B6B2}.Test|iPhoneSimulator.Build.0 = Test|Any CPU
		{D1766F08-A347-4694-97CF-8AAA5749B6B2}.Test|x86.ActiveCfg = Test|Any CPU
		{D1766F08-A347-4694-97CF-8AAA5749B6B2}.Test|x86.Build.0 = Test|Any CPU
		{903C7CD3-93D3-46D3-993B-FA40EEA0BF93}.Debug|Any CPU.ActiveCfg = Debug|Any CPU
		{903C7CD3-93D3-46D3-993B-FA40EEA0BF93}.Debug|Any CPU.Build.0 = Debug|Any CPU
		{903C7CD3-93D3-46D3-993B-FA40EEA0BF93}.Debug|ARM.ActiveCfg = Debug|Any CPU
		{903C7CD3-93D3-46D3-993B-FA40EEA0BF93}.Debug|ARM.Build.0 = Debug|Any CPU
		{903C7CD3-93D3-46D3-993B-FA40EEA0BF93}.Debug|iPhone.ActiveCfg = Debug|Any CPU
		{903C7CD3-93D3-46D3-993B-FA40EEA0BF93}.Debug|iPhone.Build.0 = Debug|Any CPU
		{903C7CD3-93D3-46D3-993B-FA40EEA0BF93}.Debug|iPhoneSimulator.ActiveCfg = Debug|Any CPU
		{903C7CD3-93D3-46D3-993B-FA40EEA0BF93}.Debug|iPhoneSimulator.Build.0 = Debug|Any CPU
		{903C7CD3-93D3-46D3-993B-FA40EEA0BF93}.Debug|x86.ActiveCfg = Debug|Any CPU
		{903C7CD3-93D3-46D3-993B-FA40EEA0BF93}.Debug|x86.Build.0 = Debug|Any CPU
		{903C7CD3-93D3-46D3-993B-FA40EEA0BF93}.Release|Any CPU.ActiveCfg = Release|Any CPU
		{903C7CD3-93D3-46D3-993B-FA40EEA0BF93}.Release|Any CPU.Build.0 = Release|Any CPU
		{903C7CD3-93D3-46D3-993B-FA40EEA0BF93}.Release|ARM.ActiveCfg = Release|Any CPU
		{903C7CD3-93D3-46D3-993B-FA40EEA0BF93}.Release|ARM.Build.0 = Release|Any CPU
		{903C7CD3-93D3-46D3-993B-FA40EEA0BF93}.Release|iPhone.ActiveCfg = Release|Any CPU
		{903C7CD3-93D3-46D3-993B-FA40EEA0BF93}.Release|iPhone.Build.0 = Release|Any CPU
		{903C7CD3-93D3-46D3-993B-FA40EEA0BF93}.Release|iPhoneSimulator.ActiveCfg = Release|Any CPU
		{903C7CD3-93D3-46D3-993B-FA40EEA0BF93}.Release|iPhoneSimulator.Build.0 = Release|Any CPU
		{903C7CD3-93D3-46D3-993B-FA40EEA0BF93}.Release|x86.ActiveCfg = Release|Any CPU
		{903C7CD3-93D3-46D3-993B-FA40EEA0BF93}.Release|x86.Build.0 = Release|Any CPU
		{903C7CD3-93D3-46D3-993B-FA40EEA0BF93}.Test|Any CPU.ActiveCfg = Test|Any CPU
		{903C7CD3-93D3-46D3-993B-FA40EEA0BF93}.Test|Any CPU.Build.0 = Test|Any CPU
		{903C7CD3-93D3-46D3-993B-FA40EEA0BF93}.Test|ARM.ActiveCfg = Test|Any CPU
		{903C7CD3-93D3-46D3-993B-FA40EEA0BF93}.Test|ARM.Build.0 = Test|Any CPU
		{903C7CD3-93D3-46D3-993B-FA40EEA0BF93}.Test|iPhone.ActiveCfg = Test|Any CPU
		{903C7CD3-93D3-46D3-993B-FA40EEA0BF93}.Test|iPhone.Build.0 = Test|Any CPU
		{903C7CD3-93D3-46D3-993B-FA40EEA0BF93}.Test|iPhoneSimulator.ActiveCfg = Test|Any CPU
		{903C7CD3-93D3-46D3-993B-FA40EEA0BF93}.Test|iPhoneSimulator.Build.0 = Test|Any CPU
		{903C7CD3-93D3-46D3-993B-FA40EEA0BF93}.Test|x86.ActiveCfg = Test|Any CPU
		{903C7CD3-93D3-46D3-993B-FA40EEA0BF93}.Test|x86.Build.0 = Test|Any CPU
		{3227FEA6-40AB-4E1B-A371-B9FB08F6FA57}.Debug|Any CPU.ActiveCfg = Debug|Any CPU
		{3227FEA6-40AB-4E1B-A371-B9FB08F6FA57}.Debug|Any CPU.Build.0 = Debug|Any CPU
		{3227FEA6-40AB-4E1B-A371-B9FB08F6FA57}.Debug|ARM.ActiveCfg = Debug|Any CPU
		{3227FEA6-40AB-4E1B-A371-B9FB08F6FA57}.Debug|ARM.Build.0 = Debug|Any CPU
		{3227FEA6-40AB-4E1B-A371-B9FB08F6FA57}.Debug|iPhone.ActiveCfg = Debug|Any CPU
		{3227FEA6-40AB-4E1B-A371-B9FB08F6FA57}.Debug|iPhone.Build.0 = Debug|Any CPU
		{3227FEA6-40AB-4E1B-A371-B9FB08F6FA57}.Debug|iPhoneSimulator.ActiveCfg = Debug|Any CPU
		{3227FEA6-40AB-4E1B-A371-B9FB08F6FA57}.Debug|iPhoneSimulator.Build.0 = Debug|Any CPU
		{3227FEA6-40AB-4E1B-A371-B9FB08F6FA57}.Debug|x86.ActiveCfg = Debug|Any CPU
		{3227FEA6-40AB-4E1B-A371-B9FB08F6FA57}.Debug|x86.Build.0 = Debug|Any CPU
		{3227FEA6-40AB-4E1B-A371-B9FB08F6FA57}.Release|Any CPU.ActiveCfg = Release|Any CPU
		{3227FEA6-40AB-4E1B-A371-B9FB08F6FA57}.Release|Any CPU.Build.0 = Release|Any CPU
		{3227FEA6-40AB-4E1B-A371-B9FB08F6FA57}.Release|ARM.ActiveCfg = Release|Any CPU
		{3227FEA6-40AB-4E1B-A371-B9FB08F6FA57}.Release|ARM.Build.0 = Release|Any CPU
		{3227FEA6-40AB-4E1B-A371-B9FB08F6FA57}.Release|iPhone.ActiveCfg = Release|Any CPU
		{3227FEA6-40AB-4E1B-A371-B9FB08F6FA57}.Release|iPhone.Build.0 = Release|Any CPU
		{3227FEA6-40AB-4E1B-A371-B9FB08F6FA57}.Release|iPhoneSimulator.ActiveCfg = Release|Any CPU
		{3227FEA6-40AB-4E1B-A371-B9FB08F6FA57}.Release|iPhoneSimulator.Build.0 = Release|Any CPU
		{3227FEA6-40AB-4E1B-A371-B9FB08F6FA57}.Release|x86.ActiveCfg = Release|Any CPU
		{3227FEA6-40AB-4E1B-A371-B9FB08F6FA57}.Release|x86.Build.0 = Release|Any CPU
		{3227FEA6-40AB-4E1B-A371-B9FB08F6FA57}.Test|Any CPU.ActiveCfg = Test|Any CPU
		{3227FEA6-40AB-4E1B-A371-B9FB08F6FA57}.Test|Any CPU.Build.0 = Test|Any CPU
		{3227FEA6-40AB-4E1B-A371-B9FB08F6FA57}.Test|ARM.ActiveCfg = Test|Any CPU
		{3227FEA6-40AB-4E1B-A371-B9FB08F6FA57}.Test|ARM.Build.0 = Test|Any CPU
		{3227FEA6-40AB-4E1B-A371-B9FB08F6FA57}.Test|iPhone.ActiveCfg = Test|Any CPU
		{3227FEA6-40AB-4E1B-A371-B9FB08F6FA57}.Test|iPhone.Build.0 = Test|Any CPU
		{3227FEA6-40AB-4E1B-A371-B9FB08F6FA57}.Test|iPhoneSimulator.ActiveCfg = Test|Any CPU
		{3227FEA6-40AB-4E1B-A371-B9FB08F6FA57}.Test|iPhoneSimulator.Build.0 = Test|Any CPU
		{3227FEA6-40AB-4E1B-A371-B9FB08F6FA57}.Test|x86.ActiveCfg = Test|Any CPU
		{3227FEA6-40AB-4E1B-A371-B9FB08F6FA57}.Test|x86.Build.0 = Test|Any CPU
		{0E9D236A-18F7-46A1-A591-418D14EEE0A3}.Debug|Any CPU.ActiveCfg = Debug|Any CPU
		{0E9D236A-18F7-46A1-A591-418D14EEE0A3}.Debug|Any CPU.Build.0 = Debug|Any CPU
		{0E9D236A-18F7-46A1-A591-418D14EEE0A3}.Debug|ARM.ActiveCfg = Debug|Any CPU
		{0E9D236A-18F7-46A1-A591-418D14EEE0A3}.Debug|ARM.Build.0 = Debug|Any CPU
		{0E9D236A-18F7-46A1-A591-418D14EEE0A3}.Debug|iPhone.ActiveCfg = Debug|Any CPU
		{0E9D236A-18F7-46A1-A591-418D14EEE0A3}.Debug|iPhone.Build.0 = Debug|Any CPU
		{0E9D236A-18F7-46A1-A591-418D14EEE0A3}.Debug|iPhoneSimulator.ActiveCfg = Debug|Any CPU
		{0E9D236A-18F7-46A1-A591-418D14EEE0A3}.Debug|iPhoneSimulator.Build.0 = Debug|Any CPU
		{0E9D236A-18F7-46A1-A591-418D14EEE0A3}.Debug|x86.ActiveCfg = Debug|Any CPU
		{0E9D236A-18F7-46A1-A591-418D14EEE0A3}.Debug|x86.Build.0 = Debug|Any CPU
		{0E9D236A-18F7-46A1-A591-418D14EEE0A3}.Release|Any CPU.ActiveCfg = Release|Any CPU
		{0E9D236A-18F7-46A1-A591-418D14EEE0A3}.Release|Any CPU.Build.0 = Release|Any CPU
		{0E9D236A-18F7-46A1-A591-418D14EEE0A3}.Release|ARM.ActiveCfg = Release|Any CPU
		{0E9D236A-18F7-46A1-A591-418D14EEE0A3}.Release|ARM.Build.0 = Release|Any CPU
		{0E9D236A-18F7-46A1-A591-418D14EEE0A3}.Release|iPhone.ActiveCfg = Release|Any CPU
		{0E9D236A-18F7-46A1-A591-418D14EEE0A3}.Release|iPhone.Build.0 = Release|Any CPU
		{0E9D236A-18F7-46A1-A591-418D14EEE0A3}.Release|iPhoneSimulator.ActiveCfg = Release|Any CPU
		{0E9D236A-18F7-46A1-A591-418D14EEE0A3}.Release|iPhoneSimulator.Build.0 = Release|Any CPU
		{0E9D236A-18F7-46A1-A591-418D14EEE0A3}.Release|x86.ActiveCfg = Release|Any CPU
		{0E9D236A-18F7-46A1-A591-418D14EEE0A3}.Release|x86.Build.0 = Release|Any CPU
		{0E9D236A-18F7-46A1-A591-418D14EEE0A3}.Test|Any CPU.ActiveCfg = Test|Any CPU
		{0E9D236A-18F7-46A1-A591-418D14EEE0A3}.Test|Any CPU.Build.0 = Test|Any CPU
		{0E9D236A-18F7-46A1-A591-418D14EEE0A3}.Test|ARM.ActiveCfg = Test|Any CPU
		{0E9D236A-18F7-46A1-A591-418D14EEE0A3}.Test|ARM.Build.0 = Test|Any CPU
		{0E9D236A-18F7-46A1-A591-418D14EEE0A3}.Test|iPhone.ActiveCfg = Test|Any CPU
		{0E9D236A-18F7-46A1-A591-418D14EEE0A3}.Test|iPhone.Build.0 = Test|Any CPU
		{0E9D236A-18F7-46A1-A591-418D14EEE0A3}.Test|iPhoneSimulator.ActiveCfg = Test|Any CPU
		{0E9D236A-18F7-46A1-A591-418D14EEE0A3}.Test|iPhoneSimulator.Build.0 = Test|Any CPU
		{0E9D236A-18F7-46A1-A591-418D14EEE0A3}.Test|x86.ActiveCfg = Test|Any CPU
		{0E9D236A-18F7-46A1-A591-418D14EEE0A3}.Test|x86.Build.0 = Test|Any CPU
		{11EBF4C6-4475-47DD-9008-0DE0607DD723}.Debug|Any CPU.ActiveCfg = Debug|Any CPU
		{11EBF4C6-4475-47DD-9008-0DE0607DD723}.Debug|Any CPU.Build.0 = Debug|Any CPU
		{11EBF4C6-4475-47DD-9008-0DE0607DD723}.Debug|ARM.ActiveCfg = Debug|Any CPU
		{11EBF4C6-4475-47DD-9008-0DE0607DD723}.Debug|ARM.Build.0 = Debug|Any CPU
		{11EBF4C6-4475-47DD-9008-0DE0607DD723}.Debug|iPhone.ActiveCfg = Debug|Any CPU
		{11EBF4C6-4475-47DD-9008-0DE0607DD723}.Debug|iPhone.Build.0 = Debug|Any CPU
		{11EBF4C6-4475-47DD-9008-0DE0607DD723}.Debug|iPhoneSimulator.ActiveCfg = Debug|Any CPU
		{11EBF4C6-4475-47DD-9008-0DE0607DD723}.Debug|iPhoneSimulator.Build.0 = Debug|Any CPU
		{11EBF4C6-4475-47DD-9008-0DE0607DD723}.Debug|x86.ActiveCfg = Debug|Any CPU
		{11EBF4C6-4475-47DD-9008-0DE0607DD723}.Debug|x86.Build.0 = Debug|Any CPU
		{11EBF4C6-4475-47DD-9008-0DE0607DD723}.Release|Any CPU.ActiveCfg = Release|Any CPU
		{11EBF4C6-4475-47DD-9008-0DE0607DD723}.Release|Any CPU.Build.0 = Release|Any CPU
		{11EBF4C6-4475-47DD-9008-0DE0607DD723}.Release|ARM.ActiveCfg = Release|Any CPU
		{11EBF4C6-4475-47DD-9008-0DE0607DD723}.Release|ARM.Build.0 = Release|Any CPU
		{11EBF4C6-4475-47DD-9008-0DE0607DD723}.Release|iPhone.ActiveCfg = Release|Any CPU
		{11EBF4C6-4475-47DD-9008-0DE0607DD723}.Release|iPhone.Build.0 = Release|Any CPU
		{11EBF4C6-4475-47DD-9008-0DE0607DD723}.Release|iPhoneSimulator.ActiveCfg = Release|Any CPU
		{11EBF4C6-4475-47DD-9008-0DE0607DD723}.Release|iPhoneSimulator.Build.0 = Release|Any CPU
		{11EBF4C6-4475-47DD-9008-0DE0607DD723}.Release|x86.ActiveCfg = Release|Any CPU
		{11EBF4C6-4475-47DD-9008-0DE0607DD723}.Release|x86.Build.0 = Release|Any CPU
		{11EBF4C6-4475-47DD-9008-0DE0607DD723}.Test|Any CPU.ActiveCfg = Test|Any CPU
		{11EBF4C6-4475-47DD-9008-0DE0607DD723}.Test|Any CPU.Build.0 = Test|Any CPU
		{11EBF4C6-4475-47DD-9008-0DE0607DD723}.Test|ARM.ActiveCfg = Test|Any CPU
		{11EBF4C6-4475-47DD-9008-0DE0607DD723}.Test|ARM.Build.0 = Test|Any CPU
		{11EBF4C6-4475-47DD-9008-0DE0607DD723}.Test|iPhone.ActiveCfg = Test|Any CPU
		{11EBF4C6-4475-47DD-9008-0DE0607DD723}.Test|iPhone.Build.0 = Test|Any CPU
		{11EBF4C6-4475-47DD-9008-0DE0607DD723}.Test|iPhoneSimulator.ActiveCfg = Test|Any CPU
		{11EBF4C6-4475-47DD-9008-0DE0607DD723}.Test|iPhoneSimulator.Build.0 = Test|Any CPU
		{11EBF4C6-4475-47DD-9008-0DE0607DD723}.Test|x86.ActiveCfg = Test|Any CPU
		{11EBF4C6-4475-47DD-9008-0DE0607DD723}.Test|x86.Build.0 = Test|Any CPU
		{4B09DC69-8A16-4029-B5DA-0E494451F9BF}.Debug|Any CPU.ActiveCfg = Debug|Any CPU
		{4B09DC69-8A16-4029-B5DA-0E494451F9BF}.Debug|Any CPU.Build.0 = Debug|Any CPU
		{4B09DC69-8A16-4029-B5DA-0E494451F9BF}.Debug|ARM.ActiveCfg = Debug|Any CPU
		{4B09DC69-8A16-4029-B5DA-0E494451F9BF}.Debug|ARM.Build.0 = Debug|Any CPU
		{4B09DC69-8A16-4029-B5DA-0E494451F9BF}.Debug|iPhone.ActiveCfg = Debug|Any CPU
		{4B09DC69-8A16-4029-B5DA-0E494451F9BF}.Debug|iPhone.Build.0 = Debug|Any CPU
		{4B09DC69-8A16-4029-B5DA-0E494451F9BF}.Debug|iPhoneSimulator.ActiveCfg = Debug|Any CPU
		{4B09DC69-8A16-4029-B5DA-0E494451F9BF}.Debug|iPhoneSimulator.Build.0 = Debug|Any CPU
		{4B09DC69-8A16-4029-B5DA-0E494451F9BF}.Debug|x86.ActiveCfg = Debug|Any CPU
		{4B09DC69-8A16-4029-B5DA-0E494451F9BF}.Debug|x86.Build.0 = Debug|Any CPU
		{4B09DC69-8A16-4029-B5DA-0E494451F9BF}.Release|Any CPU.ActiveCfg = Release|Any CPU
		{4B09DC69-8A16-4029-B5DA-0E494451F9BF}.Release|Any CPU.Build.0 = Release|Any CPU
		{4B09DC69-8A16-4029-B5DA-0E494451F9BF}.Release|ARM.ActiveCfg = Release|Any CPU
		{4B09DC69-8A16-4029-B5DA-0E494451F9BF}.Release|ARM.Build.0 = Release|Any CPU
		{4B09DC69-8A16-4029-B5DA-0E494451F9BF}.Release|iPhone.ActiveCfg = Release|Any CPU
		{4B09DC69-8A16-4029-B5DA-0E494451F9BF}.Release|iPhone.Build.0 = Release|Any CPU
		{4B09DC69-8A16-4029-B5DA-0E494451F9BF}.Release|iPhoneSimulator.ActiveCfg = Release|Any CPU
		{4B09DC69-8A16-4029-B5DA-0E494451F9BF}.Release|iPhoneSimulator.Build.0 = Release|Any CPU
		{4B09DC69-8A16-4029-B5DA-0E494451F9BF}.Release|x86.ActiveCfg = Release|Any CPU
		{4B09DC69-8A16-4029-B5DA-0E494451F9BF}.Release|x86.Build.0 = Release|Any CPU
		{4B09DC69-8A16-4029-B5DA-0E494451F9BF}.Test|Any CPU.ActiveCfg = Release|Any CPU
		{4B09DC69-8A16-4029-B5DA-0E494451F9BF}.Test|Any CPU.Build.0 = Release|Any CPU
		{4B09DC69-8A16-4029-B5DA-0E494451F9BF}.Test|ARM.ActiveCfg = Release|Any CPU
		{4B09DC69-8A16-4029-B5DA-0E494451F9BF}.Test|ARM.Build.0 = Release|Any CPU
		{4B09DC69-8A16-4029-B5DA-0E494451F9BF}.Test|iPhone.ActiveCfg = Release|Any CPU
		{4B09DC69-8A16-4029-B5DA-0E494451F9BF}.Test|iPhone.Build.0 = Release|Any CPU
		{4B09DC69-8A16-4029-B5DA-0E494451F9BF}.Test|iPhoneSimulator.ActiveCfg = Release|Any CPU
		{4B09DC69-8A16-4029-B5DA-0E494451F9BF}.Test|iPhoneSimulator.Build.0 = Release|Any CPU
		{4B09DC69-8A16-4029-B5DA-0E494451F9BF}.Test|x86.ActiveCfg = Release|Any CPU
		{4B09DC69-8A16-4029-B5DA-0E494451F9BF}.Test|x86.Build.0 = Release|Any CPU
	EndGlobalSection
	GlobalSection(SolutionProperties) = preSolution
		HideSolutionNode = FALSE
	EndGlobalSection
EndGlobal
