
Microsoft Visual Studio Solution File, Format Version 12.00
# Visual Studio 14
VisualStudioVersion = 14.0.24720.0
MinimumVisualStudioVersion = 10.0.40219.1
Project("{FAE04EC0-301F-11D3-BF4B-00C04F79EFBC}") = "ResidentAppCross.Droid", "ResidentAppCross\ResidentAppCross.Droid\ResidentAppCross.Droid.csproj", "{E84A8D3E-4FB5-4A76-B8F3-74F5BEEDDEB3}"
EndProject
Project("{FAE04EC0-301F-11D3-BF4B-00C04F79EFBC}") = "ResidentAppCross.iOS", "ResidentAppCross\ResidentAppCross.iOS\ResidentAppCross.iOS.csproj", "{D8277430-A582-4E04-B474-A48C4A90A313}"
EndProject
Project("{FAE04EC0-301F-11D3-BF4B-00C04F79EFBC}") = "ResidentAppCross.WinPhone", "ResidentAppCross\ResidentAppCross.WinPhone\ResidentAppCross.WinPhone.csproj", "{52408A94-78BD-4DD2-82A5-6F2388B088D3}"
EndProject
Project("{FAE04EC0-301F-11D3-BF4B-00C04F79EFBC}") = "ResidentAppCross", "ResidentAppCross\ResidentAppCross\ResidentAppCross.csproj", "{84E46F6D-1424-48B7-8966-B6FD6153FEE3}"
EndProject
Project("{FAE04EC0-301F-11D3-BF4B-00C04F79EFBC}") = "ApartmentApps.API.Service", "ApartmentApps.API.Service\ApartmentApps.API.Service.csproj", "{D59A4703-66EF-4AE1-AE35-5C2175ABEA88}"
EndProject
Project("{FAE04EC0-301F-11D3-BF4B-00C04F79EFBC}") = "PlaygroundConsole", "PlaygroundConsole\PlaygroundConsole.csproj", "{CF957320-C8F6-4631-AEC8-E2F92C6A3BC4}"
EndProject
Project("{FAE04EC0-301F-11D3-BF4B-00C04F79EFBC}") = "Entrata.Client", "Entrata.Client\Entrata.Client.csproj", "{A8CD4A6F-7D69-49A6-A4A8-D199DDC6E490}"
EndProject
Global
	GlobalSection(SolutionConfigurationPlatforms) = preSolution
		Debug|Any CPU = Debug|Any CPU
		Debug|ARM = Debug|ARM
		Debug|iPhone = Debug|iPhone
		Debug|iPhoneSimulator = Debug|iPhoneSimulator
		Debug|x86 = Debug|x86
		Release|Any CPU = Release|Any CPU
		Release|ARM = Release|ARM
		Release|iPhone = Release|iPhone
		Release|iPhoneSimulator = Release|iPhoneSimulator
		Release|x86 = Release|x86
	EndGlobalSection
	GlobalSection(ProjectConfigurationPlatforms) = postSolution
		{E84A8D3E-4FB5-4A76-B8F3-74F5BEEDDEB3}.Debug|Any CPU.ActiveCfg = Debug|Any CPU
		{E84A8D3E-4FB5-4A76-B8F3-74F5BEEDDEB3}.Debug|Any CPU.Build.0 = Debug|Any CPU
		{E84A8D3E-4FB5-4A76-B8F3-74F5BEEDDEB3}.Debug|Any CPU.Deploy.0 = Debug|Any CPU
		{E84A8D3E-4FB5-4A76-B8F3-74F5BEEDDEB3}.Debug|ARM.ActiveCfg = Debug|Any CPU
		{E84A8D3E-4FB5-4A76-B8F3-74F5BEEDDEB3}.Debug|ARM.Build.0 = Debug|Any CPU
		{E84A8D3E-4FB5-4A76-B8F3-74F5BEEDDEB3}.Debug|ARM.Deploy.0 = Debug|Any CPU
		{E84A8D3E-4FB5-4A76-B8F3-74F5BEEDDEB3}.Debug|iPhone.ActiveCfg = Debug|Any CPU
		{E84A8D3E-4FB5-4A76-B8F3-74F5BEEDDEB3}.Debug|iPhone.Build.0 = Debug|Any CPU
		{E84A8D3E-4FB5-4A76-B8F3-74F5BEEDDEB3}.Debug|iPhone.Deploy.0 = Debug|Any CPU
		{E84A8D3E-4FB5-4A76-B8F3-74F5BEEDDEB3}.Debug|iPhoneSimulator.ActiveCfg = Debug|Any CPU
		{E84A8D3E-4FB5-4A76-B8F3-74F5BEEDDEB3}.Debug|iPhoneSimulator.Build.0 = Debug|Any CPU
		{E84A8D3E-4FB5-4A76-B8F3-74F5BEEDDEB3}.Debug|iPhoneSimulator.Deploy.0 = Debug|Any CPU
		{E84A8D3E-4FB5-4A76-B8F3-74F5BEEDDEB3}.Debug|x86.ActiveCfg = Debug|Any CPU
		{E84A8D3E-4FB5-4A76-B8F3-74F5BEEDDEB3}.Debug|x86.Build.0 = Debug|Any CPU
		{E84A8D3E-4FB5-4A76-B8F3-74F5BEEDDEB3}.Debug|x86.Deploy.0 = Debug|Any CPU
		{E84A8D3E-4FB5-4A76-B8F3-74F5BEEDDEB3}.Release|Any CPU.ActiveCfg = Release|Any CPU
		{E84A8D3E-4FB5-4A76-B8F3-74F5BEEDDEB3}.Release|Any CPU.Build.0 = Release|Any CPU
		{E84A8D3E-4FB5-4A76-B8F3-74F5BEEDDEB3}.Release|Any CPU.Deploy.0 = Release|Any CPU
		{E84A8D3E-4FB5-4A76-B8F3-74F5BEEDDEB3}.Release|ARM.ActiveCfg = Release|Any CPU
		{E84A8D3E-4FB5-4A76-B8F3-74F5BEEDDEB3}.Release|ARM.Build.0 = Release|Any CPU
		{E84A8D3E-4FB5-4A76-B8F3-74F5BEEDDEB3}.Release|ARM.Deploy.0 = Release|Any CPU
		{E84A8D3E-4FB5-4A76-B8F3-74F5BEEDDEB3}.Release|iPhone.ActiveCfg = Release|Any CPU
		{E84A8D3E-4FB5-4A76-B8F3-74F5BEEDDEB3}.Release|iPhone.Build.0 = Release|Any CPU
		{E84A8D3E-4FB5-4A76-B8F3-74F5BEEDDEB3}.Release|iPhone.Deploy.0 = Release|Any CPU
		{E84A8D3E-4FB5-4A76-B8F3-74F5BEEDDEB3}.Release|iPhoneSimulator.ActiveCfg = Release|Any CPU
		{E84A8D3E-4FB5-4A76-B8F3-74F5BEEDDEB3}.Release|iPhoneSimulator.Build.0 = Release|Any CPU
		{E84A8D3E-4FB5-4A76-B8F3-74F5BEEDDEB3}.Release|iPhoneSimulator.Deploy.0 = Release|Any CPU
		{E84A8D3E-4FB5-4A76-B8F3-74F5BEEDDEB3}.Release|x86.ActiveCfg = Release|Any CPU
		{E84A8D3E-4FB5-4A76-B8F3-74F5BEEDDEB3}.Release|x86.Build.0 = Release|Any CPU
		{E84A8D3E-4FB5-4A76-B8F3-74F5BEEDDEB3}.Release|x86.Deploy.0 = Release|Any CPU
		{D8277430-A582-4E04-B474-A48C4A90A313}.Debug|Any CPU.ActiveCfg = Debug|iPhone
		{D8277430-A582-4E04-B474-A48C4A90A313}.Debug|ARM.ActiveCfg = Debug|iPhone
		{D8277430-A582-4E04-B474-A48C4A90A313}.Debug|iPhone.ActiveCfg = Debug|iPhone
		{D8277430-A582-4E04-B474-A48C4A90A313}.Debug|iPhone.Build.0 = Debug|iPhone
		{D8277430-A582-4E04-B474-A48C4A90A313}.Debug|iPhoneSimulator.ActiveCfg = Debug|iPhoneSimulator
		{D8277430-A582-4E04-B474-A48C4A90A313}.Debug|iPhoneSimulator.Build.0 = Debug|iPhoneSimulator
		{D8277430-A582-4E04-B474-A48C4A90A313}.Debug|x86.ActiveCfg = Debug|iPhone
		{D8277430-A582-4E04-B474-A48C4A90A313}.Release|Any CPU.ActiveCfg = Release|iPhone
		{D8277430-A582-4E04-B474-A48C4A90A313}.Release|ARM.ActiveCfg = Release|iPhone
		{D8277430-A582-4E04-B474-A48C4A90A313}.Release|iPhone.ActiveCfg = Release|iPhone
		{D8277430-A582-4E04-B474-A48C4A90A313}.Release|iPhone.Build.0 = Release|iPhone
		{D8277430-A582-4E04-B474-A48C4A90A313}.Release|iPhoneSimulator.ActiveCfg = Release|iPhoneSimulator
		{D8277430-A582-4E04-B474-A48C4A90A313}.Release|iPhoneSimulator.Build.0 = Release|iPhoneSimulator
		{D8277430-A582-4E04-B474-A48C4A90A313}.Release|x86.ActiveCfg = Release|iPhone
		{52408A94-78BD-4DD2-82A5-6F2388B088D3}.Debug|Any CPU.ActiveCfg = Debug|Any CPU
		{52408A94-78BD-4DD2-82A5-6F2388B088D3}.Debug|Any CPU.Build.0 = Debug|Any CPU
		{52408A94-78BD-4DD2-82A5-6F2388B088D3}.Debug|Any CPU.Deploy.0 = Debug|Any CPU
		{52408A94-78BD-4DD2-82A5-6F2388B088D3}.Debug|ARM.ActiveCfg = Debug|ARM
		{52408A94-78BD-4DD2-82A5-6F2388B088D3}.Debug|ARM.Build.0 = Debug|ARM
		{52408A94-78BD-4DD2-82A5-6F2388B088D3}.Debug|ARM.Deploy.0 = Debug|ARM
		{52408A94-78BD-4DD2-82A5-6F2388B088D3}.Debug|iPhone.ActiveCfg = Debug|Any CPU
		{52408A94-78BD-4DD2-82A5-6F2388B088D3}.Debug|iPhone.Build.0 = Debug|Any CPU
		{52408A94-78BD-4DD2-82A5-6F2388B088D3}.Debug|iPhone.Deploy.0 = Debug|Any CPU
		{52408A94-78BD-4DD2-82A5-6F2388B088D3}.Debug|iPhoneSimulator.ActiveCfg = Debug|Any CPU
		{52408A94-78BD-4DD2-82A5-6F2388B088D3}.Debug|iPhoneSimulator.Build.0 = Debug|Any CPU
		{52408A94-78BD-4DD2-82A5-6F2388B088D3}.Debug|iPhoneSimulator.Deploy.0 = Debug|Any CPU
		{52408A94-78BD-4DD2-82A5-6F2388B088D3}.Debug|x86.ActiveCfg = Debug|x86
		{52408A94-78BD-4DD2-82A5-6F2388B088D3}.Debug|x86.Build.0 = Debug|x86
		{52408A94-78BD-4DD2-82A5-6F2388B088D3}.Debug|x86.Deploy.0 = Debug|x86
		{52408A94-78BD-4DD2-82A5-6F2388B088D3}.Release|Any CPU.ActiveCfg = Release|Any CPU
		{52408A94-78BD-4DD2-82A5-6F2388B088D3}.Release|Any CPU.Build.0 = Release|Any CPU
		{52408A94-78BD-4DD2-82A5-6F2388B088D3}.Release|Any CPU.Deploy.0 = Release|Any CPU
		{52408A94-78BD-4DD2-82A5-6F2388B088D3}.Release|ARM.ActiveCfg = Release|ARM
		{52408A94-78BD-4DD2-82A5-6F2388B088D3}.Release|ARM.Build.0 = Release|ARM
		{52408A94-78BD-4DD2-82A5-6F2388B088D3}.Release|ARM.Deploy.0 = Release|ARM
		{52408A94-78BD-4DD2-82A5-6F2388B088D3}.Release|iPhone.ActiveCfg = Release|Any CPU
		{52408A94-78BD-4DD2-82A5-6F2388B088D3}.Release|iPhone.Build.0 = Release|Any CPU
		{52408A94-78BD-4DD2-82A5-6F2388B088D3}.Release|iPhone.Deploy.0 = Release|Any CPU
		{52408A94-78BD-4DD2-82A5-6F2388B088D3}.Release|iPhoneSimulator.ActiveCfg = Release|Any CPU
		{52408A94-78BD-4DD2-82A5-6F2388B088D3}.Release|iPhoneSimulator.Build.0 = Release|Any CPU
		{52408A94-78BD-4DD2-82A5-6F2388B088D3}.Release|iPhoneSimulator.Deploy.0 = Release|Any CPU
		{52408A94-78BD-4DD2-82A5-6F2388B088D3}.Release|x86.ActiveCfg = Release|x86
		{52408A94-78BD-4DD2-82A5-6F2388B088D3}.Release|x86.Build.0 = Release|x86
		{52408A94-78BD-4DD2-82A5-6F2388B088D3}.Release|x86.Deploy.0 = Release|x86
		{84E46F6D-1424-48B7-8966-B6FD6153FEE3}.Debug|Any CPU.ActiveCfg = Debug|Any CPU
		{84E46F6D-1424-48B7-8966-B6FD6153FEE3}.Debug|Any CPU.Build.0 = Debug|Any CPU
		{84E46F6D-1424-48B7-8966-B6FD6153FEE3}.Debug|ARM.ActiveCfg = Debug|Any CPU
		{84E46F6D-1424-48B7-8966-B6FD6153FEE3}.Debug|ARM.Build.0 = Debug|Any CPU
		{84E46F6D-1424-48B7-8966-B6FD6153FEE3}.Debug|iPhone.ActiveCfg = Debug|Any CPU
		{84E46F6D-1424-48B7-8966-B6FD6153FEE3}.Debug|iPhone.Build.0 = Debug|Any CPU
		{84E46F6D-1424-48B7-8966-B6FD6153FEE3}.Debug|iPhoneSimulator.ActiveCfg = Debug|Any CPU
		{84E46F6D-1424-48B7-8966-B6FD6153FEE3}.Debug|iPhoneSimulator.Build.0 = Debug|Any CPU
		{84E46F6D-1424-48B7-8966-B6FD6153FEE3}.Debug|x86.ActiveCfg = Debug|Any CPU
		{84E46F6D-1424-48B7-8966-B6FD6153FEE3}.Debug|x86.Build.0 = Debug|Any CPU
		{84E46F6D-1424-48B7-8966-B6FD6153FEE3}.Release|Any CPU.ActiveCfg = Release|Any CPU
		{84E46F6D-1424-48B7-8966-B6FD6153FEE3}.Release|Any CPU.Build.0 = Release|Any CPU
		{84E46F6D-1424-48B7-8966-B6FD6153FEE3}.Release|ARM.ActiveCfg = Release|Any CPU
		{84E46F6D-1424-48B7-8966-B6FD6153FEE3}.Release|ARM.Build.0 = Release|Any CPU
		{84E46F6D-1424-48B7-8966-B6FD6153FEE3}.Release|iPhone.ActiveCfg = Release|Any CPU
		{84E46F6D-1424-48B7-8966-B6FD6153FEE3}.Release|iPhone.Build.0 = Release|Any CPU
		{84E46F6D-1424-48B7-8966-B6FD6153FEE3}.Release|iPhoneSimulator.ActiveCfg = Release|Any CPU
		{84E46F6D-1424-48B7-8966-B6FD6153FEE3}.Release|iPhoneSimulator.Build.0 = Release|Any CPU
		{84E46F6D-1424-48B7-8966-B6FD6153FEE3}.Release|x86.ActiveCfg = Release|Any CPU
		{84E46F6D-1424-48B7-8966-B6FD6153FEE3}.Release|x86.Build.0 = Release|Any CPU
		{D59A4703-66EF-4AE1-AE35-5C2175ABEA88}.Debug|Any CPU.ActiveCfg = Debug|Any CPU
		{D59A4703-66EF-4AE1-AE35-5C2175ABEA88}.Debug|Any CPU.Build.0 = Debug|Any CPU
		{D59A4703-66EF-4AE1-AE35-5C2175ABEA88}.Debug|ARM.ActiveCfg = Debug|Any CPU
		{D59A4703-66EF-4AE1-AE35-5C2175ABEA88}.Debug|ARM.Build.0 = Debug|Any CPU
		{D59A4703-66EF-4AE1-AE35-5C2175ABEA88}.Debug|iPhone.ActiveCfg = Debug|Any CPU
		{D59A4703-66EF-4AE1-AE35-5C2175ABEA88}.Debug|iPhone.Build.0 = Debug|Any CPU
		{D59A4703-66EF-4AE1-AE35-5C2175ABEA88}.Debug|iPhoneSimulator.ActiveCfg = Debug|Any CPU
		{D59A4703-66EF-4AE1-AE35-5C2175ABEA88}.Debug|iPhoneSimulator.Build.0 = Debug|Any CPU
		{D59A4703-66EF-4AE1-AE35-5C2175ABEA88}.Debug|x86.ActiveCfg = Debug|Any CPU
		{D59A4703-66EF-4AE1-AE35-5C2175ABEA88}.Debug|x86.Build.0 = Debug|Any CPU
		{D59A4703-66EF-4AE1-AE35-5C2175ABEA88}.Release|Any CPU.ActiveCfg = Release|Any CPU
		{D59A4703-66EF-4AE1-AE35-5C2175ABEA88}.Release|Any CPU.Build.0 = Release|Any CPU
		{D59A4703-66EF-4AE1-AE35-5C2175ABEA88}.Release|ARM.ActiveCfg = Release|Any CPU
		{D59A4703-66EF-4AE1-AE35-5C2175ABEA88}.Release|ARM.Build.0 = Release|Any CPU
		{D59A4703-66EF-4AE1-AE35-5C2175ABEA88}.Release|iPhone.ActiveCfg = Release|Any CPU
		{D59A4703-66EF-4AE1-AE35-5C2175ABEA88}.Release|iPhone.Build.0 = Release|Any CPU
		{D59A4703-66EF-4AE1-AE35-5C2175ABEA88}.Release|iPhoneSimulator.ActiveCfg = Release|Any CPU
		{D59A4703-66EF-4AE1-AE35-5C2175ABEA88}.Release|iPhoneSimulator.Build.0 = Release|Any CPU
		{D59A4703-66EF-4AE1-AE35-5C2175ABEA88}.Release|x86.ActiveCfg = Release|Any CPU
		{D59A4703-66EF-4AE1-AE35-5C2175ABEA88}.Release|x86.Build.0 = Release|Any CPU
		{CF957320-C8F6-4631-AEC8-E2F92C6A3BC4}.Debug|Any CPU.ActiveCfg = Debug|Any CPU
		{CF957320-C8F6-4631-AEC8-E2F92C6A3BC4}.Debug|Any CPU.Build.0 = Debug|Any CPU
		{CF957320-C8F6-4631-AEC8-E2F92C6A3BC4}.Debug|ARM.ActiveCfg = Debug|Any CPU
		{CF957320-C8F6-4631-AEC8-E2F92C6A3BC4}.Debug|ARM.Build.0 = Debug|Any CPU
		{CF957320-C8F6-4631-AEC8-E2F92C6A3BC4}.Debug|iPhone.ActiveCfg = Debug|Any CPU
		{CF957320-C8F6-4631-AEC8-E2F92C6A3BC4}.Debug|iPhone.Build.0 = Debug|Any CPU
		{CF957320-C8F6-4631-AEC8-E2F92C6A3BC4}.Debug|iPhoneSimulator.ActiveCfg = Debug|Any CPU
		{CF957320-C8F6-4631-AEC8-E2F92C6A3BC4}.Debug|iPhoneSimulator.Build.0 = Debug|Any CPU
		{CF957320-C8F6-4631-AEC8-E2F92C6A3BC4}.Debug|x86.ActiveCfg = Debug|Any CPU
		{CF957320-C8F6-4631-AEC8-E2F92C6A3BC4}.Debug|x86.Build.0 = Debug|Any CPU
		{CF957320-C8F6-4631-AEC8-E2F92C6A3BC4}.Release|Any CPU.ActiveCfg = Release|Any CPU
		{CF957320-C8F6-4631-AEC8-E2F92C6A3BC4}.Release|Any CPU.Build.0 = Release|Any CPU
		{CF957320-C8F6-4631-AEC8-E2F92C6A3BC4}.Release|ARM.ActiveCfg = Release|Any CPU
		{CF957320-C8F6-4631-AEC8-E2F92C6A3BC4}.Release|ARM.Build.0 = Release|Any CPU
		{CF957320-C8F6-4631-AEC8-E2F92C6A3BC4}.Release|iPhone.ActiveCfg = Release|Any CPU
		{CF957320-C8F6-4631-AEC8-E2F92C6A3BC4}.Release|iPhone.Build.0 = Release|Any CPU
		{CF957320-C8F6-4631-AEC8-E2F92C6A3BC4}.Release|iPhoneSimulator.ActiveCfg = Release|Any CPU
		{CF957320-C8F6-4631-AEC8-E2F92C6A3BC4}.Release|iPhoneSimulator.Build.0 = Release|Any CPU
		{CF957320-C8F6-4631-AEC8-E2F92C6A3BC4}.Release|x86.ActiveCfg = Release|Any CPU
		{CF957320-C8F6-4631-AEC8-E2F92C6A3BC4}.Release|x86.Build.0 = Release|Any CPU
		{A8CD4A6F-7D69-49A6-A4A8-D199DDC6E490}.Debug|Any CPU.ActiveCfg = Debug|Any CPU
		{A8CD4A6F-7D69-49A6-A4A8-D199DDC6E490}.Debug|Any CPU.Build.0 = Debug|Any CPU
		{A8CD4A6F-7D69-49A6-A4A8-D199DDC6E490}.Debug|ARM.ActiveCfg = Debug|Any CPU
		{A8CD4A6F-7D69-49A6-A4A8-D199DDC6E490}.Debug|ARM.Build.0 = Debug|Any CPU
		{A8CD4A6F-7D69-49A6-A4A8-D199DDC6E490}.Debug|iPhone.ActiveCfg = Debug|Any CPU
		{A8CD4A6F-7D69-49A6-A4A8-D199DDC6E490}.Debug|iPhone.Build.0 = Debug|Any CPU
		{A8CD4A6F-7D69-49A6-A4A8-D199DDC6E490}.Debug|iPhoneSimulator.ActiveCfg = Debug|Any CPU
		{A8CD4A6F-7D69-49A6-A4A8-D199DDC6E490}.Debug|iPhoneSimulator.Build.0 = Debug|Any CPU
		{A8CD4A6F-7D69-49A6-A4A8-D199DDC6E490}.Debug|x86.ActiveCfg = Debug|Any CPU
		{A8CD4A6F-7D69-49A6-A4A8-D199DDC6E490}.Debug|x86.Build.0 = Debug|Any CPU
		{A8CD4A6F-7D69-49A6-A4A8-D199DDC6E490}.Release|Any CPU.ActiveCfg = Release|Any CPU
		{A8CD4A6F-7D69-49A6-A4A8-D199DDC6E490}.Release|Any CPU.Build.0 = Release|Any CPU
		{A8CD4A6F-7D69-49A6-A4A8-D199DDC6E490}.Release|ARM.ActiveCfg = Release|Any CPU
		{A8CD4A6F-7D69-49A6-A4A8-D199DDC6E490}.Release|ARM.Build.0 = Release|Any CPU
		{A8CD4A6F-7D69-49A6-A4A8-D199DDC6E490}.Release|iPhone.ActiveCfg = Release|Any CPU
		{A8CD4A6F-7D69-49A6-A4A8-D199DDC6E490}.Release|iPhone.Build.0 = Release|Any CPU
		{A8CD4A6F-7D69-49A6-A4A8-D199DDC6E490}.Release|iPhoneSimulator.ActiveCfg = Release|Any CPU
		{A8CD4A6F-7D69-49A6-A4A8-D199DDC6E490}.Release|iPhoneSimulator.Build.0 = Release|Any CPU
		{A8CD4A6F-7D69-49A6-A4A8-D199DDC6E490}.Release|x86.ActiveCfg = Release|Any CPU
		{A8CD4A6F-7D69-49A6-A4A8-D199DDC6E490}.Release|x86.Build.0 = Release|Any CPU
	EndGlobalSection
	GlobalSection(SolutionProperties) = preSolution
		HideSolutionNode = FALSE
	EndGlobalSection
EndGlobal
