
Microsoft Visual Studio Solution File, Format Version 12.00
# Visual Studio 14
VisualStudioVersion = 14.0.24720.0
MinimumVisualStudioVersion = 10.0.40219.1
Project("{FAE04EC0-301F-11D3-BF4B-00C04F79EFBC}") = "ResidentAppCross.Droid", "ResidentAppCross\ResidentAppCross.Droid\ResidentAppCross.Droid.csproj", "{E84A8D3E-4FB5-4A76-B8F3-74F5BEEDDEB3}"
EndProject
Project("{FAE04EC0-301F-11D3-BF4B-00C04F79EFBC}") = "ResidentAppCross.iOS", "ResidentAppCross\ResidentAppCross.iOS\ResidentAppCross.iOS.csproj", "{D8277430-A582-4E04-B474-A48C4A90A313}"
EndProject
Project("{FAE04EC0-301F-11D3-BF4B-00C04F79EFBC}") = "ResidentAppCross.WinPhone", "ResidentAppCross\ResidentAppCross.WinPhone\ResidentAppCross.WinPhone.csproj", "{52408A94-78BD-4DD2-82A5-6F2388B088D3}"
EndProject
Project("{FAE04EC0-301F-11D3-BF4B-00C04F79EFBC}") = "ResidentAppCross", "ResidentAppCross\ResidentAppCross\ResidentAppCross.csproj", "{84E46F6D-1424-48B7-8966-B6FD6153FEE3}"
EndProject
Project("{FAE04EC0-301F-11D3-BF4B-00C04F79EFBC}") = "ApartmentApps.API.Service", "ApartmentApps.API.Service\ApartmentApps.API.Service.csproj", "{D59A4703-66EF-4AE1-AE35-5C2175ABEA88}"
EndProject
Project("{FAE04EC0-301F-11D3-BF4B-00C04F79EFBC}") = "PlaygroundConsole", "PlaygroundConsole\PlaygroundConsole.csproj", "{CF957320-C8F6-4631-AEC8-E2F92C6A3BC4}"
EndProject
Project("{FAE04EC0-301F-11D3-BF4B-00C04F79EFBC}") = "Entrata.Client", "Entrata.Client\Entrata.Client.csproj", "{A8CD4A6F-7D69-49A6-A4A8-D199DDC6E490}"
EndProject
Project("{FAE04EC0-301F-11D3-BF4B-00C04F79EFBC}") = "ApartmentApps.Data", "ApartmentApps.Data\ApartmentApps.Data.csproj", "{69A819D5-3037-4E56-90E4-A9EDFF41B88A}"
EndProject
Project("{FAE04EC0-301F-11D3-BF4B-00C04F79EFBC}") = "ApartmentApps.Api", "ApartmentApps.Api\ApartmentApps.Api.csproj", "{81C38E8C-036A-43FA-92C5-446BBCE6E656}"
EndProject
Project("{FAE04EC0-301F-11D3-BF4B-00C04F79EFBC}") = "ApartmentApps.Portal", "ApartmentApps.Portal\ApartmentApps.Portal.csproj", "{FA9F282F-5BEA-4035-8C41-4FF8DDF24517}"
EndProject
Project("{2150E333-8FDC-42A3-9474-1A3956D46DE8}") = "Web Stuff", "Web Stuff", "{92D9B48E-F939-40A8-8EDB-A50A37567A16}"
EndProject
Project("{2150E333-8FDC-42A3-9474-1A3956D46DE8}") = "Mobile App", "Mobile App", "{A5AE60D1-75C7-4DC1-9A86-A9CB96EFACA1}"
EndProject
Project("{2150E333-8FDC-42A3-9474-1A3956D46DE8}") = "Solution Items", "Solution Items", "{C3722C9B-9DC3-4912-9E4A-333A3E16FAAF}"
	ProjectSection(SolutionItems) = preProject
		Documentation.txt = Documentation.txt
	EndProjectSection
EndProject
Project("{FAE04EC0-301F-11D3-BF4B-00C04F79EFBC}") = "Inspinia_MVC5", "C:\Users\micah\Downloads\products-WB0R5L90S\MVC5_Full_Version\Inspinia_MVC5\Inspinia_MVC5.csproj", "{A5859E0E-3C08-4045-B8DC-B3FB13655B00}"
EndProject
Project("{FAE04EC0-301F-11D3-BF4B-00C04F79EFBC}") = "Inspinia_MVC5_SeedProject", "C:\Users\micah\Downloads\products-WB0R5L90S\MVC5_Seed_Project\Inspinia_MVC5_SeedProject\Inspinia_MVC5_SeedProject.csproj", "{86CADB26-5817-46B6-88C7-76D5753722C3}"
EndProject
Project("{FAE04EC0-301F-11D3-BF4B-00C04F79EFBC}") = "MicrosoftAzure1", "MicrosoftAzure1\MicrosoftAzure1.csproj", "{592B2F78-44D4-47FA-AA7D-66E083B1EC78}"
EndProject
Global
	GlobalSection(SolutionConfigurationPlatforms) = preSolution
		Debug|Any CPU = Debug|Any CPU
		Debug|ARM = Debug|ARM
		Debug|iPhone = Debug|iPhone
		Debug|iPhoneSimulator = Debug|iPhoneSimulator
		Debug|x86 = Debug|x86
		Release|Any CPU = Release|Any CPU
		Release|ARM = Release|ARM
		Release|iPhone = Release|iPhone
		Release|iPhoneSimulator = Release|iPhoneSimulator
		Release|x86 = Release|x86
	EndGlobalSection
	GlobalSection(ProjectConfigurationPlatforms) = postSolution
		{E84A8D3E-4FB5-4A76-B8F3-74F5BEEDDEB3}.Debug|Any CPU.ActiveCfg = Debug|Any CPU
		{E84A8D3E-4FB5-4A76-B8F3-74F5BEEDDEB3}.Debug|Any CPU.Build.0 = Debug|Any CPU
		{E84A8D3E-4FB5-4A76-B8F3-74F5BEEDDEB3}.Debug|Any CPU.Deploy.0 = Debug|Any CPU
		{E84A8D3E-4FB5-4A76-B8F3-74F5BEEDDEB3}.Debug|ARM.ActiveCfg = Debug|Any CPU
		{E84A8D3E-4FB5-4A76-B8F3-74F5BEEDDEB3}.Debug|ARM.Build.0 = Debug|Any CPU
		{E84A8D3E-4FB5-4A76-B8F3-74F5BEEDDEB3}.Debug|ARM.Deploy.0 = Debug|Any CPU
		{E84A8D3E-4FB5-4A76-B8F3-74F5BEEDDEB3}.Debug|iPhone.ActiveCfg = Debug|Any CPU
		{E84A8D3E-4FB5-4A76-B8F3-74F5BEEDDEB3}.Debug|iPhone.Build.0 = Debug|Any CPU
		{E84A8D3E-4FB5-4A76-B8F3-74F5BEEDDEB3}.Debug|iPhone.Deploy.0 = Debug|Any CPU
		{E84A8D3E-4FB5-4A76-B8F3-74F5BEEDDEB3}.Debug|iPhoneSimulator.ActiveCfg = Debug|Any CPU
		{E84A8D3E-4FB5-4A76-B8F3-74F5BEEDDEB3}.Debug|iPhoneSimulator.Build.0 = Debug|Any CPU
		{E84A8D3E-4FB5-4A76-B8F3-74F5BEEDDEB3}.Debug|iPhoneSimulator.Deploy.0 = Debug|Any CPU
		{E84A8D3E-4FB5-4A76-B8F3-74F5BEEDDEB3}.Debug|x86.ActiveCfg = Debug|Any CPU
		{E84A8D3E-4FB5-4A76-B8F3-74F5BEEDDEB3}.Debug|x86.Build.0 = Debug|Any CPU
		{E84A8D3E-4FB5-4A76-B8F3-74F5BEEDDEB3}.Debug|x86.Deploy.0 = Debug|Any CPU
		{E84A8D3E-4FB5-4A76-B8F3-74F5BEEDDEB3}.Release|Any CPU.ActiveCfg = Release|Any CPU
		{E84A8D3E-4FB5-4A76-B8F3-74F5BEEDDEB3}.Release|Any CPU.Build.0 = Release|Any CPU
		{E84A8D3E-4FB5-4A76-B8F3-74F5BEEDDEB3}.Release|Any CPU.Deploy.0 = Release|Any CPU
		{E84A8D3E-4FB5-4A76-B8F3-74F5BEEDDEB3}.Release|ARM.ActiveCfg = Release|Any CPU
		{E84A8D3E-4FB5-4A76-B8F3-74F5BEEDDEB3}.Release|ARM.Build.0 = Release|Any CPU
		{E84A8D3E-4FB5-4A76-B8F3-74F5BEEDDEB3}.Release|ARM.Deploy.0 = Release|Any CPU
		{E84A8D3E-4FB5-4A76-B8F3-74F5BEEDDEB3}.Release|iPhone.ActiveCfg = Release|Any CPU
		{E84A8D3E-4FB5-4A76-B8F3-74F5BEEDDEB3}.Release|iPhone.Build.0 = Release|Any CPU
		{E84A8D3E-4FB5-4A76-B8F3-74F5BEEDDEB3}.Release|iPhone.Deploy.0 = Release|Any CPU
		{E84A8D3E-4FB5-4A76-B8F3-74F5BEEDDEB3}.Release|iPhoneSimulator.ActiveCfg = Release|Any CPU
		{E84A8D3E-4FB5-4A76-B8F3-74F5BEEDDEB3}.Release|iPhoneSimulator.Build.0 = Release|Any CPU
		{E84A8D3E-4FB5-4A76-B8F3-74F5BEEDDEB3}.Release|iPhoneSimulator.Deploy.0 = Release|Any CPU
		{E84A8D3E-4FB5-4A76-B8F3-74F5BEEDDEB3}.Release|x86.ActiveCfg = Release|Any CPU
		{E84A8D3E-4FB5-4A76-B8F3-74F5BEEDDEB3}.Release|x86.Build.0 = Release|Any CPU
		{E84A8D3E-4FB5-4A76-B8F3-74F5BEEDDEB3}.Release|x86.Deploy.0 = Release|Any CPU
		{D8277430-A582-4E04-B474-A48C4A90A313}.Debug|Any CPU.ActiveCfg = Debug|iPhone
		{D8277430-A582-4E04-B474-A48C4A90A313}.Debug|ARM.ActiveCfg = Debug|iPhone
		{D8277430-A582-4E04-B474-A48C4A90A313}.Debug|iPhone.ActiveCfg = Debug|iPhone
		{D8277430-A582-4E04-B474-A48C4A90A313}.Debug|iPhone.Build.0 = Debug|iPhone
		{D8277430-A582-4E04-B474-A48C4A90A313}.Debug|iPhoneSimulator.ActiveCfg = Debug|iPhoneSimulator
		{D8277430-A582-4E04-B474-A48C4A90A313}.Debug|iPhoneSimulator.Build.0 = Debug|iPhoneSimulator
		{D8277430-A582-4E04-B474-A48C4A90A313}.Debug|x86.ActiveCfg = Debug|iPhone
		{D8277430-A582-4E04-B474-A48C4A90A313}.Release|Any CPU.ActiveCfg = Release|iPhone
		{D8277430-A582-4E04-B474-A48C4A90A313}.Release|ARM.ActiveCfg = Release|iPhone
		{D8277430-A582-4E04-B474-A48C4A90A313}.Release|iPhone.ActiveCfg = Release|iPhone
		{D8277430-A582-4E04-B474-A48C4A90A313}.Release|iPhone.Build.0 = Release|iPhone
		{D8277430-A582-4E04-B474-A48C4A90A313}.Release|iPhoneSimulator.ActiveCfg = Release|iPhoneSimulator
		{D8277430-A582-4E04-B474-A48C4A90A313}.Release|iPhoneSimulator.Build.0 = Release|iPhoneSimulator
		{D8277430-A582-4E04-B474-A48C4A90A313}.Release|x86.ActiveCfg = Release|iPhone
		{52408A94-78BD-4DD2-82A5-6F2388B088D3}.Debug|Any CPU.ActiveCfg = Debug|Any CPU
		{52408A94-78BD-4DD2-82A5-6F2388B088D3}.Debug|Any CPU.Build.0 = Debug|Any CPU
		{52408A94-78BD-4DD2-82A5-6F2388B088D3}.Debug|Any CPU.Deploy.0 = Debug|Any CPU
		{52408A94-78BD-4DD2-82A5-6F2388B088D3}.Debug|ARM.ActiveCfg = Debug|ARM
		{52408A94-78BD-4DD2-82A5-6F2388B088D3}.Debug|ARM.Build.0 = Debug|ARM
		{52408A94-78BD-4DD2-82A5-6F2388B088D3}.Debug|ARM.Deploy.0 = Debug|ARM
		{52408A94-78BD-4DD2-82A5-6F2388B088D3}.Debug|iPhone.ActiveCfg = Debug|Any CPU
		{52408A94-78BD-4DD2-82A5-6F2388B088D3}.Debug|iPhone.Build.0 = Debug|Any CPU
		{52408A94-78BD-4DD2-82A5-6F2388B088D3}.Debug|iPhone.Deploy.0 = Debug|Any CPU
		{52408A94-78BD-4DD2-82A5-6F2388B088D3}.Debug|iPhoneSimulator.ActiveCfg = Debug|Any CPU
		{52408A94-78BD-4DD2-82A5-6F2388B088D3}.Debug|iPhoneSimulator.Build.0 = Debug|Any CPU
		{52408A94-78BD-4DD2-82A5-6F2388B088D3}.Debug|iPhoneSimulator.Deploy.0 = Debug|Any CPU
		{52408A94-78BD-4DD2-82A5-6F2388B088D3}.Debug|x86.ActiveCfg = Debug|x86
		{52408A94-78BD-4DD2-82A5-6F2388B088D3}.Debug|x86.Build.0 = Debug|x86
		{52408A94-78BD-4DD2-82A5-6F2388B088D3}.Debug|x86.Deploy.0 = Debug|x86
		{52408A94-78BD-4DD2-82A5-6F2388B088D3}.Release|Any CPU.ActiveCfg = Release|Any CPU
		{52408A94-78BD-4DD2-82A5-6F2388B088D3}.Release|Any CPU.Build.0 = Release|Any CPU
		{52408A94-78BD-4DD2-82A5-6F2388B088D3}.Release|Any CPU.Deploy.0 = Release|Any CPU
		{52408A94-78BD-4DD2-82A5-6F2388B088D3}.Release|ARM.ActiveCfg = Release|ARM
		{52408A94-78BD-4DD2-82A5-6F2388B088D3}.Release|ARM.Build.0 = Release|ARM
		{52408A94-78BD-4DD2-82A5-6F2388B088D3}.Release|ARM.Deploy.0 = Release|ARM
		{52408A94-78BD-4DD2-82A5-6F2388B088D3}.Release|iPhone.ActiveCfg = Release|Any CPU
		{52408A94-78BD-4DD2-82A5-6F2388B088D3}.Release|iPhone.Build.0 = Release|Any CPU
		{52408A94-78BD-4DD2-82A5-6F2388B088D3}.Release|iPhone.Deploy.0 = Release|Any CPU
		{52408A94-78BD-4DD2-82A5-6F2388B088D3}.Release|iPhoneSimulator.ActiveCfg = Release|Any CPU
		{52408A94-78BD-4DD2-82A5-6F2388B088D3}.Release|iPhoneSimulator.Build.0 = Release|Any CPU
		{52408A94-78BD-4DD2-82A5-6F2388B088D3}.Release|iPhoneSimulator.Deploy.0 = Release|Any CPU
		{52408A94-78BD-4DD2-82A5-6F2388B088D3}.Release|x86.ActiveCfg = Release|x86
		{52408A94-78BD-4DD2-82A5-6F2388B088D3}.Release|x86.Build.0 = Release|x86
		{52408A94-78BD-4DD2-82A5-6F2388B088D3}.Release|x86.Deploy.0 = Release|x86
		{84E46F6D-1424-48B7-8966-B6FD6153FEE3}.Debug|Any CPU.ActiveCfg = Debug|Any CPU
		{84E46F6D-1424-48B7-8966-B6FD6153FEE3}.Debug|Any CPU.Build.0 = Debug|Any CPU
		{84E46F6D-1424-48B7-8966-B6FD6153FEE3}.Debug|ARM.ActiveCfg = Debug|Any CPU
		{84E46F6D-1424-48B7-8966-B6FD6153FEE3}.Debug|ARM.Build.0 = Debug|Any CPU
		{84E46F6D-1424-48B7-8966-B6FD6153FEE3}.Debug|iPhone.ActiveCfg = Debug|Any CPU
		{84E46F6D-1424-48B7-8966-B6FD6153FEE3}.Debug|iPhone.Build.0 = Debug|Any CPU
		{84E46F6D-1424-48B7-8966-B6FD6153FEE3}.Debug|iPhoneSimulator.ActiveCfg = Debug|Any CPU
		{84E46F6D-1424-48B7-8966-B6FD6153FEE3}.Debug|iPhoneSimulator.Build.0 = Debug|Any CPU
		{84E46F6D-1424-48B7-8966-B6FD6153FEE3}.Debug|x86.ActiveCfg = Debug|Any CPU
		{84E46F6D-1424-48B7-8966-B6FD6153FEE3}.Debug|x86.Build.0 = Debug|Any CPU
		{84E46F6D-1424-48B7-8966-B6FD6153FEE3}.Release|Any CPU.ActiveCfg = Release|Any CPU
		{84E46F6D-1424-48B7-8966-B6FD6153FEE3}.Release|Any CPU.Build.0 = Release|Any CPU
		{84E46F6D-1424-48B7-8966-B6FD6153FEE3}.Release|ARM.ActiveCfg = Release|Any CPU
		{84E46F6D-1424-48B7-8966-B6FD6153FEE3}.Release|ARM.Build.0 = Release|Any CPU
		{84E46F6D-1424-48B7-8966-B6FD6153FEE3}.Release|iPhone.ActiveCfg = Release|Any CPU
		{84E46F6D-1424-48B7-8966-B6FD6153FEE3}.Release|iPhone.Build.0 = Release|Any CPU
		{84E46F6D-1424-48B7-8966-B6FD6153FEE3}.Release|iPhoneSimulator.ActiveCfg = Release|Any CPU
		{84E46F6D-1424-48B7-8966-B6FD6153FEE3}.Release|iPhoneSimulator.Build.0 = Release|Any CPU
		{84E46F6D-1424-48B7-8966-B6FD6153FEE3}.Release|x86.ActiveCfg = Release|Any CPU
		{84E46F6D-1424-48B7-8966-B6FD6153FEE3}.Release|x86.Build.0 = Release|Any CPU
		{D59A4703-66EF-4AE1-AE35-5C2175ABEA88}.Debug|Any CPU.ActiveCfg = Debug|Any CPU
		{D59A4703-66EF-4AE1-AE35-5C2175ABEA88}.Debug|Any CPU.Build.0 = Debug|Any CPU
		{D59A4703-66EF-4AE1-AE35-5C2175ABEA88}.Debug|ARM.ActiveCfg = Debug|Any CPU
		{D59A4703-66EF-4AE1-AE35-5C2175ABEA88}.Debug|ARM.Build.0 = Debug|Any CPU
		{D59A4703-66EF-4AE1-AE35-5C2175ABEA88}.Debug|iPhone.ActiveCfg = Debug|Any CPU
		{D59A4703-66EF-4AE1-AE35-5C2175ABEA88}.Debug|iPhone.Build.0 = Debug|Any CPU
		{D59A4703-66EF-4AE1-AE35-5C2175ABEA88}.Debug|iPhoneSimulator.ActiveCfg = Debug|Any CPU
		{D59A4703-66EF-4AE1-AE35-5C2175ABEA88}.Debug|iPhoneSimulator.Build.0 = Debug|Any CPU
		{D59A4703-66EF-4AE1-AE35-5C2175ABEA88}.Debug|x86.ActiveCfg = Debug|Any CPU
		{D59A4703-66EF-4AE1-AE35-5C2175ABEA88}.Debug|x86.Build.0 = Debug|Any CPU
		{D59A4703-66EF-4AE1-AE35-5C2175ABEA88}.Release|Any CPU.ActiveCfg = Release|Any CPU
		{D59A4703-66EF-4AE1-AE35-5C2175ABEA88}.Release|Any CPU.Build.0 = Release|Any CPU
		{D59A4703-66EF-4AE1-AE35-5C2175ABEA88}.Release|ARM.ActiveCfg = Release|Any CPU
		{D59A4703-66EF-4AE1-AE35-5C2175ABEA88}.Release|ARM.Build.0 = Release|Any CPU
		{D59A4703-66EF-4AE1-AE35-5C2175ABEA88}.Release|iPhone.ActiveCfg = Release|Any CPU
		{D59A4703-66EF-4AE1-AE35-5C2175ABEA88}.Release|iPhone.Build.0 = Release|Any CPU
		{D59A4703-66EF-4AE1-AE35-5C2175ABEA88}.Release|iPhoneSimulator.ActiveCfg = Release|Any CPU
		{D59A4703-66EF-4AE1-AE35-5C2175ABEA88}.Release|iPhoneSimulator.Build.0 = Release|Any CPU
		{D59A4703-66EF-4AE1-AE35-5C2175ABEA88}.Release|x86.ActiveCfg = Release|Any CPU
		{D59A4703-66EF-4AE1-AE35-5C2175ABEA88}.Release|x86.Build.0 = Release|Any CPU
		{CF957320-C8F6-4631-AEC8-E2F92C6A3BC4}.Debug|Any CPU.ActiveCfg = Debug|Any CPU
		{CF957320-C8F6-4631-AEC8-E2F92C6A3BC4}.Debug|Any CPU.Build.0 = Debug|Any CPU
		{CF957320-C8F6-4631-AEC8-E2F92C6A3BC4}.Debug|ARM.ActiveCfg = Debug|Any CPU
		{CF957320-C8F6-4631-AEC8-E2F92C6A3BC4}.Debug|ARM.Build.0 = Debug|Any CPU
		{CF957320-C8F6-4631-AEC8-E2F92C6A3BC4}.Debug|iPhone.ActiveCfg = Debug|Any CPU
		{CF957320-C8F6-4631-AEC8-E2F92C6A3BC4}.Debug|iPhone.Build.0 = Debug|Any CPU
		{CF957320-C8F6-4631-AEC8-E2F92C6A3BC4}.Debug|iPhoneSimulator.ActiveCfg = Debug|Any CPU
		{CF957320-C8F6-4631-AEC8-E2F92C6A3BC4}.Debug|iPhoneSimulator.Build.0 = Debug|Any CPU
		{CF957320-C8F6-4631-AEC8-E2F92C6A3BC4}.Debug|x86.ActiveCfg = Debug|Any CPU
		{CF957320-C8F6-4631-AEC8-E2F92C6A3BC4}.Debug|x86.Build.0 = Debug|Any CPU
		{CF957320-C8F6-4631-AEC8-E2F92C6A3BC4}.Release|Any CPU.ActiveCfg = Release|Any CPU
		{CF957320-C8F6-4631-AEC8-E2F92C6A3BC4}.Release|Any CPU.Build.0 = Release|Any CPU
		{CF957320-C8F6-4631-AEC8-E2F92C6A3BC4}.Release|ARM.ActiveCfg = Release|Any CPU
		{CF957320-C8F6-4631-AEC8-E2F92C6A3BC4}.Release|ARM.Build.0 = Release|Any CPU
		{CF957320-C8F6-4631-AEC8-E2F92C6A3BC4}.Release|iPhone.ActiveCfg = Release|Any CPU
		{CF957320-C8F6-4631-AEC8-E2F92C6A3BC4}.Release|iPhone.Build.0 = Release|Any CPU
		{CF957320-C8F6-4631-AEC8-E2F92C6A3BC4}.Release|iPhoneSimulator.ActiveCfg = Release|Any CPU
		{CF957320-C8F6-4631-AEC8-E2F92C6A3BC4}.Release|iPhoneSimulator.Build.0 = Release|Any CPU
		{CF957320-C8F6-4631-AEC8-E2F92C6A3BC4}.Release|x86.ActiveCfg = Release|Any CPU
		{CF957320-C8F6-4631-AEC8-E2F92C6A3BC4}.Release|x86.Build.0 = Release|Any CPU
		{A8CD4A6F-7D69-49A6-A4A8-D199DDC6E490}.Debug|Any CPU.ActiveCfg = Debug|Any CPU
		{A8CD4A6F-7D69-49A6-A4A8-D199DDC6E490}.Debug|Any CPU.Build.0 = Debug|Any CPU
		{A8CD4A6F-7D69-49A6-A4A8-D199DDC6E490}.Debug|ARM.ActiveCfg = Debug|Any CPU
		{A8CD4A6F-7D69-49A6-A4A8-D199DDC6E490}.Debug|ARM.Build.0 = Debug|Any CPU
		{A8CD4A6F-7D69-49A6-A4A8-D199DDC6E490}.Debug|iPhone.ActiveCfg = Debug|Any CPU
		{A8CD4A6F-7D69-49A6-A4A8-D199DDC6E490}.Debug|iPhone.Build.0 = Debug|Any CPU
		{A8CD4A6F-7D69-49A6-A4A8-D199DDC6E490}.Debug|iPhoneSimulator.ActiveCfg = Debug|Any CPU
		{A8CD4A6F-7D69-49A6-A4A8-D199DDC6E490}.Debug|iPhoneSimulator.Build.0 = Debug|Any CPU
		{A8CD4A6F-7D69-49A6-A4A8-D199DDC6E490}.Debug|x86.ActiveCfg = Debug|Any CPU
		{A8CD4A6F-7D69-49A6-A4A8-D199DDC6E490}.Debug|x86.Build.0 = Debug|Any CPU
		{A8CD4A6F-7D69-49A6-A4A8-D199DDC6E490}.Release|Any CPU.ActiveCfg = Release|Any CPU
		{A8CD4A6F-7D69-49A6-A4A8-D199DDC6E490}.Release|Any CPU.Build.0 = Release|Any CPU
		{A8CD4A6F-7D69-49A6-A4A8-D199DDC6E490}.Release|ARM.ActiveCfg = Release|Any CPU
		{A8CD4A6F-7D69-49A6-A4A8-D199DDC6E490}.Release|ARM.Build.0 = Release|Any CPU
		{A8CD4A6F-7D69-49A6-A4A8-D199DDC6E490}.Release|iPhone.ActiveCfg = Release|Any CPU
		{A8CD4A6F-7D69-49A6-A4A8-D199DDC6E490}.Release|iPhone.Build.0 = Release|Any CPU
		{A8CD4A6F-7D69-49A6-A4A8-D199DDC6E490}.Release|iPhoneSimulator.ActiveCfg = Release|Any CPU
		{A8CD4A6F-7D69-49A6-A4A8-D199DDC6E490}.Release|iPhoneSimulator.Build.0 = Release|Any CPU
		{A8CD4A6F-7D69-49A6-A4A8-D199DDC6E490}.Release|x86.ActiveCfg = Release|Any CPU
		{A8CD4A6F-7D69-49A6-A4A8-D199DDC6E490}.Release|x86.Build.0 = Release|Any CPU
		{69A819D5-3037-4E56-90E4-A9EDFF41B88A}.Debug|Any CPU.ActiveCfg = Debug|Any CPU
		{69A819D5-3037-4E56-90E4-A9EDFF41B88A}.Debug|Any CPU.Build.0 = Debug|Any CPU
		{69A819D5-3037-4E56-90E4-A9EDFF41B88A}.Debug|ARM.ActiveCfg = Debug|Any CPU
		{69A819D5-3037-4E56-90E4-A9EDFF41B88A}.Debug|ARM.Build.0 = Debug|Any CPU
		{69A819D5-3037-4E56-90E4-A9EDFF41B88A}.Debug|iPhone.ActiveCfg = Debug|Any CPU
		{69A819D5-3037-4E56-90E4-A9EDFF41B88A}.Debug|iPhone.Build.0 = Debug|Any CPU
		{69A819D5-3037-4E56-90E4-A9EDFF41B88A}.Debug|iPhoneSimulator.ActiveCfg = Debug|Any CPU
		{69A819D5-3037-4E56-90E4-A9EDFF41B88A}.Debug|iPhoneSimulator.Build.0 = Debug|Any CPU
		{69A819D5-3037-4E56-90E4-A9EDFF41B88A}.Debug|x86.ActiveCfg = Debug|Any CPU
		{69A819D5-3037-4E56-90E4-A9EDFF41B88A}.Debug|x86.Build.0 = Debug|Any CPU
		{69A819D5-3037-4E56-90E4-A9EDFF41B88A}.Release|Any CPU.ActiveCfg = Release|Any CPU
		{69A819D5-3037-4E56-90E4-A9EDFF41B88A}.Release|Any CPU.Build.0 = Release|Any CPU
		{69A819D5-3037-4E56-90E4-A9EDFF41B88A}.Release|ARM.ActiveCfg = Release|Any CPU
		{69A819D5-3037-4E56-90E4-A9EDFF41B88A}.Release|ARM.Build.0 = Release|Any CPU
		{69A819D5-3037-4E56-90E4-A9EDFF41B88A}.Release|iPhone.ActiveCfg = Release|Any CPU
		{69A819D5-3037-4E56-90E4-A9EDFF41B88A}.Release|iPhone.Build.0 = Release|Any CPU
		{69A819D5-3037-4E56-90E4-A9EDFF41B88A}.Release|iPhoneSimulator.ActiveCfg = Release|Any CPU
		{69A819D5-3037-4E56-90E4-A9EDFF41B88A}.Release|iPhoneSimulator.Build.0 = Release|Any CPU
		{69A819D5-3037-4E56-90E4-A9EDFF41B88A}.Release|x86.ActiveCfg = Release|Any CPU
		{69A819D5-3037-4E56-90E4-A9EDFF41B88A}.Release|x86.Build.0 = Release|Any CPU
		{81C38E8C-036A-43FA-92C5-446BBCE6E656}.Debug|Any CPU.ActiveCfg = Debug|Any CPU
		{81C38E8C-036A-43FA-92C5-446BBCE6E656}.Debug|Any CPU.Build.0 = Debug|Any CPU
		{81C38E8C-036A-43FA-92C5-446BBCE6E656}.Debug|ARM.ActiveCfg = Debug|Any CPU
		{81C38E8C-036A-43FA-92C5-446BBCE6E656}.Debug|ARM.Build.0 = Debug|Any CPU
		{81C38E8C-036A-43FA-92C5-446BBCE6E656}.Debug|iPhone.ActiveCfg = Debug|Any CPU
		{81C38E8C-036A-43FA-92C5-446BBCE6E656}.Debug|iPhone.Build.0 = Debug|Any CPU
		{81C38E8C-036A-43FA-92C5-446BBCE6E656}.Debug|iPhoneSimulator.ActiveCfg = Debug|Any CPU
		{81C38E8C-036A-43FA-92C5-446BBCE6E656}.Debug|iPhoneSimulator.Build.0 = Debug|Any CPU
		{81C38E8C-036A-43FA-92C5-446BBCE6E656}.Debug|x86.ActiveCfg = Debug|Any CPU
		{81C38E8C-036A-43FA-92C5-446BBCE6E656}.Debug|x86.Build.0 = Debug|Any CPU
		{81C38E8C-036A-43FA-92C5-446BBCE6E656}.Release|Any CPU.ActiveCfg = Release|Any CPU
		{81C38E8C-036A-43FA-92C5-446BBCE6E656}.Release|Any CPU.Build.0 = Release|Any CPU
		{81C38E8C-036A-43FA-92C5-446BBCE6E656}.Release|ARM.ActiveCfg = Release|Any CPU
		{81C38E8C-036A-43FA-92C5-446BBCE6E656}.Release|ARM.Build.0 = Release|Any CPU
		{81C38E8C-036A-43FA-92C5-446BBCE6E656}.Release|iPhone.ActiveCfg = Release|Any CPU
		{81C38E8C-036A-43FA-92C5-446BBCE6E656}.Release|iPhone.Build.0 = Release|Any CPU
		{81C38E8C-036A-43FA-92C5-446BBCE6E656}.Release|iPhoneSimulator.ActiveCfg = Release|Any CPU
		{81C38E8C-036A-43FA-92C5-446BBCE6E656}.Release|iPhoneSimulator.Build.0 = Release|Any CPU
		{81C38E8C-036A-43FA-92C5-446BBCE6E656}.Release|x86.ActiveCfg = Release|Any CPU
		{81C38E8C-036A-43FA-92C5-446BBCE6E656}.Release|x86.Build.0 = Release|Any CPU
		{FA9F282F-5BEA-4035-8C41-4FF8DDF24517}.Debug|Any CPU.ActiveCfg = Debug|Any CPU
		{FA9F282F-5BEA-4035-8C41-4FF8DDF24517}.Debug|Any CPU.Build.0 = Debug|Any CPU
		{FA9F282F-5BEA-4035-8C41-4FF8DDF24517}.Debug|ARM.ActiveCfg = Debug|Any CPU
		{FA9F282F-5BEA-4035-8C41-4FF8DDF24517}.Debug|ARM.Build.0 = Debug|Any CPU
		{FA9F282F-5BEA-4035-8C41-4FF8DDF24517}.Debug|iPhone.ActiveCfg = Debug|Any CPU
		{FA9F282F-5BEA-4035-8C41-4FF8DDF24517}.Debug|iPhone.Build.0 = Debug|Any CPU
		{FA9F282F-5BEA-4035-8C41-4FF8DDF24517}.Debug|iPhoneSimulator.ActiveCfg = Debug|Any CPU
		{FA9F282F-5BEA-4035-8C41-4FF8DDF24517}.Debug|iPhoneSimulator.Build.0 = Debug|Any CPU
		{FA9F282F-5BEA-4035-8C41-4FF8DDF24517}.Debug|x86.ActiveCfg = Debug|Any CPU
		{FA9F282F-5BEA-4035-8C41-4FF8DDF24517}.Debug|x86.Build.0 = Debug|Any CPU
		{FA9F282F-5BEA-4035-8C41-4FF8DDF24517}.Release|Any CPU.ActiveCfg = Release|Any CPU
		{FA9F282F-5BEA-4035-8C41-4FF8DDF24517}.Release|Any CPU.Build.0 = Release|Any CPU
		{FA9F282F-5BEA-4035-8C41-4FF8DDF24517}.Release|ARM.ActiveCfg = Release|Any CPU
		{FA9F282F-5BEA-4035-8C41-4FF8DDF24517}.Release|ARM.Build.0 = Release|Any CPU
		{FA9F282F-5BEA-4035-8C41-4FF8DDF24517}.Release|iPhone.ActiveCfg = Release|Any CPU
		{FA9F282F-5BEA-4035-8C41-4FF8DDF24517}.Release|iPhone.Build.0 = Release|Any CPU
		{FA9F282F-5BEA-4035-8C41-4FF8DDF24517}.Release|iPhoneSimulator.ActiveCfg = Release|Any CPU
		{FA9F282F-5BEA-4035-8C41-4FF8DDF24517}.Release|iPhoneSimulator.Build.0 = Release|Any CPU
		{FA9F282F-5BEA-4035-8C41-4FF8DDF24517}.Release|x86.ActiveCfg = Release|Any CPU
		{FA9F282F-5BEA-4035-8C41-4FF8DDF24517}.Release|x86.Build.0 = Release|Any CPU
		{A5859E0E-3C08-4045-B8DC-B3FB13655B00}.Debug|Any CPU.ActiveCfg = Debug|Any CPU
		{A5859E0E-3C08-4045-B8DC-B3FB13655B00}.Debug|Any CPU.Build.0 = Debug|Any CPU
		{A5859E0E-3C08-4045-B8DC-B3FB13655B00}.Debug|ARM.ActiveCfg = Debug|Any CPU
		{A5859E0E-3C08-4045-B8DC-B3FB13655B00}.Debug|ARM.Build.0 = Debug|Any CPU
		{A5859E0E-3C08-4045-B8DC-B3FB13655B00}.Debug|iPhone.ActiveCfg = Debug|Any CPU
		{A5859E0E-3C08-4045-B8DC-B3FB13655B00}.Debug|iPhone.Build.0 = Debug|Any CPU
		{A5859E0E-3C08-4045-B8DC-B3FB13655B00}.Debug|iPhoneSimulator.ActiveCfg = Debug|Any CPU
		{A5859E0E-3C08-4045-B8DC-B3FB13655B00}.Debug|iPhoneSimulator.Build.0 = Debug|Any CPU
		{A5859E0E-3C08-4045-B8DC-B3FB13655B00}.Debug|x86.ActiveCfg = Debug|Any CPU
		{A5859E0E-3C08-4045-B8DC-B3FB13655B00}.Debug|x86.Build.0 = Debug|Any CPU
		{A5859E0E-3C08-4045-B8DC-B3FB13655B00}.Release|Any CPU.ActiveCfg = Release|Any CPU
		{A5859E0E-3C08-4045-B8DC-B3FB13655B00}.Release|Any CPU.Build.0 = Release|Any CPU
		{A5859E0E-3C08-4045-B8DC-B3FB13655B00}.Release|ARM.ActiveCfg = Release|Any CPU
		{A5859E0E-3C08-4045-B8DC-B3FB13655B00}.Release|ARM.Build.0 = Release|Any CPU
		{A5859E0E-3C08-4045-B8DC-B3FB13655B00}.Release|iPhone.ActiveCfg = Release|Any CPU
		{A5859E0E-3C08-4045-B8DC-B3FB13655B00}.Release|iPhone.Build.0 = Release|Any CPU
		{A5859E0E-3C08-4045-B8DC-B3FB13655B00}.Release|iPhoneSimulator.ActiveCfg = Release|Any CPU
		{A5859E0E-3C08-4045-B8DC-B3FB13655B00}.Release|iPhoneSimulator.Build.0 = Release|Any CPU
		{A5859E0E-3C08-4045-B8DC-B3FB13655B00}.Release|x86.ActiveCfg = Release|Any CPU
		{A5859E0E-3C08-4045-B8DC-B3FB13655B00}.Release|x86.Build.0 = Release|Any CPU
		{86CADB26-5817-46B6-88C7-76D5753722C3}.Debug|Any CPU.ActiveCfg = Debug|Any CPU
		{86CADB26-5817-46B6-88C7-76D5753722C3}.Debug|Any CPU.Build.0 = Debug|Any CPU
		{86CADB26-5817-46B6-88C7-76D5753722C3}.Debug|ARM.ActiveCfg = Debug|Any CPU
		{86CADB26-5817-46B6-88C7-76D5753722C3}.Debug|ARM.Build.0 = Debug|Any CPU
		{86CADB26-5817-46B6-88C7-76D5753722C3}.Debug|iPhone.ActiveCfg = Debug|Any CPU
		{86CADB26-5817-46B6-88C7-76D5753722C3}.Debug|iPhone.Build.0 = Debug|Any CPU
		{86CADB26-5817-46B6-88C7-76D5753722C3}.Debug|iPhoneSimulator.ActiveCfg = Debug|Any CPU
		{86CADB26-5817-46B6-88C7-76D5753722C3}.Debug|iPhoneSimulator.Build.0 = Debug|Any CPU
		{86CADB26-5817-46B6-88C7-76D5753722C3}.Debug|x86.ActiveCfg = Debug|Any CPU
		{86CADB26-5817-46B6-88C7-76D5753722C3}.Debug|x86.Build.0 = Debug|Any CPU
		{86CADB26-5817-46B6-88C7-76D5753722C3}.Release|Any CPU.ActiveCfg = Release|Any CPU
		{86CADB26-5817-46B6-88C7-76D5753722C3}.Release|Any CPU.Build.0 = Release|Any CPU
		{86CADB26-5817-46B6-88C7-76D5753722C3}.Release|ARM.ActiveCfg = Release|Any CPU
		{86CADB26-5817-46B6-88C7-76D5753722C3}.Release|ARM.Build.0 = Release|Any CPU
		{86CADB26-5817-46B6-88C7-76D5753722C3}.Release|iPhone.ActiveCfg = Release|Any CPU
		{86CADB26-5817-46B6-88C7-76D5753722C3}.Release|iPhone.Build.0 = Release|Any CPU
		{86CADB26-5817-46B6-88C7-76D5753722C3}.Release|iPhoneSimulator.ActiveCfg = Release|Any CPU
		{86CADB26-5817-46B6-88C7-76D5753722C3}.Release|iPhoneSimulator.Build.0 = Release|Any CPU
		{86CADB26-5817-46B6-88C7-76D5753722C3}.Release|x86.ActiveCfg = Release|Any CPU
		{86CADB26-5817-46B6-88C7-76D5753722C3}.Release|x86.Build.0 = Release|Any CPU
		{592B2F78-44D4-47FA-AA7D-66E083B1EC78}.Debug|Any CPU.ActiveCfg = Debug|Any CPU
		{592B2F78-44D4-47FA-AA7D-66E083B1EC78}.Debug|Any CPU.Build.0 = Debug|Any CPU
		{592B2F78-44D4-47FA-AA7D-66E083B1EC78}.Debug|ARM.ActiveCfg = Debug|Any CPU
		{592B2F78-44D4-47FA-AA7D-66E083B1EC78}.Debug|ARM.Build.0 = Debug|Any CPU
		{592B2F78-44D4-47FA-AA7D-66E083B1EC78}.Debug|iPhone.ActiveCfg = Debug|Any CPU
		{592B2F78-44D4-47FA-AA7D-66E083B1EC78}.Debug|iPhone.Build.0 = Debug|Any CPU
		{592B2F78-44D4-47FA-AA7D-66E083B1EC78}.Debug|iPhoneSimulator.ActiveCfg = Debug|Any CPU
		{592B2F78-44D4-47FA-AA7D-66E083B1EC78}.Debug|iPhoneSimulator.Build.0 = Debug|Any CPU
		{592B2F78-44D4-47FA-AA7D-66E083B1EC78}.Debug|x86.ActiveCfg = Debug|Any CPU
		{592B2F78-44D4-47FA-AA7D-66E083B1EC78}.Debug|x86.Build.0 = Debug|Any CPU
		{592B2F78-44D4-47FA-AA7D-66E083B1EC78}.Release|Any CPU.ActiveCfg = Release|Any CPU
		{592B2F78-44D4-47FA-AA7D-66E083B1EC78}.Release|Any CPU.Build.0 = Release|Any CPU
		{592B2F78-44D4-47FA-AA7D-66E083B1EC78}.Release|ARM.ActiveCfg = Release|Any CPU
		{592B2F78-44D4-47FA-AA7D-66E083B1EC78}.Release|ARM.Build.0 = Release|Any CPU
		{592B2F78-44D4-47FA-AA7D-66E083B1EC78}.Release|iPhone.ActiveCfg = Release|Any CPU
		{592B2F78-44D4-47FA-AA7D-66E083B1EC78}.Release|iPhone.Build.0 = Release|Any CPU
		{592B2F78-44D4-47FA-AA7D-66E083B1EC78}.Release|iPhoneSimulator.ActiveCfg = Release|Any CPU
		{592B2F78-44D4-47FA-AA7D-66E083B1EC78}.Release|iPhoneSimulator.Build.0 = Release|Any CPU
		{592B2F78-44D4-47FA-AA7D-66E083B1EC78}.Release|x86.ActiveCfg = Release|Any CPU
		{592B2F78-44D4-47FA-AA7D-66E083B1EC78}.Release|x86.Build.0 = Release|Any CPU
	EndGlobalSection
	GlobalSection(SolutionProperties) = preSolution
		HideSolutionNode = FALSE
	EndGlobalSection
	GlobalSection(NestedProjects) = preSolution
		{E84A8D3E-4FB5-4A76-B8F3-74F5BEEDDEB3} = {A5AE60D1-75C7-4DC1-9A86-A9CB96EFACA1}
		{D8277430-A582-4E04-B474-A48C4A90A313} = {A5AE60D1-75C7-4DC1-9A86-A9CB96EFACA1}
		{52408A94-78BD-4DD2-82A5-6F2388B088D3} = {A5AE60D1-75C7-4DC1-9A86-A9CB96EFACA1}
		{84E46F6D-1424-48B7-8966-B6FD6153FEE3} = {A5AE60D1-75C7-4DC1-9A86-A9CB96EFACA1}
		{D59A4703-66EF-4AE1-AE35-5C2175ABEA88} = {92D9B48E-F939-40A8-8EDB-A50A37567A16}
		{CF957320-C8F6-4631-AEC8-E2F92C6A3BC4} = {92D9B48E-F939-40A8-8EDB-A50A37567A16}
		{A8CD4A6F-7D69-49A6-A4A8-D199DDC6E490} = {92D9B48E-F939-40A8-8EDB-A50A37567A16}
		{69A819D5-3037-4E56-90E4-A9EDFF41B88A} = {92D9B48E-F939-40A8-8EDB-A50A37567A16}
		{81C38E8C-036A-43FA-92C5-446BBCE6E656} = {92D9B48E-F939-40A8-8EDB-A50A37567A16}
		{FA9F282F-5BEA-4035-8C41-4FF8DDF24517} = {92D9B48E-F939-40A8-8EDB-A50A37567A16}
		{592B2F78-44D4-47FA-AA7D-66E083B1EC78} = {92D9B48E-F939-40A8-8EDB-A50A37567A16}
	EndGlobalSection
EndGlobal
