
Microsoft Visual Studio Solution File, Format Version 12.00
# Visual Studio 14
VisualStudioVersion = 14.0.25420.1
MinimumVisualStudioVersion = 10.0.40219.1
Project("{FAE04EC0-301F-11D3-BF4B-00C04F79EFBC}") = "ResidentAppCross.iOS", "ResidentAppCross\ResidentAppCross.iOS\ResidentAppCross.iOS.csproj", "{D8277430-A582-4E04-B474-A48C4A90A313}"
EndProject
Project("{FAE04EC0-301F-11D3-BF4B-00C04F79EFBC}") = "ResidentAppCross.WinPhone", "ResidentAppCross\ResidentAppCross.WinPhone\ResidentAppCross.WinPhone.csproj", "{52408A94-78BD-4DD2-82A5-6F2388B088D3}"
EndProject
Project("{FAE04EC0-301F-11D3-BF4B-00C04F79EFBC}") = "ResidentAppCross", "ResidentAppCross\ResidentAppCross\ResidentAppCross.csproj", "{84E46F6D-1424-48B7-8966-B6FD6153FEE3}"
EndProject
Project("{2150E333-8FDC-42A3-9474-1A3956D46DE8}") = "Web Stuff", "Web Stuff", "{92D9B48E-F939-40A8-8EDB-A50A37567A16}"
EndProject
Project("{2150E333-8FDC-42A3-9474-1A3956D46DE8}") = "Mobile App", "Mobile App", "{A5AE60D1-75C7-4DC1-9A86-A9CB96EFACA1}"
EndProject
Project("{2150E333-8FDC-42A3-9474-1A3956D46DE8}") = "Solution Items", "Solution Items", "{C3722C9B-9DC3-4912-9E4A-333A3E16FAAF}"
	ProjectSection(SolutionItems) = preProject
		Documentation.txt = Documentation.txt
	EndProjectSection
EndProject
Project("{FAE04EC0-301F-11D3-BF4B-00C04F79EFBC}") = "SCLAlertViewLib", "ResidentAppCross\SCLAlertViewLib\SCLAlertViewLib.csproj", "{EE36DD11-4F2C-4D9E-A8A7-7EC647B2AD9F}"
EndProject
Project("{2150E333-8FDC-42A3-9474-1A3956D46DE8}") = "Modules", "Modules", "{4458D440-05CC-404B-A8E0-C717E7F4DCAB}"
EndProject
Project("{FAE04EC0-301F-11D3-BF4B-00C04F79EFBC}") = "ApartmentApps.Tests", "ApartmentApps.Tests\ApartmentApps.Tests.csproj", "{AD9187BB-8707-49EF-B0AB-E39D55F84AA0}"
EndProject
Project("{FAE04EC0-301F-11D3-BF4B-00C04F79EFBC}") = "ApartmentApps.API.Service", "ApartmentApps.API.Service\ApartmentApps.API.Service.csproj", "{D59A4703-66EF-4AE1-AE35-5C2175ABEA88}"
EndProject
Project("{FAE04EC0-301F-11D3-BF4B-00C04F79EFBC}") = "PlaygroundConsole", "PlaygroundConsole\PlaygroundConsole.csproj", "{CF957320-C8F6-4631-AEC8-E2F92C6A3BC4}"
EndProject
Project("{FAE04EC0-301F-11D3-BF4B-00C04F79EFBC}") = "Entrata.Client", "Entrata.Client\Entrata.Client.csproj", "{A8CD4A6F-7D69-49A6-A4A8-D199DDC6E490}"
EndProject
Project("{FAE04EC0-301F-11D3-BF4B-00C04F79EFBC}") = "ApartmentApps.Data", "ApartmentApps.Data\ApartmentApps.Data.csproj", "{69A819D5-3037-4E56-90E4-A9EDFF41B88A}"
EndProject
Project("{FAE04EC0-301F-11D3-BF4B-00C04F79EFBC}") = "ApartmentApps.Api", "ApartmentApps.Api\ApartmentApps.Api.csproj", "{81C38E8C-036A-43FA-92C5-446BBCE6E656}"
EndProject
Project("{FAE04EC0-301F-11D3-BF4B-00C04F79EFBC}") = "ApartmentApps.Portal", "ApartmentApps.Portal\ApartmentApps.Portal.csproj", "{FA9F282F-5BEA-4035-8C41-4FF8DDF24517}"
EndProject
Project("{FAE04EC0-301F-11D3-BF4B-00C04F79EFBC}") = "ApartmentApps.IoC", "ApartmentApps.IoC\ApartmentApps.IoC.csproj", "{A7A41793-D1A8-4FF3-BAFD-207C43E73F32}"
EndProject
Project("{FAE04EC0-301F-11D3-BF4B-00C04F79EFBC}") = "ApartmentApps.Forms", "ApartmentApps.Forms\ApartmentApps.Forms.csproj", "{E3722B2C-0EE1-4359-89D2-CD78BDDD59C7}"
EndProject
Project("{FAE04EC0-301F-11D3-BF4B-00C04F79EFBC}") = "ApartmentApps.Jobs", "ApartmentApps.Jobs\ApartmentApps.Jobs.csproj", "{5598F2AA-3792-47FC-A890-0200E1BA2558}"
EndProject
Project("{FAE04EC0-301F-11D3-BF4B-00C04F79EFBC}") = "Yardi.Client", "Yardi.Client\Yardi.Client.csproj", "{8DDFFF0B-C890-4108-9EF1-FA4778AEF723}"
EndProject
Project("{FAE04EC0-301F-11D3-BF4B-00C04F79EFBC}") = "ApartmentApps.Payments.Forte", "ApartmentApps.Payments.Forte\ApartmentApps.Payments.Forte.csproj", "{37CB1883-4CF9-4AC2-91E4-036D806657F2}"
EndProject
Project("{FAE04EC0-301F-11D3-BF4B-00C04F79EFBC}") = "ApartmentApps.Modules.Payments", "ApartmentApps.Modules.Payments\ApartmentApps.Modules.Payments.csproj", "{CC299297-365F-4643-A0B8-316C788A4EF7}"
EndProject
Project("{FAE04EC0-301F-11D3-BF4B-00C04F79EFBC}") = "ApartmentApps.Modules.Maintenance", "ApartmentApps.Modules.Maintenance\ApartmentApps.Modules.Maintenance.csproj", "{CFDCC102-7E3C-4E49-B438-ADE9D48F6615}"
EndProject
Project("{FAE04EC0-301F-11D3-BF4B-00C04F79EFBC}") = "ApartmentApps.Modules.CourtesyOfficer", "ApartmentApps.Modules.CourtesyOfficer\ApartmentApps.Modules.CourtesyOfficer.csproj", "{62C439C3-12AF-48C9-B7B2-84BC16893027}"
EndProject
Project("{FAE04EC0-301F-11D3-BF4B-00C04F79EFBC}") = "ApartmentApps.Modules.Messaging", "ApartmentApps.Modules.Messaging\ApartmentApps.Modules.Messaging.csproj", "{D1766F08-A347-4694-97CF-8AAA5749B6B2}"
EndProject
Project("{FAE04EC0-301F-11D3-BF4B-00C04F79EFBC}") = "ApartmentApps.Modules.Entrata", "ApartmentApps.Modules.Entrata\ApartmentApps.Modules.Entrata.csproj", "{903C7CD3-93D3-46D3-993B-FA40EEA0BF93}"
EndProject
Project("{FAE04EC0-301F-11D3-BF4B-00C04F79EFBC}") = "ApartmentApps.Modules.Yardi", "ApartmentApps.Modules.Yardi\ApartmentApps.Modules.Yardi.csproj", "{3227FEA6-40AB-4E1B-A371-B9FB08F6FA57}"
EndProject
Project("{FAE04EC0-301F-11D3-BF4B-00C04F79EFBC}") = "ApartmentApps.Modules.Alerts", "ApartmentApps.Modules.Alerts\ApartmentApps.Modules.Alerts.csproj", "{0E9D236A-18F7-46A1-A591-418D14EEE0A3}"
EndProject
Project("{FAE04EC0-301F-11D3-BF4B-00C04F79EFBC}") = "ApartmentApps.Modules.Inspections", "ApartmentApps.Modules.Inspections\ApartmentApps.Modules.Inspections.csproj", "{11EBF4C6-4475-47DD-9008-0DE0607DD723}"
EndProject
Project("{FAE04EC0-301F-11D3-BF4B-00C04F79EFBC}") = "ApartmentApps.Modules.Prospect", "ApartmentApps.Modules.Prospect\ApartmentApps.Modules.Prospect.csproj", "{4B09DC69-8A16-4029-B5DA-0E494451F9BF}"
EndProject
Project("{FAE04EC0-301F-11D3-BF4B-00C04F79EFBC}") = "ResidentAppCross.Droid", "ResidentAppCross\ResidentAppCross.Droid\ResidentAppCross.Droid.csproj", "{E84A8D3E-4FB5-4A76-B8F3-74F5BEEDDEB3}"
EndProject
Global
	GlobalSection(Performance) = preSolution
		HasPerformanceSessions = true
	EndGlobalSection
	GlobalSection(SolutionConfigurationPlatforms) = preSolution
		Debug|Any CPU = Debug|Any CPU
		Debug|ARM = Debug|ARM
		Debug|iPhone = Debug|iPhone
		Debug|iPhoneSimulator = Debug|iPhoneSimulator
		Debug|x86 = Debug|x86
		Release|Any CPU = Release|Any CPU
		Release|ARM = Release|ARM
		Release|iPhone = Release|iPhone
		Release|iPhoneSimulator = Release|iPhoneSimulator
		Release|x86 = Release|x86
		Test|Any CPU = Test|Any CPU
		Test|ARM = Test|ARM
		Test|iPhone = Test|iPhone
		Test|iPhoneSimulator = Test|iPhoneSimulator
		Test|x86 = Test|x86
	EndGlobalSection
	GlobalSection(ProjectConfigurationPlatforms) = postSolution
		{D8277430-A582-4E04-B474-A48C4A90A313}.Debug|Any CPU.ActiveCfg = Debug|iPhone
		{D8277430-A582-4E04-B474-A48C4A90A313}.Debug|ARM.ActiveCfg = Debug|iPhone
		{D8277430-A582-4E04-B474-A48C4A90A313}.Debug|iPhone.ActiveCfg = Debug|iPhone
		{D8277430-A582-4E04-B474-A48C4A90A313}.Debug|iPhone.Build.0 = Debug|iPhone
		{D8277430-A582-4E04-B474-A48C4A90A313}.Debug|iPhoneSimulator.ActiveCfg = Debug|iPhoneSimulator
		{D8277430-A582-4E04-B474-A48C4A90A313}.Debug|iPhoneSimulator.Build.0 = Debug|iPhoneSimulator
		{D8277430-A582-4E04-B474-A48C4A90A313}.Debug|x86.ActiveCfg = Debug|iPhone
		{D8277430-A582-4E04-B474-A48C4A90A313}.Release|Any CPU.ActiveCfg = Release|iPhone
		{D8277430-A582-4E04-B474-A48C4A90A313}.Release|ARM.ActiveCfg = Release|iPhone
		{D8277430-A582-4E04-B474-A48C4A90A313}.Release|iPhone.ActiveCfg = Release|iPhone
		{D8277430-A582-4E04-B474-A48C4A90A313}.Release|iPhone.Build.0 = Release|iPhone
		{D8277430-A582-4E04-B474-A48C4A90A313}.Release|iPhoneSimulator.ActiveCfg = Release|iPhoneSimulator
		{D8277430-A582-4E04-B474-A48C4A90A313}.Release|iPhoneSimulator.Build.0 = Release|iPhoneSimulator
		{D8277430-A582-4E04-B474-A48C4A90A313}.Release|x86.ActiveCfg = Release|iPhone
		{D8277430-A582-4E04-B474-A48C4A90A313}.Test|Any CPU.ActiveCfg = Release|iPhoneSimulator
		{D8277430-A582-4E04-B474-A48C4A90A313}.Test|ARM.ActiveCfg = Release|iPhoneSimulator
		{D8277430-A582-4E04-B474-A48C4A90A313}.Test|iPhone.ActiveCfg = Release|iPhone
		{D8277430-A582-4E04-B474-A48C4A90A313}.Test|iPhoneSimulator.ActiveCfg = Release|iPhoneSimulator
		{D8277430-A582-4E04-B474-A48C4A90A313}.Test|x86.ActiveCfg = Release|iPhoneSimulator
		{52408A94-78BD-4DD2-82A5-6F2388B088D3}.Debug|Any CPU.ActiveCfg = Debug|Any CPU
		{52408A94-78BD-4DD2-82A5-6F2388B088D3}.Debug|Any CPU.Build.0 = Debug|Any CPU
		{52408A94-78BD-4DD2-82A5-6F2388B088D3}.Debug|Any CPU.Deploy.0 = Debug|Any CPU
		{52408A94-78BD-4DD2-82A5-6F2388B088D3}.Debug|ARM.ActiveCfg = Debug|ARM
		{52408A94-78BD-4DD2-82A5-6F2388B088D3}.Debug|ARM.Build.0 = Debug|ARM
		{52408A94-78BD-4DD2-82A5-6F2388B088D3}.Debug|ARM.Deploy.0 = Debug|ARM
		{52408A94-78BD-4DD2-82A5-6F2388B088D3}.Debug|iPhone.ActiveCfg = Debug|Any CPU
		{52408A94-78BD-4DD2-82A5-6F2388B088D3}.Debug|iPhone.Build.0 = Debug|Any CPU
		{52408A94-78BD-4DD2-82A5-6F2388B088D3}.Debug|iPhone.Deploy.0 = Debug|Any CPU
		{52408A94-78BD-4DD2-82A5-6F2388B088D3}.Debug|iPhoneSimulator.ActiveCfg = Debug|Any CPU
		{52408A94-78BD-4DD2-82A5-6F2388B088D3}.Debug|iPhoneSimulator.Build.0 = Debug|Any CPU
		{52408A94-78BD-4DD2-82A5-6F2388B088D3}.Debug|iPhoneSimulator.Deploy.0 = Debug|Any CPU
		{52408A94-78BD-4DD2-82A5-6F2388B088D3}.Debug|x86.ActiveCfg = Debug|x86
		{52408A94-78BD-4DD2-82A5-6F2388B088D3}.Debug|x86.Build.0 = Debug|x86
		{52408A94-78BD-4DD2-82A5-6F2388B088D3}.Debug|x86.Deploy.0 = Debug|x86
		{52408A94-78BD-4DD2-82A5-6F2388B088D3}.Release|Any CPU.ActiveCfg = Release|Any CPU
		{52408A94-78BD-4DD2-82A5-6F2388B088D3}.Release|Any CPU.Build.0 = Release|Any CPU
		{52408A94-78BD-4DD2-82A5-6F2388B088D3}.Release|Any CPU.Deploy.0 = Release|Any CPU
		{52408A94-78BD-4DD2-82A5-6F2388B088D3}.Release|ARM.ActiveCfg = Release|ARM
		{52408A94-78BD-4DD2-82A5-6F2388B088D3}.Release|ARM.Build.0 = Release|ARM
		{52408A94-78BD-4DD2-82A5-6F2388B088D3}.Release|ARM.Deploy.0 = Release|ARM
		{52408A94-78BD-4DD2-82A5-6F2388B088D3}.Release|iPhone.ActiveCfg = Release|Any CPU
		{52408A94-78BD-4DD2-82A5-6F2388B088D3}.Release|iPhone.Build.0 = Release|Any CPU
		{52408A94-78BD-4DD2-82A5-6F2388B088D3}.Release|iPhone.Deploy.0 = Release|Any CPU
		{52408A94-78BD-4DD2-82A5-6F2388B088D3}.Release|iPhoneSimulator.ActiveCfg = Release|Any CPU
		{52408A94-78BD-4DD2-82A5-6F2388B088D3}.Release|iPhoneSimulator.Build.0 = Release|Any CPU
		{52408A94-78BD-4DD2-82A5-6F2388B088D3}.Release|iPhoneSimulator.Deploy.0 = Release|Any CPU
		{52408A94-78BD-4DD2-82A5-6F2388B088D3}.Release|x86.ActiveCfg = Release|x86
		{52408A94-78BD-4DD2-82A5-6F2388B088D3}.Release|x86.Build.0 = Release|x86
		{52408A94-78BD-4DD2-82A5-6F2388B088D3}.Release|x86.Deploy.0 = Release|x86
		{52408A94-78BD-4DD2-82A5-6F2388B088D3}.Test|Any CPU.ActiveCfg = Release|Any CPU
		{52408A94-78BD-4DD2-82A5-6F2388B088D3}.Test|ARM.ActiveCfg = Release|ARM
		{52408A94-78BD-4DD2-82A5-6F2388B088D3}.Test|iPhone.ActiveCfg = Release|Any CPU
		{52408A94-78BD-4DD2-82A5-6F2388B088D3}.Test|iPhoneSimulator.ActiveCfg = Release|Any CPU
		{52408A94-78BD-4DD2-82A5-6F2388B088D3}.Test|x86.ActiveCfg = Release|x86
		{84E46F6D-1424-48B7-8966-B6FD6153FEE3}.Debug|Any CPU.ActiveCfg = Debug|Any CPU
		{84E46F6D-1424-48B7-8966-B6FD6153FEE3}.Debug|Any CPU.Build.0 = Debug|Any CPU
		{84E46F6D-1424-48B7-8966-B6FD6153FEE3}.Debug|ARM.ActiveCfg = Debug|Any CPU
		{84E46F6D-1424-48B7-8966-B6FD6153FEE3}.Debug|ARM.Build.0 = Debug|Any CPU
		{84E46F6D-1424-48B7-8966-B6FD6153FEE3}.Debug|iPhone.ActiveCfg = Debug|Any CPU
		{84E46F6D-1424-48B7-8966-B6FD6153FEE3}.Debug|iPhone.Build.0 = Debug|Any CPU
		{84E46F6D-1424-48B7-8966-B6FD6153FEE3}.Debug|iPhoneSimulator.ActiveCfg = Debug|Any CPU
		{84E46F6D-1424-48B7-8966-B6FD6153FEE3}.Debug|iPhoneSimulator.Build.0 = Debug|Any CPU
		{84E46F6D-1424-48B7-8966-B6FD6153FEE3}.Debug|x86.ActiveCfg = Debug|Any CPU
		{84E46F6D-1424-48B7-8966-B6FD6153FEE3}.Debug|x86.Build.0 = Debug|Any CPU
		{84E46F6D-1424-48B7-8966-B6FD6153FEE3}.Release|Any CPU.ActiveCfg = Release|Any CPU
		{84E46F6D-1424-48B7-8966-B6FD6153FEE3}.Release|Any CPU.Build.0 = Release|Any CPU
		{84E46F6D-1424-48B7-8966-B6FD6153FEE3}.Release|ARM.ActiveCfg = Release|Any CPU
		{84E46F6D-1424-48B7-8966-B6FD6153FEE3}.Release|ARM.Build.0 = Release|Any CPU
		{84E46F6D-1424-48B7-8966-B6FD6153FEE3}.Release|iPhone.ActiveCfg = Release|Any CPU
		{84E46F6D-1424-48B7-8966-B6FD6153FEE3}.Release|iPhone.Build.0 = Release|Any CPU
		{84E46F6D-1424-48B7-8966-B6FD6153FEE3}.Release|iPhoneSimulator.ActiveCfg = Release|Any CPU
		{84E46F6D-1424-48B7-8966-B6FD6153FEE3}.Release|iPhoneSimulator.Build.0 = Release|Any CPU
		{84E46F6D-1424-48B7-8966-B6FD6153FEE3}.Release|x86.ActiveCfg = Release|Any CPU
		{84E46F6D-1424-48B7-8966-B6FD6153FEE3}.Release|x86.Build.0 = Release|Any CPU
		{84E46F6D-1424-48B7-8966-B6FD6153FEE3}.Test|Any CPU.ActiveCfg = Test|Any CPU
		{84E46F6D-1424-48B7-8966-B6FD6153FEE3}.Test|Any CPU.Build.0 = Test|Any CPU
		{84E46F6D-1424-48B7-8966-B6FD6153FEE3}.Test|ARM.ActiveCfg = Test|Any CPU
		{84E46F6D-1424-48B7-8966-B6FD6153FEE3}.Test|ARM.Build.0 = Test|Any CPU
		{84E46F6D-1424-48B7-8966-B6FD6153FEE3}.Test|iPhone.ActiveCfg = Test|Any CPU
		{84E46F6D-1424-48B7-8966-B6FD6153FEE3}.Test|iPhone.Build.0 = Test|Any CPU
		{84E46F6D-1424-48B7-8966-B6FD6153FEE3}.Test|iPhoneSimulator.ActiveCfg = Test|Any CPU
		{84E46F6D-1424-48B7-8966-B6FD6153FEE3}.Test|iPhoneSimulator.Build.0 = Test|Any CPU
		{84E46F6D-1424-48B7-8966-B6FD6153FEE3}.Test|x86.ActiveCfg = Test|Any CPU
		{84E46F6D-1424-48B7-8966-B6FD6153FEE3}.Test|x86.Build.0 = Test|Any CPU
		{EE36DD11-4F2C-4D9E-A8A7-7EC647B2AD9F}.Debug|Any CPU.ActiveCfg = Debug|Any CPU
		{EE36DD11-4F2C-4D9E-A8A7-7EC647B2AD9F}.Debug|Any CPU.Build.0 = Debug|Any CPU
		{EE36DD11-4F2C-4D9E-A8A7-7EC647B2AD9F}.Debug|ARM.ActiveCfg = Debug|Any CPU
		{EE36DD11-4F2C-4D9E-A8A7-7EC647B2AD9F}.Debug|ARM.Build.0 = Debug|Any CPU
		{EE36DD11-4F2C-4D9E-A8A7-7EC647B2AD9F}.Debug|iPhone.ActiveCfg = Debug|Any CPU
		{EE36DD11-4F2C-4D9E-A8A7-7EC647B2AD9F}.Debug|iPhone.Build.0 = Debug|Any CPU
		{EE36DD11-4F2C-4D9E-A8A7-7EC647B2AD9F}.Debug|iPhoneSimulator.ActiveCfg = Debug|Any CPU
		{EE36DD11-4F2C-4D9E-A8A7-7EC647B2AD9F}.Debug|iPhoneSimulator.Build.0 = Debug|Any CPU
		{EE36DD11-4F2C-4D9E-A8A7-7EC647B2AD9F}.Debug|x86.ActiveCfg = Debug|Any CPU
		{EE36DD11-4F2C-4D9E-A8A7-7EC647B2AD9F}.Debug|x86.Build.0 = Debug|Any CPU
		{EE36DD11-4F2C-4D9E-A8A7-7EC647B2AD9F}.Release|Any CPU.ActiveCfg = Release|Any CPU
		{EE36DD11-4F2C-4D9E-A8A7-7EC647B2AD9F}.Release|Any CPU.Build.0 = Release|Any CPU
		{EE36DD11-4F2C-4D9E-A8A7-7EC647B2AD9F}.Release|ARM.ActiveCfg = Release|Any CPU
		{EE36DD11-4F2C-4D9E-A8A7-7EC647B2AD9F}.Release|ARM.Build.0 = Release|Any CPU
		{EE36DD11-4F2C-4D9E-A8A7-7EC647B2AD9F}.Release|iPhone.ActiveCfg = Release|Any CPU
		{EE36DD11-4F2C-4D9E-A8A7-7EC647B2AD9F}.Release|iPhone.Build.0 = Release|Any CPU
		{EE36DD11-4F2C-4D9E-A8A7-7EC647B2AD9F}.Release|iPhoneSimulator.ActiveCfg = Release|Any CPU
		{EE36DD11-4F2C-4D9E-A8A7-7EC647B2AD9F}.Release|iPhoneSimulator.Build.0 = Release|Any CPU
		{EE36DD11-4F2C-4D9E-A8A7-7EC647B2AD9F}.Release|x86.ActiveCfg = Release|Any CPU
		{EE36DD11-4F2C-4D9E-A8A7-7EC647B2AD9F}.Release|x86.Build.0 = Release|Any CPU
		{EE36DD11-4F2C-4D9E-A8A7-7EC647B2AD9F}.Test|Any CPU.ActiveCfg = Test|Any CPU
		{EE36DD11-4F2C-4D9E-A8A7-7EC647B2AD9F}.Test|Any CPU.Build.0 = Test|Any CPU
		{EE36DD11-4F2C-4D9E-A8A7-7EC647B2AD9F}.Test|ARM.ActiveCfg = Test|Any CPU
		{EE36DD11-4F2C-4D9E-A8A7-7EC647B2AD9F}.Test|ARM.Build.0 = Test|Any CPU
		{EE36DD11-4F2C-4D9E-A8A7-7EC647B2AD9F}.Test|iPhone.ActiveCfg = Test|Any CPU
		{EE36DD11-4F2C-4D9E-A8A7-7EC647B2AD9F}.Test|iPhone.Build.0 = Test|Any CPU
		{EE36DD11-4F2C-4D9E-A8A7-7EC647B2AD9F}.Test|iPhoneSimulator.ActiveCfg = Test|Any CPU
		{EE36DD11-4F2C-4D9E-A8A7-7EC647B2AD9F}.Test|iPhoneSimulator.Build.0 = Test|Any CPU
		{EE36DD11-4F2C-4D9E-A8A7-7EC647B2AD9F}.Test|x86.ActiveCfg = Test|Any CPU
		{EE36DD11-4F2C-4D9E-A8A7-7EC647B2AD9F}.Test|x86.Build.0 = Test|Any CPU
		{AD9187BB-8707-49EF-B0AB-E39D55F84AA0}.Debug|Any CPU.ActiveCfg = Debug|Any CPU
		{AD9187BB-8707-49EF-B0AB-E39D55F84AA0}.Debug|Any CPU.Build.0 = Debug|Any CPU
		{AD9187BB-8707-49EF-B0AB-E39D55F84AA0}.Debug|ARM.ActiveCfg = Debug|Any CPU
		{AD9187BB-8707-49EF-B0AB-E39D55F84AA0}.Debug|ARM.Build.0 = Debug|Any CPU
		{AD9187BB-8707-49EF-B0AB-E39D55F84AA0}.Debug|iPhone.ActiveCfg = Debug|Any CPU
		{AD9187BB-8707-49EF-B0AB-E39D55F84AA0}.Debug|iPhone.Build.0 = Debug|Any CPU
		{AD9187BB-8707-49EF-B0AB-E39D55F84AA0}.Debug|iPhoneSimulator.ActiveCfg = Debug|Any CPU
		{AD9187BB-8707-49EF-B0AB-E39D55F84AA0}.Debug|iPhoneSimulator.Build.0 = Debug|Any CPU
		{AD9187BB-8707-49EF-B0AB-E39D55F84AA0}.Debug|x86.ActiveCfg = Debug|Any CPU
		{AD9187BB-8707-49EF-B0AB-E39D55F84AA0}.Debug|x86.Build.0 = Debug|Any CPU
		{AD9187BB-8707-49EF-B0AB-E39D55F84AA0}.Release|Any CPU.ActiveCfg = Release|Any CPU
		{AD9187BB-8707-49EF-B0AB-E39D55F84AA0}.Release|Any CPU.Build.0 = Release|Any CPU
		{AD9187BB-8707-49EF-B0AB-E39D55F84AA0}.Release|ARM.ActiveCfg = Release|Any CPU
		{AD9187BB-8707-49EF-B0AB-E39D55F84AA0}.Release|ARM.Build.0 = Release|Any CPU
		{AD9187BB-8707-49EF-B0AB-E39D55F84AA0}.Release|iPhone.ActiveCfg = Release|Any CPU
		{AD9187BB-8707-49EF-B0AB-E39D55F84AA0}.Release|iPhone.Build.0 = Release|Any CPU
		{AD9187BB-8707-49EF-B0AB-E39D55F84AA0}.Release|iPhoneSimulator.ActiveCfg = Release|Any CPU
		{AD9187BB-8707-49EF-B0AB-E39D55F84AA0}.Release|iPhoneSimulator.Build.0 = Release|Any CPU
		{AD9187BB-8707-49EF-B0AB-E39D55F84AA0}.Release|x86.ActiveCfg = Release|Any CPU
		{AD9187BB-8707-49EF-B0AB-E39D55F84AA0}.Release|x86.Build.0 = Release|Any CPU
		{AD9187BB-8707-49EF-B0AB-E39D55F84AA0}.Test|Any CPU.ActiveCfg = Test|Any CPU
		{AD9187BB-8707-49EF-B0AB-E39D55F84AA0}.Test|Any CPU.Build.0 = Test|Any CPU
		{AD9187BB-8707-49EF-B0AB-E39D55F84AA0}.Test|ARM.ActiveCfg = Test|Any CPU
		{AD9187BB-8707-49EF-B0AB-E39D55F84AA0}.Test|ARM.Build.0 = Test|Any CPU
		{AD9187BB-8707-49EF-B0AB-E39D55F84AA0}.Test|iPhone.ActiveCfg = Test|Any CPU
		{AD9187BB-8707-49EF-B0AB-E39D55F84AA0}.Test|iPhone.Build.0 = Test|Any CPU
		{AD9187BB-8707-49EF-B0AB-E39D55F84AA0}.Test|iPhoneSimulator.ActiveCfg = Test|Any CPU
		{AD9187BB-8707-49EF-B0AB-E39D55F84AA0}.Test|iPhoneSimulator.Build.0 = Test|Any CPU
		{AD9187BB-8707-49EF-B0AB-E39D55F84AA0}.Test|x86.ActiveCfg = Test|Any CPU
		{AD9187BB-8707-49EF-B0AB-E39D55F84AA0}.Test|x86.Build.0 = Test|Any CPU
		{D59A4703-66EF-4AE1-AE35-5C2175ABEA88}.Debug|Any CPU.ActiveCfg = Debug|Any CPU
		{D59A4703-66EF-4AE1-AE35-5C2175ABEA88}.Debug|Any CPU.Build.0 = Debug|Any CPU
		{D59A4703-66EF-4AE1-AE35-5C2175ABEA88}.Debug|ARM.ActiveCfg = Debug|Any CPU
		{D59A4703-66EF-4AE1-AE35-5C2175ABEA88}.Debug|ARM.Build.0 = Debug|Any CPU
		{D59A4703-66EF-4AE1-AE35-5C2175ABEA88}.Debug|iPhone.ActiveCfg = Debug|Any CPU
		{D59A4703-66EF-4AE1-AE35-5C2175ABEA88}.Debug|iPhone.Build.0 = Debug|Any CPU
		{D59A4703-66EF-4AE1-AE35-5C2175ABEA88}.Debug|iPhoneSimulator.ActiveCfg = Debug|Any CPU
		{D59A4703-66EF-4AE1-AE35-5C2175ABEA88}.Debug|iPhoneSimulator.Build.0 = Debug|Any CPU
		{D59A4703-66EF-4AE1-AE35-5C2175ABEA88}.Debug|x86.ActiveCfg = Debug|Any CPU
		{D59A4703-66EF-4AE1-AE35-5C2175ABEA88}.Debug|x86.Build.0 = Debug|Any CPU
		{D59A4703-66EF-4AE1-AE35-5C2175ABEA88}.Release|Any CPU.ActiveCfg = Release|Any CPU
		{D59A4703-66EF-4AE1-AE35-5C2175ABEA88}.Release|Any CPU.Build.0 = Release|Any CPU
		{D59A4703-66EF-4AE1-AE35-5C2175ABEA88}.Release|ARM.ActiveCfg = Release|Any CPU
		{D59A4703-66EF-4AE1-AE35-5C2175ABEA88}.Release|ARM.Build.0 = Release|Any CPU
		{D59A4703-66EF-4AE1-AE35-5C2175ABEA88}.Release|iPhone.ActiveCfg = Release|Any CPU
		{D59A4703-66EF-4AE1-AE35-5C2175ABEA88}.Release|iPhone.Build.0 = Release|Any CPU
		{D59A4703-66EF-4AE1-AE35-5C2175ABEA88}.Release|iPhoneSimulator.ActiveCfg = Release|Any CPU
		{D59A4703-66EF-4AE1-AE35-5C2175ABEA88}.Release|iPhoneSimulator.Build.0 = Release|Any CPU
		{D59A4703-66EF-4AE1-AE35-5C2175ABEA88}.Release|x86.ActiveCfg = Release|Any CPU
		{D59A4703-66EF-4AE1-AE35-5C2175ABEA88}.Release|x86.Build.0 = Release|Any CPU
		{D59A4703-66EF-4AE1-AE35-5C2175ABEA88}.Test|Any CPU.ActiveCfg = Test|Any CPU
		{D59A4703-66EF-4AE1-AE35-5C2175ABEA88}.Test|Any CPU.Build.0 = Test|Any CPU
		{D59A4703-66EF-4AE1-AE35-5C2175ABEA88}.Test|ARM.ActiveCfg = Test|Any CPU
		{D59A4703-66EF-4AE1-AE35-5C2175ABEA88}.Test|ARM.Build.0 = Test|Any CPU
		{D59A4703-66EF-4AE1-AE35-5C2175ABEA88}.Test|iPhone.ActiveCfg = Test|Any CPU
		{D59A4703-66EF-4AE1-AE35-5C2175ABEA88}.Test|iPhone.Build.0 = Test|Any CPU
		{D59A4703-66EF-4AE1-AE35-5C2175ABEA88}.Test|iPhoneSimulator.ActiveCfg = Test|Any CPU
		{D59A4703-66EF-4AE1-AE35-5C2175ABEA88}.Test|iPhoneSimulator.Build.0 = Test|Any CPU
		{D59A4703-66EF-4AE1-AE35-5C2175ABEA88}.Test|x86.ActiveCfg = Test|Any CPU
		{D59A4703-66EF-4AE1-AE35-5C2175ABEA88}.Test|x86.Build.0 = Test|Any CPU
		{CF957320-C8F6-4631-AEC8-E2F92C6A3BC4}.Debug|Any CPU.ActiveCfg = Debug|Any CPU
		{CF957320-C8F6-4631-AEC8-E2F92C6A3BC4}.Debug|Any CPU.Build.0 = Debug|Any CPU
		{CF957320-C8F6-4631-AEC8-E2F92C6A3BC4}.Debug|ARM.ActiveCfg = Debug|Any CPU
		{CF957320-C8F6-4631-AEC8-E2F92C6A3BC4}.Debug|ARM.Build.0 = Debug|Any CPU
		{CF957320-C8F6-4631-AEC8-E2F92C6A3BC4}.Debug|iPhone.ActiveCfg = Debug|Any CPU
		{CF957320-C8F6-4631-AEC8-E2F92C6A3BC4}.Debug|iPhone.Build.0 = Debug|Any CPU
		{CF957320-C8F6-4631-AEC8-E2F92C6A3BC4}.Debug|iPhoneSimulator.ActiveCfg = Debug|Any CPU
		{CF957320-C8F6-4631-AEC8-E2F92C6A3BC4}.Debug|iPhoneSimulator.Build.0 = Debug|Any CPU
		{CF957320-C8F6-4631-AEC8-E2F92C6A3BC4}.Debug|x86.ActiveCfg = Debug|Any CPU
		{CF957320-C8F6-4631-AEC8-E2F92C6A3BC4}.Debug|x86.Build.0 = Debug|Any CPU
		{CF957320-C8F6-4631-AEC8-E2F92C6A3BC4}.Release|Any CPU.ActiveCfg = Release|Any CPU
		{CF957320-C8F6-4631-AEC8-E2F92C6A3BC4}.Release|Any CPU.Build.0 = Release|Any CPU
		{CF957320-C8F6-4631-AEC8-E2F92C6A3BC4}.Release|ARM.ActiveCfg = Release|Any CPU
		{CF957320-C8F6-4631-AEC8-E2F92C6A3BC4}.Release|ARM.Build.0 = Release|Any CPU
		{CF957320-C8F6-4631-AEC8-E2F92C6A3BC4}.Release|iPhone.ActiveCfg = Release|Any CPU
		{CF957320-C8F6-4631-AEC8-E2F92C6A3BC4}.Release|iPhone.Build.0 = Release|Any CPU
		{CF957320-C8F6-4631-AEC8-E2F92C6A3BC4}.Release|iPhoneSimulator.ActiveCfg = Release|Any CPU
		{CF957320-C8F6-4631-AEC8-E2F92C6A3BC4}.Release|iPhoneSimulator.Build.0 = Release|Any CPU
		{CF957320-C8F6-4631-AEC8-E2F92C6A3BC4}.Release|x86.ActiveCfg = Release|Any CPU
		{CF957320-C8F6-4631-AEC8-E2F92C6A3BC4}.Release|x86.Build.0 = Release|Any CPU
		{CF957320-C8F6-4631-AEC8-E2F92C6A3BC4}.Test|Any CPU.ActiveCfg = Release|Any CPU
		{CF957320-C8F6-4631-AEC8-E2F92C6A3BC4}.Test|ARM.ActiveCfg = Release|Any CPU
		{CF957320-C8F6-4631-AEC8-E2F92C6A3BC4}.Test|iPhone.ActiveCfg = Release|Any CPU
		{CF957320-C8F6-4631-AEC8-E2F92C6A3BC4}.Test|iPhoneSimulator.ActiveCfg = Release|Any CPU
		{CF957320-C8F6-4631-AEC8-E2F92C6A3BC4}.Test|x86.ActiveCfg = Release|Any CPU
		{A8CD4A6F-7D69-49A6-A4A8-D199DDC6E490}.Debug|Any CPU.ActiveCfg = Debug|Any CPU
		{A8CD4A6F-7D69-49A6-A4A8-D199DDC6E490}.Debug|Any CPU.Build.0 = Debug|Any CPU
		{A8CD4A6F-7D69-49A6-A4A8-D199DDC6E490}.Debug|ARM.ActiveCfg = Debug|Any CPU
		{A8CD4A6F-7D69-49A6-A4A8-D199DDC6E490}.Debug|ARM.Build.0 = Debug|Any CPU
		{A8CD4A6F-7D69-49A6-A4A8-D199DDC6E490}.Debug|iPhone.ActiveCfg = Debug|Any CPU
		{A8CD4A6F-7D69-49A6-A4A8-D199DDC6E490}.Debug|iPhone.Build.0 = Debug|Any CPU
		{A8CD4A6F-7D69-49A6-A4A8-D199DDC6E490}.Debug|iPhoneSimulator.ActiveCfg = Debug|Any CPU
		{A8CD4A6F-7D69-49A6-A4A8-D199DDC6E490}.Debug|iPhoneSimulator.Build.0 = Debug|Any CPU
		{A8CD4A6F-7D69-49A6-A4A8-D199DDC6E490}.Debug|x86.ActiveCfg = Debug|Any CPU
		{A8CD4A6F-7D69-49A6-A4A8-D199DDC6E490}.Debug|x86.Build.0 = Debug|Any CPU
		{A8CD4A6F-7D69-49A6-A4A8-D199DDC6E490}.Release|Any CPU.ActiveCfg = Release|Any CPU
		{A8CD4A6F-7D69-49A6-A4A8-D199DDC6E490}.Release|Any CPU.Build.0 = Release|Any CPU
		{A8CD4A6F-7D69-49A6-A4A8-D199DDC6E490}.Release|ARM.ActiveCfg = Release|Any CPU
		{A8CD4A6F-7D69-49A6-A4A8-D199DDC6E490}.Release|ARM.Build.0 = Release|Any CPU
		{A8CD4A6F-7D69-49A6-A4A8-D199DDC6E490}.Release|iPhone.ActiveCfg = Release|Any CPU
		{A8CD4A6F-7D69-49A6-A4A8-D199DDC6E490}.Release|iPhone.Build.0 = Release|Any CPU
		{A8CD4A6F-7D69-49A6-A4A8-D199DDC6E490}.Release|iPhoneSimulator.ActiveCfg = Release|Any CPU
		{A8CD4A6F-7D69-49A6-A4A8-D199DDC6E490}.Release|iPhoneSimulator.Build.0 = Release|Any CPU
		{A8CD4A6F-7D69-49A6-A4A8-D199DDC6E490}.Release|x86.ActiveCfg = Release|Any CPU
		{A8CD4A6F-7D69-49A6-A4A8-D199DDC6E490}.Release|x86.Build.0 = Release|Any CPU
		{A8CD4A6F-7D69-49A6-A4A8-D199DDC6E490}.Test|Any CPU.ActiveCfg = Test|Any CPU
		{A8CD4A6F-7D69-49A6-A4A8-D199DDC6E490}.Test|Any CPU.Build.0 = Test|Any CPU
		{A8CD4A6F-7D69-49A6-A4A8-D199DDC6E490}.Test|ARM.ActiveCfg = Test|Any CPU
		{A8CD4A6F-7D69-49A6-A4A8-D199DDC6E490}.Test|ARM.Build.0 = Test|Any CPU
		{A8CD4A6F-7D69-49A6-A4A8-D199DDC6E490}.Test|iPhone.ActiveCfg = Test|Any CPU
		{A8CD4A6F-7D69-49A6-A4A8-D199DDC6E490}.Test|iPhone.Build.0 = Test|Any CPU
		{A8CD4A6F-7D69-49A6-A4A8-D199DDC6E490}.Test|iPhoneSimulator.ActiveCfg = Test|Any CPU
		{A8CD4A6F-7D69-49A6-A4A8-D199DDC6E490}.Test|iPhoneSimulator.Build.0 = Test|Any CPU
		{A8CD4A6F-7D69-49A6-A4A8-D199DDC6E490}.Test|x86.ActiveCfg = Test|Any CPU
		{A8CD4A6F-7D69-49A6-A4A8-D199DDC6E490}.Test|x86.Build.0 = Test|Any CPU
		{69A819D5-3037-4E56-90E4-A9EDFF41B88A}.Debug|Any CPU.ActiveCfg = Debug|Any CPU
		{69A819D5-3037-4E56-90E4-A9EDFF41B88A}.Debug|Any CPU.Build.0 = Debug|Any CPU
		{69A819D5-3037-4E56-90E4-A9EDFF41B88A}.Debug|ARM.ActiveCfg = Debug|Any CPU
		{69A819D5-3037-4E56-90E4-A9EDFF41B88A}.Debug|ARM.Build.0 = Debug|Any CPU
		{69A819D5-3037-4E56-90E4-A9EDFF41B88A}.Debug|iPhone.ActiveCfg = Debug|Any CPU
		{69A819D5-3037-4E56-90E4-A9EDFF41B88A}.Debug|iPhone.Build.0 = Debug|Any CPU
		{69A819D5-3037-4E56-90E4-A9EDFF41B88A}.Debug|iPhoneSimulator.ActiveCfg = Debug|Any CPU
		{69A819D5-3037-4E56-90E4-A9EDFF41B88A}.Debug|iPhoneSimulator.Build.0 = Debug|Any CPU
		{69A819D5-3037-4E56-90E4-A9EDFF41B88A}.Debug|x86.ActiveCfg = Debug|Any CPU
		{69A819D5-3037-4E56-90E4-A9EDFF41B88A}.Debug|x86.Build.0 = Debug|Any CPU
		{69A819D5-3037-4E56-90E4-A9EDFF41B88A}.Release|Any CPU.ActiveCfg = Release|Any CPU
		{69A819D5-3037-4E56-90E4-A9EDFF41B88A}.Release|Any CPU.Build.0 = Release|Any CPU
		{69A819D5-3037-4E56-90E4-A9EDFF41B88A}.Release|ARM.ActiveCfg = Release|Any CPU
		{69A819D5-3037-4E56-90E4-A9EDFF41B88A}.Release|ARM.Build.0 = Release|Any CPU
		{69A819D5-3037-4E56-90E4-A9EDFF41B88A}.Release|iPhone.ActiveCfg = Release|Any CPU
		{69A819D5-3037-4E56-90E4-A9EDFF41B88A}.Release|iPhone.Build.0 = Release|Any CPU
		{69A819D5-3037-4E56-90E4-A9EDFF41B88A}.Release|iPhoneSimulator.ActiveCfg = Release|Any CPU
		{69A819D5-3037-4E56-90E4-A9EDFF41B88A}.Release|iPhoneSimulator.Build.0 = Release|Any CPU
		{69A819D5-3037-4E56-90E4-A9EDFF41B88A}.Release|x86.ActiveCfg = Release|Any CPU
		{69A819D5-3037-4E56-90E4-A9EDFF41B88A}.Release|x86.Build.0 = Release|Any CPU
		{69A819D5-3037-4E56-90E4-A9EDFF41B88A}.Test|Any CPU.ActiveCfg = Test|Any CPU
		{69A819D5-3037-4E56-90E4-A9EDFF41B88A}.Test|Any CPU.Build.0 = Test|Any CPU
		{69A819D5-3037-4E56-90E4-A9EDFF41B88A}.Test|ARM.ActiveCfg = Test|Any CPU
		{69A819D5-3037-4E56-90E4-A9EDFF41B88A}.Test|ARM.Build.0 = Test|Any CPU
		{69A819D5-3037-4E56-90E4-A9EDFF41B88A}.Test|iPhone.ActiveCfg = Test|Any CPU
		{69A819D5-3037-4E56-90E4-A9EDFF41B88A}.Test|iPhone.Build.0 = Test|Any CPU
		{69A819D5-3037-4E56-90E4-A9EDFF41B88A}.Test|iPhoneSimulator.ActiveCfg = Test|Any CPU
		{69A819D5-3037-4E56-90E4-A9EDFF41B88A}.Test|iPhoneSimulator.Build.0 = Test|Any CPU
		{69A819D5-3037-4E56-90E4-A9EDFF41B88A}.Test|x86.ActiveCfg = Test|Any CPU
		{69A819D5-3037-4E56-90E4-A9EDFF41B88A}.Test|x86.Build.0 = Test|Any CPU
		{81C38E8C-036A-43FA-92C5-446BBCE6E656}.Debug|Any CPU.ActiveCfg = Debug|Any CPU
		{81C38E8C-036A-43FA-92C5-446BBCE6E656}.Debug|Any CPU.Build.0 = Debug|Any CPU
		{81C38E8C-036A-43FA-92C5-446BBCE6E656}.Debug|ARM.ActiveCfg = Debug|Any CPU
		{81C38E8C-036A-43FA-92C5-446BBCE6E656}.Debug|ARM.Build.0 = Debug|Any CPU
		{81C38E8C-036A-43FA-92C5-446BBCE6E656}.Debug|iPhone.ActiveCfg = Debug|Any CPU
		{81C38E8C-036A-43FA-92C5-446BBCE6E656}.Debug|iPhone.Build.0 = Debug|Any CPU
		{81C38E8C-036A-43FA-92C5-446BBCE6E656}.Debug|iPhoneSimulator.ActiveCfg = Debug|Any CPU
		{81C38E8C-036A-43FA-92C5-446BBCE6E656}.Debug|iPhoneSimulator.Build.0 = Debug|Any CPU
		{81C38E8C-036A-43FA-92C5-446BBCE6E656}.Debug|x86.ActiveCfg = Debug|Any CPU
		{81C38E8C-036A-43FA-92C5-446BBCE6E656}.Debug|x86.Build.0 = Debug|Any CPU
		{81C38E8C-036A-43FA-92C5-446BBCE6E656}.Release|Any CPU.ActiveCfg = Release|Any CPU
		{81C38E8C-036A-43FA-92C5-446BBCE6E656}.Release|Any CPU.Build.0 = Release|Any CPU
		{81C38E8C-036A-43FA-92C5-446BBCE6E656}.Release|ARM.ActiveCfg = Release|Any CPU
		{81C38E8C-036A-43FA-92C5-446BBCE6E656}.Release|ARM.Build.0 = Release|Any CPU
		{81C38E8C-036A-43FA-92C5-446BBCE6E656}.Release|iPhone.ActiveCfg = Release|Any CPU
		{81C38E8C-036A-43FA-92C5-446BBCE6E656}.Release|iPhone.Build.0 = Release|Any CPU
		{81C38E8C-036A-43FA-92C5-446BBCE6E656}.Release|iPhoneSimulator.ActiveCfg = Release|Any CPU
		{81C38E8C-036A-43FA-92C5-446BBCE6E656}.Release|iPhoneSimulator.Build.0 = Release|Any CPU
		{81C38E8C-036A-43FA-92C5-446BBCE6E656}.Release|x86.ActiveCfg = Release|Any CPU
		{81C38E8C-036A-43FA-92C5-446BBCE6E656}.Release|x86.Build.0 = Release|Any CPU
		{81C38E8C-036A-43FA-92C5-446BBCE6E656}.Test|Any CPU.ActiveCfg = Test|Any CPU
		{81C38E8C-036A-43FA-92C5-446BBCE6E656}.Test|Any CPU.Build.0 = Test|Any CPU
		{81C38E8C-036A-43FA-92C5-446BBCE6E656}.Test|ARM.ActiveCfg = Test|Any CPU
		{81C38E8C-036A-43FA-92C5-446BBCE6E656}.Test|ARM.Build.0 = Test|Any CPU
		{81C38E8C-036A-43FA-92C5-446BBCE6E656}.Test|iPhone.ActiveCfg = Test|Any CPU
		{81C38E8C-036A-43FA-92C5-446BBCE6E656}.Test|iPhone.Build.0 = Test|Any CPU
		{81C38E8C-036A-43FA-92C5-446BBCE6E656}.Test|iPhoneSimulator.ActiveCfg = Test|Any CPU
		{81C38E8C-036A-43FA-92C5-446BBCE6E656}.Test|iPhoneSimulator.Build.0 = Test|Any CPU
		{81C38E8C-036A-43FA-92C5-446BBCE6E656}.Test|x86.ActiveCfg = Test|Any CPU
		{81C38E8C-036A-43FA-92C5-446BBCE6E656}.Test|x86.Build.0 = Test|Any CPU
		{FA9F282F-5BEA-4035-8C41-4FF8DDF24517}.Debug|Any CPU.ActiveCfg = Debug|Any CPU
		{FA9F282F-5BEA-4035-8C41-4FF8DDF24517}.Debug|Any CPU.Build.0 = Debug|Any CPU
		{FA9F282F-5BEA-4035-8C41-4FF8DDF24517}.Debug|ARM.ActiveCfg = Debug|Any CPU
		{FA9F282F-5BEA-4035-8C41-4FF8DDF24517}.Debug|ARM.Build.0 = Debug|Any CPU
		{FA9F282F-5BEA-4035-8C41-4FF8DDF24517}.Debug|iPhone.ActiveCfg = Debug|Any CPU
		{FA9F282F-5BEA-4035-8C41-4FF8DDF24517}.Debug|iPhone.Build.0 = Debug|Any CPU
		{FA9F282F-5BEA-4035-8C41-4FF8DDF24517}.Debug|iPhoneSimulator.ActiveCfg = Debug|Any CPU
		{FA9F282F-5BEA-4035-8C41-4FF8DDF24517}.Debug|iPhoneSimulator.Build.0 = Debug|Any CPU
		{FA9F282F-5BEA-4035-8C41-4FF8DDF24517}.Debug|x86.ActiveCfg = Debug|Any CPU
		{FA9F282F-5BEA-4035-8C41-4FF8DDF24517}.Debug|x86.Build.0 = Debug|Any CPU
		{FA9F282F-5BEA-4035-8C41-4FF8DDF24517}.Release|Any CPU.ActiveCfg = Release|Any CPU
		{FA9F282F-5BEA-4035-8C41-4FF8DDF24517}.Release|Any CPU.Build.0 = Release|Any CPU
		{FA9F282F-5BEA-4035-8C41-4FF8DDF24517}.Release|ARM.ActiveCfg = Release|Any CPU
		{FA9F282F-5BEA-4035-8C41-4FF8DDF24517}.Release|ARM.Build.0 = Release|Any CPU
		{FA9F282F-5BEA-4035-8C41-4FF8DDF24517}.Release|iPhone.ActiveCfg = Release|Any CPU
		{FA9F282F-5BEA-4035-8C41-4FF8DDF24517}.Release|iPhone.Build.0 = Release|Any CPU
		{FA9F282F-5BEA-4035-8C41-4FF8DDF24517}.Release|iPhoneSimulator.ActiveCfg = Release|Any CPU
		{FA9F282F-5BEA-4035-8C41-4FF8DDF24517}.Release|iPhoneSimulator.Build.0 = Release|Any CPU
		{FA9F282F-5BEA-4035-8C41-4FF8DDF24517}.Release|x86.ActiveCfg = Release|Any CPU
		{FA9F282F-5BEA-4035-8C41-4FF8DDF24517}.Release|x86.Build.0 = Release|Any CPU
		{FA9F282F-5BEA-4035-8C41-4FF8DDF24517}.Test|Any CPU.ActiveCfg = Test|Any CPU
		{FA9F282F-5BEA-4035-8C41-4FF8DDF24517}.Test|Any CPU.Build.0 = Test|Any CPU
		{FA9F282F-5BEA-4035-8C41-4FF8DDF24517}.Test|ARM.ActiveCfg = Test|Any CPU
		{FA9F282F-5BEA-4035-8C41-4FF8DDF24517}.Test|ARM.Build.0 = Test|Any CPU
		{FA9F282F-5BEA-4035-8C41-4FF8DDF24517}.Test|iPhone.ActiveCfg = Test|Any CPU
		{FA9F282F-5BEA-4035-8C41-4FF8DDF24517}.Test|iPhone.Build.0 = Test|Any CPU
		{FA9F282F-5BEA-4035-8C41-4FF8DDF24517}.Test|iPhoneSimulator.ActiveCfg = Test|Any CPU
		{FA9F282F-5BEA-4035-8C41-4FF8DDF24517}.Test|iPhoneSimulator.Build.0 = Test|Any CPU
		{FA9F282F-5BEA-4035-8C41-4FF8DDF24517}.Test|x86.ActiveCfg = Test|Any CPU
		{FA9F282F-5BEA-4035-8C41-4FF8DDF24517}.Test|x86.Build.0 = Test|Any CPU
		{A7A41793-D1A8-4FF3-BAFD-207C43E73F32}.Debug|Any CPU.ActiveCfg = Debug|Any CPU
		{A7A41793-D1A8-4FF3-BAFD-207C43E73F32}.Debug|Any CPU.Build.0 = Debug|Any CPU
		{A7A41793-D1A8-4FF3-BAFD-207C43E73F32}.Debug|ARM.ActiveCfg = Debug|Any CPU
		{A7A41793-D1A8-4FF3-BAFD-207C43E73F32}.Debug|ARM.Build.0 = Debug|Any CPU
		{A7A41793-D1A8-4FF3-BAFD-207C43E73F32}.Debug|iPhone.ActiveCfg = Debug|Any CPU
		{A7A41793-D1A8-4FF3-BAFD-207C43E73F32}.Debug|iPhone.Build.0 = Debug|Any CPU
		{A7A41793-D1A8-4FF3-BAFD-207C43E73F32}.Debug|iPhoneSimulator.ActiveCfg = Debug|Any CPU
		{A7A41793-D1A8-4FF3-BAFD-207C43E73F32}.Debug|iPhoneSimulator.Build.0 = Debug|Any CPU
		{A7A41793-D1A8-4FF3-BAFD-207C43E73F32}.Debug|x86.ActiveCfg = Debug|Any CPU
		{A7A41793-D1A8-4FF3-BAFD-207C43E73F32}.Debug|x86.Build.0 = Debug|Any CPU
		{A7A41793-D1A8-4FF3-BAFD-207C43E73F32}.Release|Any CPU.ActiveCfg = Release|Any CPU
		{A7A41793-D1A8-4FF3-BAFD-207C43E73F32}.Release|Any CPU.Build.0 = Release|Any CPU
		{A7A41793-D1A8-4FF3-BAFD-207C43E73F32}.Release|ARM.ActiveCfg = Release|Any CPU
		{A7A41793-D1A8-4FF3-BAFD-207C43E73F32}.Release|ARM.Build.0 = Release|Any CPU
		{A7A41793-D1A8-4FF3-BAFD-207C43E73F32}.Release|iPhone.ActiveCfg = Release|Any CPU
		{A7A41793-D1A8-4FF3-BAFD-207C43E73F32}.Release|iPhone.Build.0 = Release|Any CPU
		{A7A41793-D1A8-4FF3-BAFD-207C43E73F32}.Release|iPhoneSimulator.ActiveCfg = Release|Any CPU
		{A7A41793-D1A8-4FF3-BAFD-207C43E73F32}.Release|iPhoneSimulator.Build.0 = Release|Any CPU
		{A7A41793-D1A8-4FF3-BAFD-207C43E73F32}.Release|x86.ActiveCfg = Release|Any CPU
		{A7A41793-D1A8-4FF3-BAFD-207C43E73F32}.Release|x86.Build.0 = Release|Any CPU
		{A7A41793-D1A8-4FF3-BAFD-207C43E73F32}.Test|Any CPU.ActiveCfg = Test|Any CPU
		{A7A41793-D1A8-4FF3-BAFD-207C43E73F32}.Test|Any CPU.Build.0 = Test|Any CPU
		{A7A41793-D1A8-4FF3-BAFD-207C43E73F32}.Test|ARM.ActiveCfg = Test|Any CPU
		{A7A41793-D1A8-4FF3-BAFD-207C43E73F32}.Test|ARM.Build.0 = Test|Any CPU
		{A7A41793-D1A8-4FF3-BAFD-207C43E73F32}.Test|iPhone.ActiveCfg = Test|Any CPU
		{A7A41793-D1A8-4FF3-BAFD-207C43E73F32}.Test|iPhone.Build.0 = Test|Any CPU
		{A7A41793-D1A8-4FF3-BAFD-207C43E73F32}.Test|iPhoneSimulator.ActiveCfg = Test|Any CPU
		{A7A41793-D1A8-4FF3-BAFD-207C43E73F32}.Test|iPhoneSimulator.Build.0 = Test|Any CPU
		{A7A41793-D1A8-4FF3-BAFD-207C43E73F32}.Test|x86.ActiveCfg = Test|Any CPU
		{A7A41793-D1A8-4FF3-BAFD-207C43E73F32}.Test|x86.Build.0 = Test|Any CPU
		{E3722B2C-0EE1-4359-89D2-CD78BDDD59C7}.Debug|Any CPU.ActiveCfg = Debug|Any CPU
		{E3722B2C-0EE1-4359-89D2-CD78BDDD59C7}.Debug|Any CPU.Build.0 = Debug|Any CPU
		{E3722B2C-0EE1-4359-89D2-CD78BDDD59C7}.Debug|ARM.ActiveCfg = Debug|Any CPU
		{E3722B2C-0EE1-4359-89D2-CD78BDDD59C7}.Debug|ARM.Build.0 = Debug|Any CPU
		{E3722B2C-0EE1-4359-89D2-CD78BDDD59C7}.Debug|iPhone.ActiveCfg = Debug|Any CPU
		{E3722B2C-0EE1-4359-89D2-CD78BDDD59C7}.Debug|iPhone.Build.0 = Debug|Any CPU
		{E3722B2C-0EE1-4359-89D2-CD78BDDD59C7}.Debug|iPhoneSimulator.ActiveCfg = Debug|Any CPU
		{E3722B2C-0EE1-4359-89D2-CD78BDDD59C7}.Debug|iPhoneSimulator.Build.0 = Debug|Any CPU
		{E3722B2C-0EE1-4359-89D2-CD78BDDD59C7}.Debug|x86.ActiveCfg = Debug|Any CPU
		{E3722B2C-0EE1-4359-89D2-CD78BDDD59C7}.Debug|x86.Build.0 = Debug|Any CPU
		{E3722B2C-0EE1-4359-89D2-CD78BDDD59C7}.Release|Any CPU.ActiveCfg = Release|Any CPU
		{E3722B2C-0EE1-4359-89D2-CD78BDDD59C7}.Release|Any CPU.Build.0 = Release|Any CPU
		{E3722B2C-0EE1-4359-89D2-CD78BDDD59C7}.Release|ARM.ActiveCfg = Release|Any CPU
		{E3722B2C-0EE1-4359-89D2-CD78BDDD59C7}.Release|ARM.Build.0 = Release|Any CPU
		{E3722B2C-0EE1-4359-89D2-CD78BDDD59C7}.Release|iPhone.ActiveCfg = Release|Any CPU
		{E3722B2C-0EE1-4359-89D2-CD78BDDD59C7}.Release|iPhone.Build.0 = Release|Any CPU
		{E3722B2C-0EE1-4359-89D2-CD78BDDD59C7}.Release|iPhoneSimulator.ActiveCfg = Release|Any CPU
		{E3722B2C-0EE1-4359-89D2-CD78BDDD59C7}.Release|iPhoneSimulator.Build.0 = Release|Any CPU
		{E3722B2C-0EE1-4359-89D2-CD78BDDD59C7}.Release|x86.ActiveCfg = Release|Any CPU
		{E3722B2C-0EE1-4359-89D2-CD78BDDD59C7}.Release|x86.Build.0 = Release|Any CPU
		{E3722B2C-0EE1-4359-89D2-CD78BDDD59C7}.Test|Any CPU.ActiveCfg = Test|Any CPU
		{E3722B2C-0EE1-4359-89D2-CD78BDDD59C7}.Test|Any CPU.Build.0 = Test|Any CPU
		{E3722B2C-0EE1-4359-89D2-CD78BDDD59C7}.Test|ARM.ActiveCfg = Test|Any CPU
		{E3722B2C-0EE1-4359-89D2-CD78BDDD59C7}.Test|ARM.Build.0 = Test|Any CPU
		{E3722B2C-0EE1-4359-89D2-CD78BDDD59C7}.Test|iPhone.ActiveCfg = Test|Any CPU
		{E3722B2C-0EE1-4359-89D2-CD78BDDD59C7}.Test|iPhone.Build.0 = Test|Any CPU
		{E3722B2C-0EE1-4359-89D2-CD78BDDD59C7}.Test|iPhoneSimulator.ActiveCfg = Test|Any CPU
		{E3722B2C-0EE1-4359-89D2-CD78BDDD59C7}.Test|iPhoneSimulator.Build.0 = Test|Any CPU
		{E3722B2C-0EE1-4359-89D2-CD78BDDD59C7}.Test|x86.ActiveCfg = Test|Any CPU
		{E3722B2C-0EE1-4359-89D2-CD78BDDD59C7}.Test|x86.Build.0 = Test|Any CPU
		{5598F2AA-3792-47FC-A890-0200E1BA2558}.Debug|Any CPU.ActiveCfg = Debug|Any CPU
		{5598F2AA-3792-47FC-A890-0200E1BA2558}.Debug|Any CPU.Build.0 = Debug|Any CPU
		{5598F2AA-3792-47FC-A890-0200E1BA2558}.Debug|ARM.ActiveCfg = Debug|Any CPU
		{5598F2AA-3792-47FC-A890-0200E1BA2558}.Debug|ARM.Build.0 = Debug|Any CPU
		{5598F2AA-3792-47FC-A890-0200E1BA2558}.Debug|iPhone.ActiveCfg = Debug|Any CPU
		{5598F2AA-3792-47FC-A890-0200E1BA2558}.Debug|iPhone.Build.0 = Debug|Any CPU
		{5598F2AA-3792-47FC-A890-0200E1BA2558}.Debug|iPhoneSimulator.ActiveCfg = Debug|Any CPU
		{5598F2AA-3792-47FC-A890-0200E1BA2558}.Debug|iPhoneSimulator.Build.0 = Debug|Any CPU
		{5598F2AA-3792-47FC-A890-0200E1BA2558}.Debug|x86.ActiveCfg = Debug|Any CPU
		{5598F2AA-3792-47FC-A890-0200E1BA2558}.Debug|x86.Build.0 = Debug|Any CPU
		{5598F2AA-3792-47FC-A890-0200E1BA2558}.Release|Any CPU.ActiveCfg = Release|Any CPU
		{5598F2AA-3792-47FC-A890-0200E1BA2558}.Release|Any CPU.Build.0 = Release|Any CPU
		{5598F2AA-3792-47FC-A890-0200E1BA2558}.Release|ARM.ActiveCfg = Release|Any CPU
		{5598F2AA-3792-47FC-A890-0200E1BA2558}.Release|ARM.Build.0 = Release|Any CPU
		{5598F2AA-3792-47FC-A890-0200E1BA2558}.Release|iPhone.ActiveCfg = Release|Any CPU
		{5598F2AA-3792-47FC-A890-0200E1BA2558}.Release|iPhone.Build.0 = Release|Any CPU
		{5598F2AA-3792-47FC-A890-0200E1BA2558}.Release|iPhoneSimulator.ActiveCfg = Release|Any CPU
		{5598F2AA-3792-47FC-A890-0200E1BA2558}.Release|iPhoneSimulator.Build.0 = Release|Any CPU
		{5598F2AA-3792-47FC-A890-0200E1BA2558}.Release|x86.ActiveCfg = Release|Any CPU
		{5598F2AA-3792-47FC-A890-0200E1BA2558}.Release|x86.Build.0 = Release|Any CPU
		{5598F2AA-3792-47FC-A890-0200E1BA2558}.Test|Any CPU.ActiveCfg = Test|Any CPU
		{5598F2AA-3792-47FC-A890-0200E1BA2558}.Test|Any CPU.Build.0 = Test|Any CPU
		{5598F2AA-3792-47FC-A890-0200E1BA2558}.Test|ARM.ActiveCfg = Test|Any CPU
		{5598F2AA-3792-47FC-A890-0200E1BA2558}.Test|ARM.Build.0 = Test|Any CPU
		{5598F2AA-3792-47FC-A890-0200E1BA2558}.Test|iPhone.ActiveCfg = Test|Any CPU
		{5598F2AA-3792-47FC-A890-0200E1BA2558}.Test|iPhone.Build.0 = Test|Any CPU
		{5598F2AA-3792-47FC-A890-0200E1BA2558}.Test|iPhoneSimulator.ActiveCfg = Test|Any CPU
		{5598F2AA-3792-47FC-A890-0200E1BA2558}.Test|iPhoneSimulator.Build.0 = Test|Any CPU
		{5598F2AA-3792-47FC-A890-0200E1BA2558}.Test|x86.ActiveCfg = Test|Any CPU
		{5598F2AA-3792-47FC-A890-0200E1BA2558}.Test|x86.Build.0 = Test|Any CPU
		{8DDFFF0B-C890-4108-9EF1-FA4778AEF723}.Debug|Any CPU.ActiveCfg = Debug|Any CPU
		{8DDFFF0B-C890-4108-9EF1-FA4778AEF723}.Debug|Any CPU.Build.0 = Debug|Any CPU
		{8DDFFF0B-C890-4108-9EF1-FA4778AEF723}.Debug|ARM.ActiveCfg = Debug|Any CPU
		{8DDFFF0B-C890-4108-9EF1-FA4778AEF723}.Debug|ARM.Build.0 = Debug|Any CPU
		{8DDFFF0B-C890-4108-9EF1-FA4778AEF723}.Debug|iPhone.ActiveCfg = Debug|Any CPU
		{8DDFFF0B-C890-4108-9EF1-FA4778AEF723}.Debug|iPhone.Build.0 = Debug|Any CPU
		{8DDFFF0B-C890-4108-9EF1-FA4778AEF723}.Debug|iPhoneSimulator.ActiveCfg = Debug|Any CPU
		{8DDFFF0B-C890-4108-9EF1-FA4778AEF723}.Debug|iPhoneSimulator.Build.0 = Debug|Any CPU
		{8DDFFF0B-C890-4108-9EF1-FA4778AEF723}.Debug|x86.ActiveCfg = Debug|Any CPU
		{8DDFFF0B-C890-4108-9EF1-FA4778AEF723}.Debug|x86.Build.0 = Debug|Any CPU
		{8DDFFF0B-C890-4108-9EF1-FA4778AEF723}.Release|Any CPU.ActiveCfg = Release|Any CPU
		{8DDFFF0B-C890-4108-9EF1-FA4778AEF723}.Release|Any CPU.Build.0 = Release|Any CPU
		{8DDFFF0B-C890-4108-9EF1-FA4778AEF723}.Release|ARM.ActiveCfg = Release|Any CPU
		{8DDFFF0B-C890-4108-9EF1-FA4778AEF723}.Release|ARM.Build.0 = Release|Any CPU
		{8DDFFF0B-C890-4108-9EF1-FA4778AEF723}.Release|iPhone.ActiveCfg = Release|Any CPU
		{8DDFFF0B-C890-4108-9EF1-FA4778AEF723}.Release|iPhone.Build.0 = Release|Any CPU
		{8DDFFF0B-C890-4108-9EF1-FA4778AEF723}.Release|iPhoneSimulator.ActiveCfg = Release|Any CPU
		{8DDFFF0B-C890-4108-9EF1-FA4778AEF723}.Release|iPhoneSimulator.Build.0 = Release|Any CPU
		{8DDFFF0B-C890-4108-9EF1-FA4778AEF723}.Release|x86.ActiveCfg = Release|Any CPU
		{8DDFFF0B-C890-4108-9EF1-FA4778AEF723}.Release|x86.Build.0 = Release|Any CPU
		{8DDFFF0B-C890-4108-9EF1-FA4778AEF723}.Test|Any CPU.ActiveCfg = Test|Any CPU
		{8DDFFF0B-C890-4108-9EF1-FA4778AEF723}.Test|Any CPU.Build.0 = Test|Any CPU
		{8DDFFF0B-C890-4108-9EF1-FA4778AEF723}.Test|ARM.ActiveCfg = Test|Any CPU
		{8DDFFF0B-C890-4108-9EF1-FA4778AEF723}.Test|ARM.Build.0 = Test|Any CPU
		{8DDFFF0B-C890-4108-9EF1-FA4778AEF723}.Test|iPhone.ActiveCfg = Test|Any CPU
		{8DDFFF0B-C890-4108-9EF1-FA4778AEF723}.Test|iPhone.Build.0 = Test|Any CPU
		{8DDFFF0B-C890-4108-9EF1-FA4778AEF723}.Test|iPhoneSimulator.ActiveCfg = Test|Any CPU
		{8DDFFF0B-C890-4108-9EF1-FA4778AEF723}.Test|iPhoneSimulator.Build.0 = Test|Any CPU
		{8DDFFF0B-C890-4108-9EF1-FA4778AEF723}.Test|x86.ActiveCfg = Test|Any CPU
		{8DDFFF0B-C890-4108-9EF1-FA4778AEF723}.Test|x86.Build.0 = Test|Any CPU
		{37CB1883-4CF9-4AC2-91E4-036D806657F2}.Debug|Any CPU.ActiveCfg = Debug|Any CPU
		{37CB1883-4CF9-4AC2-91E4-036D806657F2}.Debug|Any CPU.Build.0 = Debug|Any CPU
		{37CB1883-4CF9-4AC2-91E4-036D806657F2}.Debug|ARM.ActiveCfg = Debug|Any CPU
		{37CB1883-4CF9-4AC2-91E4-036D806657F2}.Debug|ARM.Build.0 = Debug|Any CPU
		{37CB1883-4CF9-4AC2-91E4-036D806657F2}.Debug|iPhone.ActiveCfg = Debug|Any CPU
		{37CB1883-4CF9-4AC2-91E4-036D806657F2}.Debug|iPhone.Build.0 = Debug|Any CPU
		{37CB1883-4CF9-4AC2-91E4-036D806657F2}.Debug|iPhoneSimulator.ActiveCfg = Debug|Any CPU
		{37CB1883-4CF9-4AC2-91E4-036D806657F2}.Debug|iPhoneSimulator.Build.0 = Debug|Any CPU
		{37CB1883-4CF9-4AC2-91E4-036D806657F2}.Debug|x86.ActiveCfg = Debug|Any CPU
		{37CB1883-4CF9-4AC2-91E4-036D806657F2}.Debug|x86.Build.0 = Debug|Any CPU
		{37CB1883-4CF9-4AC2-91E4-036D806657F2}.Release|Any CPU.ActiveCfg = Release|Any CPU
		{37CB1883-4CF9-4AC2-91E4-036D806657F2}.Release|Any CPU.Build.0 = Release|Any CPU
		{37CB1883-4CF9-4AC2-91E4-036D806657F2}.Release|ARM.ActiveCfg = Release|Any CPU
		{37CB1883-4CF9-4AC2-91E4-036D806657F2}.Release|ARM.Build.0 = Release|Any CPU
		{37CB1883-4CF9-4AC2-91E4-036D806657F2}.Release|iPhone.ActiveCfg = Release|Any CPU
		{37CB1883-4CF9-4AC2-91E4-036D806657F2}.Release|iPhone.Build.0 = Release|Any CPU
		{37CB1883-4CF9-4AC2-91E4-036D806657F2}.Release|iPhoneSimulator.ActiveCfg = Release|Any CPU
		{37CB1883-4CF9-4AC2-91E4-036D806657F2}.Release|iPhoneSimulator.Build.0 = Release|Any CPU
		{37CB1883-4CF9-4AC2-91E4-036D806657F2}.Release|x86.ActiveCfg = Release|Any CPU
		{37CB1883-4CF9-4AC2-91E4-036D806657F2}.Release|x86.Build.0 = Release|Any CPU
		{37CB1883-4CF9-4AC2-91E4-036D806657F2}.Test|Any CPU.ActiveCfg = Test|Any CPU
		{37CB1883-4CF9-4AC2-91E4-036D806657F2}.Test|Any CPU.Build.0 = Test|Any CPU
		{37CB1883-4CF9-4AC2-91E4-036D806657F2}.Test|ARM.ActiveCfg = Test|Any CPU
		{37CB1883-4CF9-4AC2-91E4-036D806657F2}.Test|ARM.Build.0 = Test|Any CPU
		{37CB1883-4CF9-4AC2-91E4-036D806657F2}.Test|iPhone.ActiveCfg = Test|Any CPU
		{37CB1883-4CF9-4AC2-91E4-036D806657F2}.Test|iPhone.Build.0 = Test|Any CPU
		{37CB1883-4CF9-4AC2-91E4-036D806657F2}.Test|iPhoneSimulator.ActiveCfg = Test|Any CPU
		{37CB1883-4CF9-4AC2-91E4-036D806657F2}.Test|iPhoneSimulator.Build.0 = Test|Any CPU
		{37CB1883-4CF9-4AC2-91E4-036D806657F2}.Test|x86.ActiveCfg = Test|Any CPU
		{37CB1883-4CF9-4AC2-91E4-036D806657F2}.Test|x86.Build.0 = Test|Any CPU
		{CC299297-365F-4643-A0B8-316C788A4EF7}.Debug|Any CPU.ActiveCfg = Debug|Any CPU
		{CC299297-365F-4643-A0B8-316C788A4EF7}.Debug|Any CPU.Build.0 = Debug|Any CPU
		{CC299297-365F-4643-A0B8-316C788A4EF7}.Debug|ARM.ActiveCfg = Debug|Any CPU
		{CC299297-365F-4643-A0B8-316C788A4EF7}.Debug|ARM.Build.0 = Debug|Any CPU
		{CC299297-365F-4643-A0B8-316C788A4EF7}.Debug|iPhone.ActiveCfg = Debug|Any CPU
		{CC299297-365F-4643-A0B8-316C788A4EF7}.Debug|iPhone.Build.0 = Debug|Any CPU
		{CC299297-365F-4643-A0B8-316C788A4EF7}.Debug|iPhoneSimulator.ActiveCfg = Debug|Any CPU
		{CC299297-365F-4643-A0B8-316C788A4EF7}.Debug|iPhoneSimulator.Build.0 = Debug|Any CPU
		{CC299297-365F-4643-A0B8-316C788A4EF7}.Debug|x86.ActiveCfg = Debug|Any CPU
		{CC299297-365F-4643-A0B8-316C788A4EF7}.Debug|x86.Build.0 = Debug|Any CPU
		{CC299297-365F-4643-A0B8-316C788A4EF7}.Release|Any CPU.ActiveCfg = Release|Any CPU
		{CC299297-365F-4643-A0B8-316C788A4EF7}.Release|Any CPU.Build.0 = Release|Any CPU
		{CC299297-365F-4643-A0B8-316C788A4EF7}.Release|ARM.ActiveCfg = Release|Any CPU
		{CC299297-365F-4643-A0B8-316C788A4EF7}.Release|ARM.Build.0 = Release|Any CPU
		{CC299297-365F-4643-A0B8-316C788A4EF7}.Release|iPhone.ActiveCfg = Release|Any CPU
		{CC299297-365F-4643-A0B8-316C788A4EF7}.Release|iPhone.Build.0 = Release|Any CPU
		{CC299297-365F-4643-A0B8-316C788A4EF7}.Release|iPhoneSimulator.ActiveCfg = Release|Any CPU
		{CC299297-365F-4643-A0B8-316C788A4EF7}.Release|iPhoneSimulator.Build.0 = Release|Any CPU
		{CC299297-365F-4643-A0B8-316C788A4EF7}.Release|x86.ActiveCfg = Release|Any CPU
		{CC299297-365F-4643-A0B8-316C788A4EF7}.Release|x86.Build.0 = Release|Any CPU
		{CC299297-365F-4643-A0B8-316C788A4EF7}.Test|Any CPU.ActiveCfg = Test|Any CPU
		{CC299297-365F-4643-A0B8-316C788A4EF7}.Test|Any CPU.Build.0 = Test|Any CPU
		{CC299297-365F-4643-A0B8-316C788A4EF7}.Test|ARM.ActiveCfg = Test|Any CPU
		{CC299297-365F-4643-A0B8-316C788A4EF7}.Test|ARM.Build.0 = Test|Any CPU
		{CC299297-365F-4643-A0B8-316C788A4EF7}.Test|iPhone.ActiveCfg = Test|Any CPU
		{CC299297-365F-4643-A0B8-316C788A4EF7}.Test|iPhone.Build.0 = Test|Any CPU
		{CC299297-365F-4643-A0B8-316C788A4EF7}.Test|iPhoneSimulator.ActiveCfg = Test|Any CPU
		{CC299297-365F-4643-A0B8-316C788A4EF7}.Test|iPhoneSimulator.Build.0 = Test|Any CPU
		{CC299297-365F-4643-A0B8-316C788A4EF7}.Test|x86.ActiveCfg = Test|Any CPU
		{CC299297-365F-4643-A0B8-316C788A4EF7}.Test|x86.Build.0 = Test|Any CPU
		{CFDCC102-7E3C-4E49-B438-ADE9D48F6615}.Debug|Any CPU.ActiveCfg = Debug|Any CPU
		{CFDCC102-7E3C-4E49-B438-ADE9D48F6615}.Debug|Any CPU.Build.0 = Debug|Any CPU
		{CFDCC102-7E3C-4E49-B438-ADE9D48F6615}.Debug|ARM.ActiveCfg = Debug|Any CPU
		{CFDCC102-7E3C-4E49-B438-ADE9D48F6615}.Debug|ARM.Build.0 = Debug|Any CPU
		{CFDCC102-7E3C-4E49-B438-ADE9D48F6615}.Debug|iPhone.ActiveCfg = Debug|Any CPU
		{CFDCC102-7E3C-4E49-B438-ADE9D48F6615}.Debug|iPhone.Build.0 = Debug|Any CPU
		{CFDCC102-7E3C-4E49-B438-ADE9D48F6615}.Debug|iPhoneSimulator.ActiveCfg = Debug|Any CPU
		{CFDCC102-7E3C-4E49-B438-ADE9D48F6615}.Debug|iPhoneSimulator.Build.0 = Debug|Any CPU
		{CFDCC102-7E3C-4E49-B438-ADE9D48F6615}.Debug|x86.ActiveCfg = Debug|Any CPU
		{CFDCC102-7E3C-4E49-B438-ADE9D48F6615}.Debug|x86.Build.0 = Debug|Any CPU
		{CFDCC102-7E3C-4E49-B438-ADE9D48F6615}.Release|Any CPU.ActiveCfg = Release|Any CPU
		{CFDCC102-7E3C-4E49-B438-ADE9D48F6615}.Release|Any CPU.Build.0 = Release|Any CPU
		{CFDCC102-7E3C-4E49-B438-ADE9D48F6615}.Release|ARM.ActiveCfg = Release|Any CPU
		{CFDCC102-7E3C-4E49-B438-ADE9D48F6615}.Release|ARM.Build.0 = Release|Any CPU
		{CFDCC102-7E3C-4E49-B438-ADE9D48F6615}.Release|iPhone.ActiveCfg = Release|Any CPU
		{CFDCC102-7E3C-4E49-B438-ADE9D48F6615}.Release|iPhone.Build.0 = Release|Any CPU
		{CFDCC102-7E3C-4E49-B438-ADE9D48F6615}.Release|iPhoneSimulator.ActiveCfg = Release|Any CPU
		{CFDCC102-7E3C-4E49-B438-ADE9D48F6615}.Release|iPhoneSimulator.Build.0 = Release|Any CPU
		{CFDCC102-7E3C-4E49-B438-ADE9D48F6615}.Release|x86.ActiveCfg = Release|Any CPU
		{CFDCC102-7E3C-4E49-B438-ADE9D48F6615}.Release|x86.Build.0 = Release|Any CPU
		{CFDCC102-7E3C-4E49-B438-ADE9D48F6615}.Test|Any CPU.ActiveCfg = Test|Any CPU
		{CFDCC102-7E3C-4E49-B438-ADE9D48F6615}.Test|Any CPU.Build.0 = Test|Any CPU
		{CFDCC102-7E3C-4E49-B438-ADE9D48F6615}.Test|ARM.ActiveCfg = Test|Any CPU
		{CFDCC102-7E3C-4E49-B438-ADE9D48F6615}.Test|ARM.Build.0 = Test|Any CPU
		{CFDCC102-7E3C-4E49-B438-ADE9D48F6615}.Test|iPhone.ActiveCfg = Test|Any CPU
		{CFDCC102-7E3C-4E49-B438-ADE9D48F6615}.Test|iPhone.Build.0 = Test|Any CPU
		{CFDCC102-7E3C-4E49-B438-ADE9D48F6615}.Test|iPhoneSimulator.ActiveCfg = Test|Any CPU
		{CFDCC102-7E3C-4E49-B438-ADE9D48F6615}.Test|iPhoneSimulator.Build.0 = Test|Any CPU
		{CFDCC102-7E3C-4E49-B438-ADE9D48F6615}.Test|x86.ActiveCfg = Test|Any CPU
		{CFDCC102-7E3C-4E49-B438-ADE9D48F6615}.Test|x86.Build.0 = Test|Any CPU
		{62C439C3-12AF-48C9-B7B2-84BC16893027}.Debug|Any CPU.ActiveCfg = Debug|Any CPU
		{62C439C3-12AF-48C9-B7B2-84BC16893027}.Debug|Any CPU.Build.0 = Debug|Any CPU
		{62C439C3-12AF-48C9-B7B2-84BC16893027}.Debug|ARM.ActiveCfg = Debug|Any CPU
		{62C439C3-12AF-48C9-B7B2-84BC16893027}.Debug|ARM.Build.0 = Debug|Any CPU
		{62C439C3-12AF-48C9-B7B2-84BC16893027}.Debug|iPhone.ActiveCfg = Debug|Any CPU
		{62C439C3-12AF-48C9-B7B2-84BC16893027}.Debug|iPhone.Build.0 = Debug|Any CPU
		{62C439C3-12AF-48C9-B7B2-84BC16893027}.Debug|iPhoneSimulator.ActiveCfg = Debug|Any CPU
		{62C439C3-12AF-48C9-B7B2-84BC16893027}.Debug|iPhoneSimulator.Build.0 = Debug|Any CPU
		{62C439C3-12AF-48C9-B7B2-84BC16893027}.Debug|x86.ActiveCfg = Debug|Any CPU
		{62C439C3-12AF-48C9-B7B2-84BC16893027}.Debug|x86.Build.0 = Debug|Any CPU
		{62C439C3-12AF-48C9-B7B2-84BC16893027}.Release|Any CPU.ActiveCfg = Release|Any CPU
		{62C439C3-12AF-48C9-B7B2-84BC16893027}.Release|Any CPU.Build.0 = Release|Any CPU
		{62C439C3-12AF-48C9-B7B2-84BC16893027}.Release|ARM.ActiveCfg = Release|Any CPU
		{62C439C3-12AF-48C9-B7B2-84BC16893027}.Release|ARM.Build.0 = Release|Any CPU
		{62C439C3-12AF-48C9-B7B2-84BC16893027}.Release|iPhone.ActiveCfg = Release|Any CPU
		{62C439C3-12AF-48C9-B7B2-84BC16893027}.Release|iPhone.Build.0 = Release|Any CPU
		{62C439C3-12AF-48C9-B7B2-84BC16893027}.Release|iPhoneSimulator.ActiveCfg = Release|Any CPU
		{62C439C3-12AF-48C9-B7B2-84BC16893027}.Release|iPhoneSimulator.Build.0 = Release|Any CPU
		{62C439C3-12AF-48C9-B7B2-84BC16893027}.Release|x86.ActiveCfg = Release|Any CPU
		{62C439C3-12AF-48C9-B7B2-84BC16893027}.Release|x86.Build.0 = Release|Any CPU
		{62C439C3-12AF-48C9-B7B2-84BC16893027}.Test|Any CPU.ActiveCfg = Test|Any CPU
		{62C439C3-12AF-48C9-B7B2-84BC16893027}.Test|Any CPU.Build.0 = Test|Any CPU
		{62C439C3-12AF-48C9-B7B2-84BC16893027}.Test|ARM.ActiveCfg = Test|Any CPU
		{62C439C3-12AF-48C9-B7B2-84BC16893027}.Test|ARM.Build.0 = Test|Any CPU
		{62C439C3-12AF-48C9-B7B2-84BC16893027}.Test|iPhone.ActiveCfg = Test|Any CPU
		{62C439C3-12AF-48C9-B7B2-84BC16893027}.Test|iPhone.Build.0 = Test|Any CPU
		{62C439C3-12AF-48C9-B7B2-84BC16893027}.Test|iPhoneSimulator.ActiveCfg = Test|Any CPU
		{62C439C3-12AF-48C9-B7B2-84BC16893027}.Test|iPhoneSimulator.Build.0 = Test|Any CPU
		{62C439C3-12AF-48C9-B7B2-84BC16893027}.Test|x86.ActiveCfg = Test|Any CPU
		{62C439C3-12AF-48C9-B7B2-84BC16893027}.Test|x86.Build.0 = Test|Any CPU
		{D1766F08-A347-4694-97CF-8AAA5749B6B2}.Debug|Any CPU.ActiveCfg = Debug|Any CPU
		{D1766F08-A347-4694-97CF-8AAA5749B6B2}.Debug|Any CPU.Build.0 = Debug|Any CPU
		{D1766F08-A347-4694-97CF-8AAA5749B6B2}.Debug|ARM.ActiveCfg = Debug|Any CPU
		{D1766F08-A347-4694-97CF-8AAA5749B6B2}.Debug|ARM.Build.0 = Debug|Any CPU
		{D1766F08-A347-4694-97CF-8AAA5749B6B2}.Debug|iPhone.ActiveCfg = Debug|Any CPU
		{D1766F08-A347-4694-97CF-8AAA5749B6B2}.Debug|iPhone.Build.0 = Debug|Any CPU
		{D1766F08-A347-4694-97CF-8AAA5749B6B2}.Debug|iPhoneSimulator.ActiveCfg = Debug|Any CPU
		{D1766F08-A347-4694-97CF-8AAA5749B6B2}.Debug|iPhoneSimulator.Build.0 = Debug|Any CPU
		{D1766F08-A347-4694-97CF-8AAA5749B6B2}.Debug|x86.ActiveCfg = Debug|Any CPU
		{D1766F08-A347-4694-97CF-8AAA5749B6B2}.Debug|x86.Build.0 = Debug|Any CPU
		{D1766F08-A347-4694-97CF-8AAA5749B6B2}.Release|Any CPU.ActiveCfg = Release|Any CPU
		{D1766F08-A347-4694-97CF-8AAA5749B6B2}.Release|Any CPU.Build.0 = Release|Any CPU
		{D1766F08-A347-4694-97CF-8AAA5749B6B2}.Release|ARM.ActiveCfg = Release|Any CPU
		{D1766F08-A347-4694-97CF-8AAA5749B6B2}.Release|ARM.Build.0 = Release|Any CPU
		{D1766F08-A347-4694-97CF-8AAA5749B6B2}.Release|iPhone.ActiveCfg = Release|Any CPU
		{D1766F08-A347-4694-97CF-8AAA5749B6B2}.Release|iPhone.Build.0 = Release|Any CPU
		{D1766F08-A347-4694-97CF-8AAA5749B6B2}.Release|iPhoneSimulator.ActiveCfg = Release|Any CPU
		{D1766F08-A347-4694-97CF-8AAA5749B6B2}.Release|iPhoneSimulator.Build.0 = Release|Any CPU
		{D1766F08-A347-4694-97CF-8AAA5749B6B2}.Release|x86.ActiveCfg = Release|Any CPU
		{D1766F08-A347-4694-97CF-8AAA5749B6B2}.Release|x86.Build.0 = Release|Any CPU
		{D1766F08-A347-4694-97CF-8AAA5749B6B2}.Test|Any CPU.ActiveCfg = Test|Any CPU
		{D1766F08-A347-4694-97CF-8AAA5749B6B2}.Test|Any CPU.Build.0 = Test|Any CPU
		{D1766F08-A347-4694-97CF-8AAA5749B6B2}.Test|ARM.ActiveCfg = Test|Any CPU
		{D1766F08-A347-4694-97CF-8AAA5749B6B2}.Test|ARM.Build.0 = Test|Any CPU
		{D1766F08-A347-4694-97CF-8AAA5749B6B2}.Test|iPhone.ActiveCfg = Test|Any CPU
		{D1766F08-A347-4694-97CF-8AAA5749B6B2}.Test|iPhone.Build.0 = Test|Any CPU
		{D1766F08-A347-4694-97CF-8AAA5749B6B2}.Test|iPhoneSimulator.ActiveCfg = Test|Any CPU
		{D1766F08-A347-4694-97CF-8AAA5749B6B2}.Test|iPhoneSimulator.Build.0 = Test|Any CPU
		{D1766F08-A347-4694-97CF-8AAA5749B6B2}.Test|x86.ActiveCfg = Test|Any CPU
		{D1766F08-A347-4694-97CF-8AAA5749B6B2}.Test|x86.Build.0 = Test|Any CPU
		{903C7CD3-93D3-46D3-993B-FA40EEA0BF93}.Debug|Any CPU.ActiveCfg = Debug|Any CPU
		{903C7CD3-93D3-46D3-993B-FA40EEA0BF93}.Debug|Any CPU.Build.0 = Debug|Any CPU
		{903C7CD3-93D3-46D3-993B-FA40EEA0BF93}.Debug|ARM.ActiveCfg = Debug|Any CPU
		{903C7CD3-93D3-46D3-993B-FA40EEA0BF93}.Debug|ARM.Build.0 = Debug|Any CPU
		{903C7CD3-93D3-46D3-993B-FA40EEA0BF93}.Debug|iPhone.ActiveCfg = Debug|Any CPU
		{903C7CD3-93D3-46D3-993B-FA40EEA0BF93}.Debug|iPhone.Build.0 = Debug|Any CPU
		{903C7CD3-93D3-46D3-993B-FA40EEA0BF93}.Debug|iPhoneSimulator.ActiveCfg = Debug|Any CPU
		{903C7CD3-93D3-46D3-993B-FA40EEA0BF93}.Debug|iPhoneSimulator.Build.0 = Debug|Any CPU
		{903C7CD3-93D3-46D3-993B-FA40EEA0BF93}.Debug|x86.ActiveCfg = Debug|Any CPU
		{903C7CD3-93D3-46D3-993B-FA40EEA0BF93}.Debug|x86.Build.0 = Debug|Any CPU
		{903C7CD3-93D3-46D3-993B-FA40EEA0BF93}.Release|Any CPU.ActiveCfg = Release|Any CPU
		{903C7CD3-93D3-46D3-993B-FA40EEA0BF93}.Release|Any CPU.Build.0 = Release|Any CPU
		{903C7CD3-93D3-46D3-993B-FA40EEA0BF93}.Release|ARM.ActiveCfg = Release|Any CPU
		{903C7CD3-93D3-46D3-993B-FA40EEA0BF93}.Release|ARM.Build.0 = Release|Any CPU
		{903C7CD3-93D3-46D3-993B-FA40EEA0BF93}.Release|iPhone.ActiveCfg = Release|Any CPU
		{903C7CD3-93D3-46D3-993B-FA40EEA0BF93}.Release|iPhone.Build.0 = Release|Any CPU
		{903C7CD3-93D3-46D3-993B-FA40EEA0BF93}.Release|iPhoneSimulator.ActiveCfg = Release|Any CPU
		{903C7CD3-93D3-46D3-993B-FA40EEA0BF93}.Release|iPhoneSimulator.Build.0 = Release|Any CPU
		{903C7CD3-93D3-46D3-993B-FA40EEA0BF93}.Release|x86.ActiveCfg = Release|Any CPU
		{903C7CD3-93D3-46D3-993B-FA40EEA0BF93}.Release|x86.Build.0 = Release|Any CPU
		{903C7CD3-93D3-46D3-993B-FA40EEA0BF93}.Test|Any CPU.ActiveCfg = Test|Any CPU
		{903C7CD3-93D3-46D3-993B-FA40EEA0BF93}.Test|Any CPU.Build.0 = Test|Any CPU
		{903C7CD3-93D3-46D3-993B-FA40EEA0BF93}.Test|ARM.ActiveCfg = Test|Any CPU
		{903C7CD3-93D3-46D3-993B-FA40EEA0BF93}.Test|ARM.Build.0 = Test|Any CPU
		{903C7CD3-93D3-46D3-993B-FA40EEA0BF93}.Test|iPhone.ActiveCfg = Test|Any CPU
		{903C7CD3-93D3-46D3-993B-FA40EEA0BF93}.Test|iPhone.Build.0 = Test|Any CPU
		{903C7CD3-93D3-46D3-993B-FA40EEA0BF93}.Test|iPhoneSimulator.ActiveCfg = Test|Any CPU
		{903C7CD3-93D3-46D3-993B-FA40EEA0BF93}.Test|iPhoneSimulator.Build.0 = Test|Any CPU
		{903C7CD3-93D3-46D3-993B-FA40EEA0BF93}.Test|x86.ActiveCfg = Test|Any CPU
		{903C7CD3-93D3-46D3-993B-FA40EEA0BF93}.Test|x86.Build.0 = Test|Any CPU
		{3227FEA6-40AB-4E1B-A371-B9FB08F6FA57}.Debug|Any CPU.ActiveCfg = Debug|Any CPU
		{3227FEA6-40AB-4E1B-A371-B9FB08F6FA57}.Debug|Any CPU.Build.0 = Debug|Any CPU
		{3227FEA6-40AB-4E1B-A371-B9FB08F6FA57}.Debug|ARM.ActiveCfg = Debug|Any CPU
		{3227FEA6-40AB-4E1B-A371-B9FB08F6FA57}.Debug|ARM.Build.0 = Debug|Any CPU
		{3227FEA6-40AB-4E1B-A371-B9FB08F6FA57}.Debug|iPhone.ActiveCfg = Debug|Any CPU
		{3227FEA6-40AB-4E1B-A371-B9FB08F6FA57}.Debug|iPhone.Build.0 = Debug|Any CPU
		{3227FEA6-40AB-4E1B-A371-B9FB08F6FA57}.Debug|iPhoneSimulator.ActiveCfg = Debug|Any CPU
		{3227FEA6-40AB-4E1B-A371-B9FB08F6FA57}.Debug|iPhoneSimulator.Build.0 = Debug|Any CPU
		{3227FEA6-40AB-4E1B-A371-B9FB08F6FA57}.Debug|x86.ActiveCfg = Debug|Any CPU
		{3227FEA6-40AB-4E1B-A371-B9FB08F6FA57}.Debug|x86.Build.0 = Debug|Any CPU
		{3227FEA6-40AB-4E1B-A371-B9FB08F6FA57}.Release|Any CPU.ActiveCfg = Release|Any CPU
		{3227FEA6-40AB-4E1B-A371-B9FB08F6FA57}.Release|Any CPU.Build.0 = Release|Any CPU
		{3227FEA6-40AB-4E1B-A371-B9FB08F6FA57}.Release|ARM.ActiveCfg = Release|Any CPU
		{3227FEA6-40AB-4E1B-A371-B9FB08F6FA57}.Release|ARM.Build.0 = Release|Any CPU
		{3227FEA6-40AB-4E1B-A371-B9FB08F6FA57}.Release|iPhone.ActiveCfg = Release|Any CPU
		{3227FEA6-40AB-4E1B-A371-B9FB08F6FA57}.Release|iPhone.Build.0 = Release|Any CPU
		{3227FEA6-40AB-4E1B-A371-B9FB08F6FA57}.Release|iPhoneSimulator.ActiveCfg = Release|Any CPU
		{3227FEA6-40AB-4E1B-A371-B9FB08F6FA57}.Release|iPhoneSimulator.Build.0 = Release|Any CPU
		{3227FEA6-40AB-4E1B-A371-B9FB08F6FA57}.Release|x86.ActiveCfg = Release|Any CPU
		{3227FEA6-40AB-4E1B-A371-B9FB08F6FA57}.Release|x86.Build.0 = Release|Any CPU
		{3227FEA6-40AB-4E1B-A371-B9FB08F6FA57}.Test|Any CPU.ActiveCfg = Test|Any CPU
		{3227FEA6-40AB-4E1B-A371-B9FB08F6FA57}.Test|Any CPU.Build.0 = Test|Any CPU
		{3227FEA6-40AB-4E1B-A371-B9FB08F6FA57}.Test|ARM.ActiveCfg = Test|Any CPU
		{3227FEA6-40AB-4E1B-A371-B9FB08F6FA57}.Test|ARM.Build.0 = Test|Any CPU
		{3227FEA6-40AB-4E1B-A371-B9FB08F6FA57}.Test|iPhone.ActiveCfg = Test|Any CPU
		{3227FEA6-40AB-4E1B-A371-B9FB08F6FA57}.Test|iPhone.Build.0 = Test|Any CPU
		{3227FEA6-40AB-4E1B-A371-B9FB08F6FA57}.Test|iPhoneSimulator.ActiveCfg = Test|Any CPU
		{3227FEA6-40AB-4E1B-A371-B9FB08F6FA57}.Test|iPhoneSimulator.Build.0 = Test|Any CPU
		{3227FEA6-40AB-4E1B-A371-B9FB08F6FA57}.Test|x86.ActiveCfg = Test|Any CPU
		{3227FEA6-40AB-4E1B-A371-B9FB08F6FA57}.Test|x86.Build.0 = Test|Any CPU
		{0E9D236A-18F7-46A1-A591-418D14EEE0A3}.Debug|Any CPU.ActiveCfg = Debug|Any CPU
		{0E9D236A-18F7-46A1-A591-418D14EEE0A3}.Debug|Any CPU.Build.0 = Debug|Any CPU
		{0E9D236A-18F7-46A1-A591-418D14EEE0A3}.Debug|ARM.ActiveCfg = Debug|Any CPU
		{0E9D236A-18F7-46A1-A591-418D14EEE0A3}.Debug|ARM.Build.0 = Debug|Any CPU
		{0E9D236A-18F7-46A1-A591-418D14EEE0A3}.Debug|iPhone.ActiveCfg = Debug|Any CPU
		{0E9D236A-18F7-46A1-A591-418D14EEE0A3}.Debug|iPhone.Build.0 = Debug|Any CPU
		{0E9D236A-18F7-46A1-A591-418D14EEE0A3}.Debug|iPhoneSimulator.ActiveCfg = Debug|Any CPU
		{0E9D236A-18F7-46A1-A591-418D14EEE0A3}.Debug|iPhoneSimulator.Build.0 = Debug|Any CPU
		{0E9D236A-18F7-46A1-A591-418D14EEE0A3}.Debug|x86.ActiveCfg = Debug|Any CPU
		{0E9D236A-18F7-46A1-A591-418D14EEE0A3}.Debug|x86.Build.0 = Debug|Any CPU
		{0E9D236A-18F7-46A1-A591-418D14EEE0A3}.Release|Any CPU.ActiveCfg = Release|Any CPU
		{0E9D236A-18F7-46A1-A591-418D14EEE0A3}.Release|Any CPU.Build.0 = Release|Any CPU
		{0E9D236A-18F7-46A1-A591-418D14EEE0A3}.Release|ARM.ActiveCfg = Release|Any CPU
		{0E9D236A-18F7-46A1-A591-418D14EEE0A3}.Release|ARM.Build.0 = Release|Any CPU
		{0E9D236A-18F7-46A1-A591-418D14EEE0A3}.Release|iPhone.ActiveCfg = Release|Any CPU
		{0E9D236A-18F7-46A1-A591-418D14EEE0A3}.Release|iPhone.Build.0 = Release|Any CPU
		{0E9D236A-18F7-46A1-A591-418D14EEE0A3}.Release|iPhoneSimulator.ActiveCfg = Release|Any CPU
		{0E9D236A-18F7-46A1-A591-418D14EEE0A3}.Release|iPhoneSimulator.Build.0 = Release|Any CPU
		{0E9D236A-18F7-46A1-A591-418D14EEE0A3}.Release|x86.ActiveCfg = Release|Any CPU
		{0E9D236A-18F7-46A1-A591-418D14EEE0A3}.Release|x86.Build.0 = Release|Any CPU
		{0E9D236A-18F7-46A1-A591-418D14EEE0A3}.Test|Any CPU.ActiveCfg = Test|Any CPU
		{0E9D236A-18F7-46A1-A591-418D14EEE0A3}.Test|Any CPU.Build.0 = Test|Any CPU
		{0E9D236A-18F7-46A1-A591-418D14EEE0A3}.Test|ARM.ActiveCfg = Test|Any CPU
		{0E9D236A-18F7-46A1-A591-418D14EEE0A3}.Test|ARM.Build.0 = Test|Any CPU
		{0E9D236A-18F7-46A1-A591-418D14EEE0A3}.Test|iPhone.ActiveCfg = Test|Any CPU
		{0E9D236A-18F7-46A1-A591-418D14EEE0A3}.Test|iPhone.Build.0 = Test|Any CPU
		{0E9D236A-18F7-46A1-A591-418D14EEE0A3}.Test|iPhoneSimulator.ActiveCfg = Test|Any CPU
		{0E9D236A-18F7-46A1-A591-418D14EEE0A3}.Test|iPhoneSimulator.Build.0 = Test|Any CPU
		{0E9D236A-18F7-46A1-A591-418D14EEE0A3}.Test|x86.ActiveCfg = Test|Any CPU
		{0E9D236A-18F7-46A1-A591-418D14EEE0A3}.Test|x86.Build.0 = Test|Any CPU
		{11EBF4C6-4475-47DD-9008-0DE0607DD723}.Debug|Any CPU.ActiveCfg = Debug|Any CPU
		{11EBF4C6-4475-47DD-9008-0DE0607DD723}.Debug|Any CPU.Build.0 = Debug|Any CPU
		{11EBF4C6-4475-47DD-9008-0DE0607DD723}.Debug|ARM.ActiveCfg = Debug|Any CPU
		{11EBF4C6-4475-47DD-9008-0DE0607DD723}.Debug|ARM.Build.0 = Debug|Any CPU
		{11EBF4C6-4475-47DD-9008-0DE0607DD723}.Debug|iPhone.ActiveCfg = Debug|Any CPU
		{11EBF4C6-4475-47DD-9008-0DE0607DD723}.Debug|iPhone.Build.0 = Debug|Any CPU
		{11EBF4C6-4475-47DD-9008-0DE0607DD723}.Debug|iPhoneSimulator.ActiveCfg = Debug|Any CPU
		{11EBF4C6-4475-47DD-9008-0DE0607DD723}.Debug|iPhoneSimulator.Build.0 = Debug|Any CPU
		{11EBF4C6-4475-47DD-9008-0DE0607DD723}.Debug|x86.ActiveCfg = Debug|Any CPU
		{11EBF4C6-4475-47DD-9008-0DE0607DD723}.Debug|x86.Build.0 = Debug|Any CPU
		{11EBF4C6-4475-47DD-9008-0DE0607DD723}.Release|Any CPU.ActiveCfg = Release|Any CPU
		{11EBF4C6-4475-47DD-9008-0DE0607DD723}.Release|Any CPU.Build.0 = Release|Any CPU
		{11EBF4C6-4475-47DD-9008-0DE0607DD723}.Release|ARM.ActiveCfg = Release|Any CPU
		{11EBF4C6-4475-47DD-9008-0DE0607DD723}.Release|ARM.Build.0 = Release|Any CPU
		{11EBF4C6-4475-47DD-9008-0DE0607DD723}.Release|iPhone.ActiveCfg = Release|Any CPU
		{11EBF4C6-4475-47DD-9008-0DE0607DD723}.Release|iPhone.Build.0 = Release|Any CPU
		{11EBF4C6-4475-47DD-9008-0DE0607DD723}.Release|iPhoneSimulator.ActiveCfg = Release|Any CPU
		{11EBF4C6-4475-47DD-9008-0DE0607DD723}.Release|iPhoneSimulator.Build.0 = Release|Any CPU
		{11EBF4C6-4475-47DD-9008-0DE0607DD723}.Release|x86.ActiveCfg = Release|Any CPU
		{11EBF4C6-4475-47DD-9008-0DE0607DD723}.Release|x86.Build.0 = Release|Any CPU
		{11EBF4C6-4475-47DD-9008-0DE0607DD723}.Test|Any CPU.ActiveCfg = Test|Any CPU
		{11EBF4C6-4475-47DD-9008-0DE0607DD723}.Test|Any CPU.Build.0 = Test|Any CPU
		{11EBF4C6-4475-47DD-9008-0DE0607DD723}.Test|ARM.ActiveCfg = Test|Any CPU
		{11EBF4C6-4475-47DD-9008-0DE0607DD723}.Test|ARM.Build.0 = Test|Any CPU
		{11EBF4C6-4475-47DD-9008-0DE0607DD723}.Test|iPhone.ActiveCfg = Test|Any CPU
		{11EBF4C6-4475-47DD-9008-0DE0607DD723}.Test|iPhone.Build.0 = Test|Any CPU
		{11EBF4C6-4475-47DD-9008-0DE0607DD723}.Test|iPhoneSimulator.ActiveCfg = Test|Any CPU
		{11EBF4C6-4475-47DD-9008-0DE0607DD723}.Test|iPhoneSimulator.Build.0 = Test|Any CPU
		{11EBF4C6-4475-47DD-9008-0DE0607DD723}.Test|x86.ActiveCfg = Test|Any CPU
		{11EBF4C6-4475-47DD-9008-0DE0607DD723}.Test|x86.Build.0 = Test|Any CPU
		{4B09DC69-8A16-4029-B5DA-0E494451F9BF}.Debug|Any CPU.ActiveCfg = Debug|Any CPU
		{4B09DC69-8A16-4029-B5DA-0E494451F9BF}.Debug|Any CPU.Build.0 = Debug|Any CPU
		{4B09DC69-8A16-4029-B5DA-0E494451F9BF}.Debug|ARM.ActiveCfg = Debug|Any CPU
		{4B09DC69-8A16-4029-B5DA-0E494451F9BF}.Debug|ARM.Build.0 = Debug|Any CPU
		{4B09DC69-8A16-4029-B5DA-0E494451F9BF}.Debug|iPhone.ActiveCfg = Debug|Any CPU
		{4B09DC69-8A16-4029-B5DA-0E494451F9BF}.Debug|iPhone.Build.0 = Debug|Any CPU
		{4B09DC69-8A16-4029-B5DA-0E494451F9BF}.Debug|iPhoneSimulator.ActiveCfg = Debug|Any CPU
		{4B09DC69-8A16-4029-B5DA-0E494451F9BF}.Debug|iPhoneSimulator.Build.0 = Debug|Any CPU
		{4B09DC69-8A16-4029-B5DA-0E494451F9BF}.Debug|x86.ActiveCfg = Debug|Any CPU
		{4B09DC69-8A16-4029-B5DA-0E494451F9BF}.Debug|x86.Build.0 = Debug|Any CPU
		{4B09DC69-8A16-4029-B5DA-0E494451F9BF}.Release|Any CPU.ActiveCfg = Release|Any CPU
		{4B09DC69-8A16-4029-B5DA-0E494451F9BF}.Release|Any CPU.Build.0 = Release|Any CPU
		{4B09DC69-8A16-4029-B5DA-0E494451F9BF}.Release|ARM.ActiveCfg = Release|Any CPU
		{4B09DC69-8A16-4029-B5DA-0E494451F9BF}.Release|ARM.Build.0 = Release|Any CPU
		{4B09DC69-8A16-4029-B5DA-0E494451F9BF}.Release|iPhone.ActiveCfg = Release|Any CPU
		{4B09DC69-8A16-4029-B5DA-0E494451F9BF}.Release|iPhone.Build.0 = Release|Any CPU
		{4B09DC69-8A16-4029-B5DA-0E494451F9BF}.Release|iPhoneSimulator.ActiveCfg = Release|Any CPU
		{4B09DC69-8A16-4029-B5DA-0E494451F9BF}.Release|iPhoneSimulator.Build.0 = Release|Any CPU
		{4B09DC69-8A16-4029-B5DA-0E494451F9BF}.Release|x86.ActiveCfg = Release|Any CPU
		{4B09DC69-8A16-4029-B5DA-0E494451F9BF}.Release|x86.Build.0 = Release|Any CPU
		{4B09DC69-8A16-4029-B5DA-0E494451F9BF}.Test|Any CPU.ActiveCfg = Release|Any CPU
		{4B09DC69-8A16-4029-B5DA-0E494451F9BF}.Test|Any CPU.Build.0 = Release|Any CPU
		{4B09DC69-8A16-4029-B5DA-0E494451F9BF}.Test|ARM.ActiveCfg = Release|Any CPU
		{4B09DC69-8A16-4029-B5DA-0E494451F9BF}.Test|ARM.Build.0 = Release|Any CPU
		{4B09DC69-8A16-4029-B5DA-0E494451F9BF}.Test|iPhone.ActiveCfg = Release|Any CPU
		{4B09DC69-8A16-4029-B5DA-0E494451F9BF}.Test|iPhone.Build.0 = Release|Any CPU
		{4B09DC69-8A16-4029-B5DA-0E494451F9BF}.Test|iPhoneSimulator.ActiveCfg = Release|Any CPU
		{4B09DC69-8A16-4029-B5DA-0E494451F9BF}.Test|iPhoneSimulator.Build.0 = Release|Any CPU
		{4B09DC69-8A16-4029-B5DA-0E494451F9BF}.Test|x86.ActiveCfg = Release|Any CPU
		{4B09DC69-8A16-4029-B5DA-0E494451F9BF}.Test|x86.Build.0 = Release|Any CPU
		{E84A8D3E-4FB5-4A76-B8F3-74F5BEEDDEB3}.Debug|Any CPU.ActiveCfg = Debug|Any CPU
		{E84A8D3E-4FB5-4A76-B8F3-74F5BEEDDEB3}.Debug|Any CPU.Build.0 = Debug|Any CPU
		{E84A8D3E-4FB5-4A76-B8F3-74F5BEEDDEB3}.Debug|Any CPU.Deploy.0 = Debug|Any CPU
		{E84A8D3E-4FB5-4A76-B8F3-74F5BEEDDEB3}.Debug|ARM.ActiveCfg = Debug|Any CPU
		{E84A8D3E-4FB5-4A76-B8F3-74F5BEEDDEB3}.Debug|ARM.Build.0 = Debug|Any CPU
		{E84A8D3E-4FB5-4A76-B8F3-74F5BEEDDEB3}.Debug|ARM.Deploy.0 = Debug|Any CPU
		{E84A8D3E-4FB5-4A76-B8F3-74F5BEEDDEB3}.Debug|iPhone.ActiveCfg = Debug|Any CPU
		{E84A8D3E-4FB5-4A76-B8F3-74F5BEEDDEB3}.Debug|iPhone.Build.0 = Debug|Any CPU
		{E84A8D3E-4FB5-4A76-B8F3-74F5BEEDDEB3}.Debug|iPhone.Deploy.0 = Debug|Any CPU
		{E84A8D3E-4FB5-4A76-B8F3-74F5BEEDDEB3}.Debug|iPhoneSimulator.ActiveCfg = Debug|Any CPU
		{E84A8D3E-4FB5-4A76-B8F3-74F5BEEDDEB3}.Debug|iPhoneSimulator.Build.0 = Debug|Any CPU
		{E84A8D3E-4FB5-4A76-B8F3-74F5BEEDDEB3}.Debug|iPhoneSimulator.Deploy.0 = Debug|Any CPU
		{E84A8D3E-4FB5-4A76-B8F3-74F5BEEDDEB3}.Debug|x86.ActiveCfg = Debug|Any CPU
		{E84A8D3E-4FB5-4A76-B8F3-74F5BEEDDEB3}.Debug|x86.Build.0 = Debug|Any CPU
		{E84A8D3E-4FB5-4A76-B8F3-74F5BEEDDEB3}.Debug|x86.Deploy.0 = Debug|Any CPU
		{E84A8D3E-4FB5-4A76-B8F3-74F5BEEDDEB3}.Release|Any CPU.ActiveCfg = Release|Any CPU
		{E84A8D3E-4FB5-4A76-B8F3-74F5BEEDDEB3}.Release|Any CPU.Build.0 = Release|Any CPU
		{E84A8D3E-4FB5-4A76-B8F3-74F5BEEDDEB3}.Release|Any CPU.Deploy.0 = Release|Any CPU
		{E84A8D3E-4FB5-4A76-B8F3-74F5BEEDDEB3}.Release|ARM.ActiveCfg = Release|Any CPU
		{E84A8D3E-4FB5-4A76-B8F3-74F5BEEDDEB3}.Release|ARM.Build.0 = Release|Any CPU
		{E84A8D3E-4FB5-4A76-B8F3-74F5BEEDDEB3}.Release|ARM.Deploy.0 = Release|Any CPU
		{E84A8D3E-4FB5-4A76-B8F3-74F5BEEDDEB3}.Release|iPhone.ActiveCfg = Release|Any CPU
		{E84A8D3E-4FB5-4A76-B8F3-74F5BEEDDEB3}.Release|iPhone.Build.0 = Release|Any CPU
		{E84A8D3E-4FB5-4A76-B8F3-74F5BEEDDEB3}.Release|iPhone.Deploy.0 = Release|Any CPU
		{E84A8D3E-4FB5-4A76-B8F3-74F5BEEDDEB3}.Release|iPhoneSimulator.ActiveCfg = Release|Any CPU
		{E84A8D3E-4FB5-4A76-B8F3-74F5BEEDDEB3}.Release|iPhoneSimulator.Build.0 = Release|Any CPU
		{E84A8D3E-4FB5-4A76-B8F3-74F5BEEDDEB3}.Release|iPhoneSimulator.Deploy.0 = Release|Any CPU
		{E84A8D3E-4FB5-4A76-B8F3-74F5BEEDDEB3}.Release|x86.ActiveCfg = Release|Any CPU
		{E84A8D3E-4FB5-4A76-B8F3-74F5BEEDDEB3}.Release|x86.Build.0 = Release|Any CPU
		{E84A8D3E-4FB5-4A76-B8F3-74F5BEEDDEB3}.Release|x86.Deploy.0 = Release|Any CPU
		{E84A8D3E-4FB5-4A76-B8F3-74F5BEEDDEB3}.Test|Any CPU.ActiveCfg = Test|Any CPU
		{E84A8D3E-4FB5-4A76-B8F3-74F5BEEDDEB3}.Test|Any CPU.Build.0 = Test|Any CPU
		{E84A8D3E-4FB5-4A76-B8F3-74F5BEEDDEB3}.Test|ARM.ActiveCfg = Test|Any CPU
		{E84A8D3E-4FB5-4A76-B8F3-74F5BEEDDEB3}.Test|ARM.Build.0 = Test|Any CPU
		{E84A8D3E-4FB5-4A76-B8F3-74F5BEEDDEB3}.Test|ARM.Deploy.0 = Test|Any CPU
		{E84A8D3E-4FB5-4A76-B8F3-74F5BEEDDEB3}.Test|iPhone.ActiveCfg = Test|Any CPU
		{E84A8D3E-4FB5-4A76-B8F3-74F5BEEDDEB3}.Test|iPhone.Build.0 = Test|Any CPU
		{E84A8D3E-4FB5-4A76-B8F3-74F5BEEDDEB3}.Test|iPhone.Deploy.0 = Test|Any CPU
		{E84A8D3E-4FB5-4A76-B8F3-74F5BEEDDEB3}.Test|iPhoneSimulator.ActiveCfg = Test|Any CPU
		{E84A8D3E-4FB5-4A76-B8F3-74F5BEEDDEB3}.Test|iPhoneSimulator.Build.0 = Test|Any CPU
		{E84A8D3E-4FB5-4A76-B8F3-74F5BEEDDEB3}.Test|iPhoneSimulator.Deploy.0 = Test|Any CPU
		{E84A8D3E-4FB5-4A76-B8F3-74F5BEEDDEB3}.Test|x86.ActiveCfg = Test|Any CPU
		{E84A8D3E-4FB5-4A76-B8F3-74F5BEEDDEB3}.Test|x86.Build.0 = Test|Any CPU
		{E84A8D3E-4FB5-4A76-B8F3-74F5BEEDDEB3}.Test|x86.Deploy.0 = Test|Any CPU
	EndGlobalSection
	GlobalSection(SolutionProperties) = preSolution
		HideSolutionNode = FALSE
	EndGlobalSection
	GlobalSection(NestedProjects) = preSolution
		{D8277430-A582-4E04-B474-A48C4A90A313} = {A5AE60D1-75C7-4DC1-9A86-A9CB96EFACA1}
		{52408A94-78BD-4DD2-82A5-6F2388B088D3} = {A5AE60D1-75C7-4DC1-9A86-A9CB96EFACA1}
		{84E46F6D-1424-48B7-8966-B6FD6153FEE3} = {A5AE60D1-75C7-4DC1-9A86-A9CB96EFACA1}
		{EE36DD11-4F2C-4D9E-A8A7-7EC647B2AD9F} = {A5AE60D1-75C7-4DC1-9A86-A9CB96EFACA1}
		{4458D440-05CC-404B-A8E0-C717E7F4DCAB} = {92D9B48E-F939-40A8-8EDB-A50A37567A16}
		{AD9187BB-8707-49EF-B0AB-E39D55F84AA0} = {92D9B48E-F939-40A8-8EDB-A50A37567A16}
		{D59A4703-66EF-4AE1-AE35-5C2175ABEA88} = {92D9B48E-F939-40A8-8EDB-A50A37567A16}
		{CF957320-C8F6-4631-AEC8-E2F92C6A3BC4} = {92D9B48E-F939-40A8-8EDB-A50A37567A16}
		{A8CD4A6F-7D69-49A6-A4A8-D199DDC6E490} = {92D9B48E-F939-40A8-8EDB-A50A37567A16}
		{69A819D5-3037-4E56-90E4-A9EDFF41B88A} = {92D9B48E-F939-40A8-8EDB-A50A37567A16}
		{81C38E8C-036A-43FA-92C5-446BBCE6E656} = {92D9B48E-F939-40A8-8EDB-A50A37567A16}
		{FA9F282F-5BEA-4035-8C41-4FF8DDF24517} = {92D9B48E-F939-40A8-8EDB-A50A37567A16}
		{A7A41793-D1A8-4FF3-BAFD-207C43E73F32} = {92D9B48E-F939-40A8-8EDB-A50A37567A16}
		{E3722B2C-0EE1-4359-89D2-CD78BDDD59C7} = {92D9B48E-F939-40A8-8EDB-A50A37567A16}
		{5598F2AA-3792-47FC-A890-0200E1BA2558} = {92D9B48E-F939-40A8-8EDB-A50A37567A16}
		{8DDFFF0B-C890-4108-9EF1-FA4778AEF723} = {92D9B48E-F939-40A8-8EDB-A50A37567A16}
		{37CB1883-4CF9-4AC2-91E4-036D806657F2} = {4458D440-05CC-404B-A8E0-C717E7F4DCAB}
		{CC299297-365F-4643-A0B8-316C788A4EF7} = {4458D440-05CC-404B-A8E0-C717E7F4DCAB}
		{CFDCC102-7E3C-4E49-B438-ADE9D48F6615} = {4458D440-05CC-404B-A8E0-C717E7F4DCAB}
		{62C439C3-12AF-48C9-B7B2-84BC16893027} = {4458D440-05CC-404B-A8E0-C717E7F4DCAB}
		{D1766F08-A347-4694-97CF-8AAA5749B6B2} = {4458D440-05CC-404B-A8E0-C717E7F4DCAB}
		{903C7CD3-93D3-46D3-993B-FA40EEA0BF93} = {4458D440-05CC-404B-A8E0-C717E7F4DCAB}
		{3227FEA6-40AB-4E1B-A371-B9FB08F6FA57} = {4458D440-05CC-404B-A8E0-C717E7F4DCAB}
		{0E9D236A-18F7-46A1-A591-418D14EEE0A3} = {4458D440-05CC-404B-A8E0-C717E7F4DCAB}
		{11EBF4C6-4475-47DD-9008-0DE0607DD723} = {4458D440-05CC-404B-A8E0-C717E7F4DCAB}
		{4B09DC69-8A16-4029-B5DA-0E494451F9BF} = {4458D440-05CC-404B-A8E0-C717E7F4DCAB}
		{E84A8D3E-4FB5-4A76-B8F3-74F5BEEDDEB3} = {A5AE60D1-75C7-4DC1-9A86-A9CB96EFACA1}
	EndGlobalSection
EndGlobal
